{
    "format_version": "1.2",
    "terraform_version": "1.11.0",
    "planned_values": {
        "outputs": {
            "jaeger_ui_port_forward_command": {
                "sensitive": false,
                "type": "string",
                "value": "kubectl port-forward -n telemetry svc/jaeger-query 16686:16686"
            },
            "namespace": {
                "sensitive": false,
                "type": "string",
                "value": "telemetry"
            },
            "otel_collector_grpc_endpoint": {
                "sensitive": false,
                "type": "string",
                "value": "otel-collector.telemetry.svc.cluster.local:4317"
            },
            "otel_collector_http_endpoint": {
                "sensitive": false,
                "type": "string",
                "value": "otel-collector.telemetry.svc.cluster.local:4318"
            }
        },
        "root_module": {
            "child_modules": [
                {
                    "address": "module.telemetry",
                    "child_modules": [
                        {
                            "resources": [
                                {
                                    "address": "module.telemetry.module.namespace.kubernetes_namespace.this[0]",
                                    "mode": "managed",
                                    "type": "kubernetes_namespace",
                                    "name": "this",
                                    "index": 0,
                                    "provider_name": "registry.terraform.io/hashicorp/kubernetes",
                                    "schema_version": 0,
                                    "values": {
                                        "metadata": [
                                            {
                                                "annotations": null,
                                                "generate_name": null,
                                                "labels": {
                                                    "environment": "staging",
                                                    "managed-by": "terraform",
                                                    "project": "telemetry",
                                                    "team": "platform"
                                                },
                                                "name": "telemetry"
                                            }
                                        ],
                                        "timeouts": null,
                                        "wait_for_default_service_account": false
                                    },
                                    "sensitive_values": {
                                        "metadata": [
                                            {
                                                "labels": {}
                                            }
                                        ]
                                    }
                                }
                            ],
                            "address": "module.telemetry.module.namespace"
                        },
                        {
                            "resources": [
                                {
                                    "address": "module.telemetry.module.elasticsearch[0].kubernetes_config_map.elasticsearch",
                                    "mode": "managed",
                                    "type": "kubernetes_config_map",
                                    "name": "elasticsearch",
                                    "provider_name": "registry.terraform.io/hashicorp/kubernetes",
                                    "schema_version": 0,
                                    "values": {
                                        "binary_data": null,
                                        "data": {
                                            "elasticsearch.yml": "cluster.name: jaeger-cluster\nnetwork.host: 0.0.0.0\n      \n# Minimum nodes required for cluster formation\ndiscovery.seed_hosts: elasticsearch-0.elasticsearch.telemetry.svc.cluster.local\ncluster.initial_master_nodes: elasticsearch-0\n      \n# Disable security features for internal use\nxpack.security.enabled: false\nxpack.monitoring.enabled: true\n      \n# Performance and memory settings\nindices.memory.index_buffer_size: 30%\nindices.queries.cache.size: 10%\n      \n# Index lifecycle management\naction.auto_create_index: true\n      \n"
                                        },
                                        "immutable": null,
                                        "metadata": [
                                            {
                                                "annotations": null,
                                                "generate_name": null,
                                                "labels": {
                                                    "app": "elasticsearch",
                                                    "component": "storage",
                                                    "environment": "staging",
                                                    "managed-by": "terraform",
                                                    "part-of": "telemetry",
                                                    "project": "telemetry",
                                                    "team": "platform"
                                                },
                                                "name": "elasticsearch-config",
                                                "namespace": "telemetry"
                                            }
                                        ]
                                    },
                                    "sensitive_values": {
                                        "data": {},
                                        "metadata": [
                                            {
                                                "labels": {}
                                            }
                                        ]
                                    }
                                },
                                {
                                    "address": "module.telemetry.module.elasticsearch[0].kubernetes_cron_job_v1.index_cleanup",
                                    "mode": "managed",
                                    "type": "kubernetes_cron_job_v1",
                                    "name": "index_cleanup",
                                    "provider_name": "registry.terraform.io/hashicorp/kubernetes",
                                    "schema_version": 0,
                                    "values": {
                                        "metadata": [
                                            {
                                                "annotations": null,
                                                "generate_name": null,
                                                "labels": {
                                                    "app": "elasticsearch",
                                                    "component": "storage",
                                                    "environment": "staging",
                                                    "managed-by": "terraform",
                                                    "part-of": "telemetry",
                                                    "project": "telemetry",
                                                    "team": "platform"
                                                },
                                                "name": "elasticsearch-index-cleanup",
                                                "namespace": "telemetry"
                                            }
                                        ],
                                        "spec": [
                                            {
                                                "concurrency_policy": "Forbid",
                                                "failed_jobs_history_limit": 3,
                                                "job_template": [
                                                    {
                                                        "metadata": [
                                                            {
                                                                "annotations": null,
                                                                "generate_name": null,
                                                                "labels": {
                                                                    "app": "elasticsearch",
                                                                    "component": "storage",
                                                                    "environment": "staging",
                                                                    "managed-by": "terraform",
                                                                    "part-of": "telemetry",
                                                                    "project": "telemetry",
                                                                    "team": "platform"
                                                                },
                                                                "namespace": null
                                                            }
                                                        ],
                                                        "spec": [
                                                            {
                                                                "active_deadline_seconds": null,
                                                                "backoff_limit": 6,
                                                                "backoff_limit_per_index": null,
                                                                "completions": 1,
                                                                "manual_selector": null,
                                                                "max_failed_indexes": null,
                                                                "parallelism": 1,
                                                                "pod_failure_policy": [],
                                                                "template": [
                                                                    {
                                                                        "metadata": [
                                                                            {
                                                                                "annotations": null,
                                                                                "generate_name": null,
                                                                                "labels": {
                                                                                    "app": "elasticsearch",
                                                                                    "component": "storage",
                                                                                    "environment": "staging",
                                                                                    "managed-by": "terraform",
                                                                                    "part-of": "telemetry",
                                                                                    "project": "telemetry",
                                                                                    "team": "platform"
                                                                                }
                                                                            }
                                                                        ],
                                                                        "spec": [
                                                                            {
                                                                                "active_deadline_seconds": null,
                                                                                "affinity": [],
                                                                                "automount_service_account_token": true,
                                                                                "container": [
                                                                                    {
                                                                                        "args": null,
                                                                                        "command": [
                                                                                            "/bin/sh",
                                                                                            "-c",
                                                                                            "curator_cli \\\n  --host elasticsearch.telemetry.svc.cluster.local \\\n  --port 9200 \\\n  delete_indices \\\n  --filter_list '[{\"filtertype\":\"age\",\"source\":\"creation_date\",\"direction\":\"older\",\"unit\":\"days\",\"unit_count\":7},{\"filtertype\":\"pattern\",\"kind\":\"prefix\",\"value\":\"jaeger\"}]'\n"
                                                                                        ],
                                                                                        "env": [],
                                                                                        "env_from": [],
                                                                                        "image": "bitnami/elasticsearch-curator:5.8.4",
                                                                                        "lifecycle": [],
                                                                                        "liveness_probe": [],
                                                                                        "name": "curator",
                                                                                        "port": [],
                                                                                        "readiness_probe": [],
                                                                                        "security_context": [],
                                                                                        "startup_probe": [],
                                                                                        "stdin": false,
                                                                                        "stdin_once": false,
                                                                                        "termination_message_path": "/dev/termination-log",
                                                                                        "tty": false,
                                                                                        "volume_device": [],
                                                                                        "volume_mount": [],
                                                                                        "working_dir": null
                                                                                    }
                                                                                ],
                                                                                "dns_config": [],
                                                                                "dns_policy": "ClusterFirst",
                                                                                "enable_service_links": true,
                                                                                "host_aliases": [],
                                                                                "host_ipc": false,
                                                                                "host_network": false,
                                                                                "host_pid": false,
                                                                                "init_container": [],
                                                                                "node_selector": null,
                                                                                "os": [],
                                                                                "priority_class_name": null,
                                                                                "restart_policy": "OnFailure",
                                                                                "runtime_class_name": null,
                                                                                "security_context": [],
                                                                                "share_process_namespace": false,
                                                                                "subdomain": null,
                                                                                "termination_grace_period_seconds": 30,
                                                                                "toleration": [],
                                                                                "topology_spread_constraint": [],
                                                                                "volume": []
                                                                            }
                                                                        ]
                                                                    }
                                                                ],
                                                                "ttl_seconds_after_finished": null
                                                            }
                                                        ]
                                                    }
                                                ],
                                                "schedule": "0 2 * * *",
                                                "starting_deadline_seconds": 0,
                                                "successful_jobs_history_limit": 3,
                                                "suspend": false,
                                                "timezone": null
                                            }
                                        ],
                                        "timeouts": null
                                    },
                                    "sensitive_values": {
                                        "metadata": [
                                            {
                                                "labels": {}
                                            }
                                        ],
                                        "spec": [
                                            {
                                                "job_template": [
                                                    {
                                                        "metadata": [
                                                            {
                                                                "labels": {}
                                                            }
                                                        ],
                                                        "spec": [
                                                            {
                                                                "pod_failure_policy": [],
                                                                "selector": [],
                                                                "template": [
                                                                    {
                                                                        "metadata": [
                                                                            {
                                                                                "labels": {}
                                                                            }
                                                                        ],
                                                                        "spec": [
                                                                            {
                                                                                "affinity": [],
                                                                                "container": [
                                                                                    {
                                                                                        "command": [
                                                                                            false,
                                                                                            false,
                                                                                            false
                                                                                        ],
                                                                                        "env": [],
                                                                                        "env_from": [],
                                                                                        "lifecycle": [],
                                                                                        "liveness_probe": [],
                                                                                        "port": [],
                                                                                        "readiness_probe": [],
                                                                                        "resources": [],
                                                                                        "security_context": [],
                                                                                        "startup_probe": [],
                                                                                        "volume_device": [],
                                                                                        "volume_mount": []
                                                                                    }
                                                                                ],
                                                                                "dns_config": [],
                                                                                "host_aliases": [],
                                                                                "image_pull_secrets": [],
                                                                                "init_container": [],
                                                                                "os": [],
                                                                                "readiness_gate": [],
                                                                                "security_context": [],
                                                                                "toleration": [],
                                                                                "topology_spread_constraint": [],
                                                                                "volume": []
                                                                            }
                                                                        ]
                                                                    }
                                                                ]
                                                            }
                                                        ]
                                                    }
                                                ]
                                            }
                                        ]
                                    }
                                },
                                {
                                    "address": "module.telemetry.module.elasticsearch[0].kubernetes_pod_disruption_budget_v1.elasticsearch[0]",
                                    "mode": "managed",
                                    "type": "kubernetes_pod_disruption_budget_v1",
                                    "name": "elasticsearch",
                                    "index": 0,
                                    "provider_name": "registry.terraform.io/hashicorp/kubernetes",
                                    "schema_version": 0,
                                    "values": {
                                        "metadata": [
                                            {
                                                "annotations": null,
                                                "generate_name": null,
                                                "labels": {
                                                    "app": "elasticsearch",
                                                    "component": "storage",
                                                    "environment": "staging",
                                                    "managed-by": "terraform",
                                                    "part-of": "telemetry",
                                                    "project": "telemetry",
                                                    "team": "platform"
                                                },
                                                "name": "elasticsearch",
                                                "namespace": "telemetry"
                                            }
                                        ],
                                        "spec": [
                                            {
                                                "max_unavailable": null,
                                                "min_available": "1",
                                                "selector": [
                                                    {
                                                        "match_expressions": [],
                                                        "match_labels": {
                                                            "app": "elasticsearch"
                                                        }
                                                    }
                                                ]
                                            }
                                        ]
                                    },
                                    "sensitive_values": {
                                        "metadata": [
                                            {
                                                "labels": {}
                                            }
                                        ],
                                        "spec": [
                                            {
                                                "selector": [
                                                    {
                                                        "match_expressions": [],
                                                        "match_labels": {}
                                                    }
                                                ]
                                            }
                                        ]
                                    }
                                },
                                {
                                    "address": "module.telemetry.module.elasticsearch[0].kubernetes_service.elasticsearch",
                                    "mode": "managed",
                                    "type": "kubernetes_service",
                                    "name": "elasticsearch",
                                    "provider_name": "registry.terraform.io/hashicorp/kubernetes",
                                    "schema_version": 1,
                                    "values": {
                                        "metadata": [
                                            {
                                                "annotations": null,
                                                "generate_name": null,
                                                "labels": {
                                                    "app": "elasticsearch",
                                                    "component": "storage",
                                                    "environment": "staging",
                                                    "managed-by": "terraform",
                                                    "part-of": "telemetry",
                                                    "project": "telemetry",
                                                    "team": "platform"
                                                },
                                                "name": "elasticsearch",
                                                "namespace": "telemetry"
                                            }
                                        ],
                                        "spec": [
                                            {
                                                "allocate_load_balancer_node_ports": true,
                                                "cluster_ip": "None",
                                                "external_ips": null,
                                                "external_name": null,
                                                "load_balancer_class": null,
                                                "load_balancer_ip": null,
                                                "load_balancer_source_ranges": null,
                                                "port": [
                                                    {
                                                        "app_protocol": null,
                                                        "name": "http",
                                                        "port": 9200,
                                                        "protocol": "TCP",
                                                        "target_port": "9200"
                                                    },
                                                    {
                                                        "app_protocol": null,
                                                        "name": "transport",
                                                        "port": 9300,
                                                        "protocol": "TCP",
                                                        "target_port": "9300"
                                                    }
                                                ],
                                                "publish_not_ready_addresses": false,
                                                "selector": {
                                                    "app": "elasticsearch"
                                                },
                                                "session_affinity": "None",
                                                "type": "ClusterIP"
                                            }
                                        ],
                                        "timeouts": null,
                                        "wait_for_load_balancer": true
                                    },
                                    "sensitive_values": {
                                        "metadata": [
                                            {
                                                "labels": {}
                                            }
                                        ],
                                        "spec": [
                                            {
                                                "cluster_ips": [],
                                                "ip_families": [],
                                                "port": [
                                                    {},
                                                    {}
                                                ],
                                                "selector": {},
                                                "session_affinity_config": []
                                            }
                                        ],
                                        "status": []
                                    }
                                },
                                {
                                    "address": "module.telemetry.module.elasticsearch[0].kubernetes_stateful_set.elasticsearch",
                                    "mode": "managed",
                                    "type": "kubernetes_stateful_set",
                                    "name": "elasticsearch",
                                    "provider_name": "registry.terraform.io/hashicorp/kubernetes",
                                    "schema_version": 1,
                                    "values": {
                                        "metadata": [
                                            {
                                                "annotations": null,
                                                "generate_name": null,
                                                "labels": {
                                                    "app": "elasticsearch",
                                                    "component": "storage",
                                                    "environment": "staging",
                                                    "managed-by": "terraform",
                                                    "part-of": "telemetry",
                                                    "project": "telemetry",
                                                    "team": "platform"
                                                },
                                                "name": "elasticsearch",
                                                "namespace": "telemetry"
                                            }
                                        ],
                                        "spec": [
                                            {
                                                "min_ready_seconds": 0,
                                                "replicas": "2",
                                                "selector": [
                                                    {
                                                        "match_expressions": [],
                                                        "match_labels": {
                                                            "app": "elasticsearch"
                                                        }
                                                    }
                                                ],
                                                "service_name": "elasticsearch",
                                                "template": [
                                                    {
                                                        "metadata": [
                                                            {
                                                                "annotations": null,
                                                                "generate_name": null,
                                                                "labels": {
                                                                    "app": "elasticsearch",
                                                                    "component": "storage",
                                                                    "environment": "staging",
                                                                    "managed-by": "terraform",
                                                                    "part-of": "telemetry",
                                                                    "project": "telemetry",
                                                                    "team": "platform"
                                                                },
                                                                "namespace": null
                                                            }
                                                        ],
                                                        "spec": [
                                                            {
                                                                "active_deadline_seconds": null,
                                                                "affinity": [
                                                                    {
                                                                        "node_affinity": [],
                                                                        "pod_affinity": [],
                                                                        "pod_anti_affinity": [
                                                                            {
                                                                                "preferred_during_scheduling_ignored_during_execution": [
                                                                                    {
                                                                                        "pod_affinity_term": [
                                                                                            {
                                                                                                "label_selector": [
                                                                                                    {
                                                                                                        "match_expressions": [
                                                                                                            {
                                                                                                                "key": "app",
                                                                                                                "operator": "In",
                                                                                                                "values": [
                                                                                                                    "elasticsearch"
                                                                                                                ]
                                                                                                            }
                                                                                                        ],
                                                                                                        "match_labels": null
                                                                                                    }
                                                                                                ],
                                                                                                "namespace_selector": [],
                                                                                                "namespaces": null,
                                                                                                "topology_key": "kubernetes.io/hostname"
                                                                                            }
                                                                                        ],
                                                                                        "weight": 100
                                                                                    }
                                                                                ],
                                                                                "required_during_scheduling_ignored_during_execution": []
                                                                            }
                                                                        ]
                                                                    }
                                                                ],
                                                                "automount_service_account_token": true,
                                                                "container": [
                                                                    {
                                                                        "args": null,
                                                                        "command": null,
                                                                        "env": [
                                                                            {
                                                                                "name": "cluster.name",
                                                                                "value": "jaeger-cluster",
                                                                                "value_from": []
                                                                            },
                                                                            {
                                                                                "name": "node.name",
                                                                                "value": null,
                                                                                "value_from": [
                                                                                    {
                                                                                        "config_map_key_ref": [],
                                                                                        "field_ref": [
                                                                                            {
                                                                                                "api_version": "v1",
                                                                                                "field_path": "metadata.name"
                                                                                            }
                                                                                        ],
                                                                                        "resource_field_ref": [],
                                                                                        "secret_key_ref": []
                                                                                    }
                                                                                ]
                                                                            },
                                                                            {
                                                                                "name": "discovery.type",
                                                                                "value": "",
                                                                                "value_from": []
                                                                            },
                                                                            {
                                                                                "name": "ES_JAVA_OPTS",
                                                                                "value": "-Xms2Gi -Xmx4Gi",
                                                                                "value_from": []
                                                                            },
                                                                            {
                                                                                "name": "xpack.security.enabled",
                                                                                "value": "false",
                                                                                "value_from": []
                                                                            }
                                                                        ],
                                                                        "env_from": [],
                                                                        "image": "docker.elastic.co/elasticsearch/elasticsearch:8.12.0",
                                                                        "lifecycle": [],
                                                                        "liveness_probe": [
                                                                            {
                                                                                "exec": [],
                                                                                "failure_threshold": 3,
                                                                                "grpc": [],
                                                                                "http_get": [
                                                                                    {
                                                                                        "host": null,
                                                                                        "http_header": [],
                                                                                        "path": "/_cluster/health?local=true",
                                                                                        "port": "9200",
                                                                                        "scheme": "HTTP"
                                                                                    }
                                                                                ],
                                                                                "initial_delay_seconds": 90,
                                                                                "period_seconds": 30,
                                                                                "success_threshold": 1,
                                                                                "tcp_socket": [],
                                                                                "timeout_seconds": 10
                                                                            }
                                                                        ],
                                                                        "name": "elasticsearch",
                                                                        "port": [
                                                                            {
                                                                                "container_port": 9200,
                                                                                "host_ip": null,
                                                                                "host_port": null,
                                                                                "name": "http",
                                                                                "protocol": "TCP"
                                                                            },
                                                                            {
                                                                                "container_port": 9300,
                                                                                "host_ip": null,
                                                                                "host_port": null,
                                                                                "name": "transport",
                                                                                "protocol": "TCP"
                                                                            }
                                                                        ],
                                                                        "readiness_probe": [
                                                                            {
                                                                                "exec": [],
                                                                                "failure_threshold": 3,
                                                                                "grpc": [],
                                                                                "http_get": [
                                                                                    {
                                                                                        "host": null,
                                                                                        "http_header": [],
                                                                                        "path": "/_cluster/health?local=true",
                                                                                        "port": "9200",
                                                                                        "scheme": "HTTP"
                                                                                    }
                                                                                ],
                                                                                "initial_delay_seconds": 60,
                                                                                "period_seconds": 10,
                                                                                "success_threshold": 1,
                                                                                "tcp_socket": [],
                                                                                "timeout_seconds": 5
                                                                            }
                                                                        ],
                                                                        "resources": [
                                                                            {
                                                                                "limits": {
                                                                                    "cpu": "2000m",
                                                                                    "memory": "4Gi"
                                                                                },
                                                                                "requests": {
                                                                                    "cpu": "1000m",
                                                                                    "memory": "2Gi"
                                                                                }
                                                                            }
                                                                        ],
                                                                        "security_context": [],
                                                                        "startup_probe": [],
                                                                        "stdin": false,
                                                                        "stdin_once": false,
                                                                        "termination_message_path": "/dev/termination-log",
                                                                        "tty": false,
                                                                        "volume_device": [],
                                                                        "volume_mount": [
                                                                            {
                                                                                "mount_path": "/usr/share/elasticsearch/data",
                                                                                "mount_propagation": "None",
                                                                                "name": "data",
                                                                                "read_only": false,
                                                                                "sub_path": null,
                                                                                "sub_path_expr": null
                                                                            },
                                                                            {
                                                                                "mount_path": "/usr/share/elasticsearch/config/elasticsearch.yml",
                                                                                "mount_propagation": "None",
                                                                                "name": "config",
                                                                                "read_only": true,
                                                                                "sub_path": "elasticsearch.yml",
                                                                                "sub_path_expr": null
                                                                            }
                                                                        ],
                                                                        "working_dir": null
                                                                    }
                                                                ],
                                                                "dns_config": [],
                                                                "dns_policy": "ClusterFirst",
                                                                "enable_service_links": true,
                                                                "host_aliases": [],
                                                                "host_ipc": false,
                                                                "host_network": false,
                                                                "host_pid": false,
                                                                "init_container": [
                                                                    {
                                                                        "args": null,
                                                                        "command": [
                                                                            "sh",
                                                                            "-c",
                                                                            "chown -R 1000:1000 /usr/share/elasticsearch/data"
                                                                        ],
                                                                        "env": [],
                                                                        "env_from": [],
                                                                        "image": "busybox:1.36",
                                                                        "lifecycle": [],
                                                                        "liveness_probe": [],
                                                                        "name": "fix-permissions",
                                                                        "port": [],
                                                                        "readiness_probe": [],
                                                                        "security_context": [
                                                                            {
                                                                                "allow_privilege_escalation": true,
                                                                                "capabilities": [],
                                                                                "privileged": false,
                                                                                "read_only_root_filesystem": false,
                                                                                "run_as_group": null,
                                                                                "run_as_non_root": null,
                                                                                "run_as_user": "0",
                                                                                "se_linux_options": [],
                                                                                "seccomp_profile": []
                                                                            }
                                                                        ],
                                                                        "startup_probe": [],
                                                                        "stdin": false,
                                                                        "stdin_once": false,
                                                                        "termination_message_path": "/dev/termination-log",
                                                                        "tty": false,
                                                                        "volume_device": [],
                                                                        "volume_mount": [
                                                                            {
                                                                                "mount_path": "/usr/share/elasticsearch/data",
                                                                                "mount_propagation": "None",
                                                                                "name": "data",
                                                                                "read_only": false,
                                                                                "sub_path": null,
                                                                                "sub_path_expr": null
                                                                            }
                                                                        ],
                                                                        "working_dir": null
                                                                    },
                                                                    {
                                                                        "args": null,
                                                                        "command": [
                                                                            "sysctl",
                                                                            "-w",
                                                                            "vm.max_map_count=262144"
                                                                        ],
                                                                        "env": [],
                                                                        "env_from": [],
                                                                        "image": "busybox:1.36",
                                                                        "lifecycle": [],
                                                                        "liveness_probe": [],
                                                                        "name": "increase-vm-max-map",
                                                                        "port": [],
                                                                        "readiness_probe": [],
                                                                        "security_context": [
                                                                            {
                                                                                "allow_privilege_escalation": true,
                                                                                "capabilities": [],
                                                                                "privileged": true,
                                                                                "read_only_root_filesystem": false,
                                                                                "run_as_group": null,
                                                                                "run_as_non_root": null,
                                                                                "run_as_user": null,
                                                                                "se_linux_options": [],
                                                                                "seccomp_profile": []
                                                                            }
                                                                        ],
                                                                        "startup_probe": [],
                                                                        "stdin": false,
                                                                        "stdin_once": false,
                                                                        "termination_message_path": "/dev/termination-log",
                                                                        "tty": false,
                                                                        "volume_device": [],
                                                                        "volume_mount": [],
                                                                        "working_dir": null
                                                                    }
                                                                ],
                                                                "node_selector": {
                                                                    "telemetry": "true"
                                                                },
                                                                "os": [],
                                                                "priority_class_name": null,
                                                                "restart_policy": "Always",
                                                                "runtime_class_name": null,
                                                                "security_context": [],
                                                                "share_process_namespace": false,
                                                                "subdomain": null,
                                                                "termination_grace_period_seconds": 30,
                                                                "toleration": [],
                                                                "topology_spread_constraint": [],
                                                                "volume": [
                                                                    {
                                                                        "aws_elastic_block_store": [],
                                                                        "azure_disk": [],
                                                                        "azure_file": [],
                                                                        "ceph_fs": [],
                                                                        "cinder": [],
                                                                        "config_map": [
                                                                            {
                                                                                "default_mode": "0644",
                                                                                "items": [],
                                                                                "name": "elasticsearch-config",
                                                                                "optional": null
                                                                            }
                                                                        ],
                                                                        "csi": [],
                                                                        "downward_api": [],
                                                                        "empty_dir": [],
                                                                        "ephemeral": [],
                                                                        "fc": [],
                                                                        "flex_volume": [],
                                                                        "flocker": [],
                                                                        "gce_persistent_disk": [],
                                                                        "git_repo": [],
                                                                        "glusterfs": [],
                                                                        "host_path": [],
                                                                        "iscsi": [],
                                                                        "local": [],
                                                                        "name": "config",
                                                                        "nfs": [],
                                                                        "persistent_volume_claim": [],
                                                                        "photon_persistent_disk": [],
                                                                        "projected": [],
                                                                        "quobyte": [],
                                                                        "rbd": [],
                                                                        "secret": [],
                                                                        "vsphere_volume": []
                                                                    }
                                                                ]
                                                            }
                                                        ]
                                                    }
                                                ],
                                                "update_strategy": [
                                                    {
                                                        "rolling_update": [
                                                            {
                                                                "partition": 0
                                                            }
                                                        ],
                                                        "type": "RollingUpdate"
                                                    }
                                                ],
                                                "volume_claim_template": [
                                                    {
                                                        "metadata": [
                                                            {
                                                                "annotations": null,
                                                                "generate_name": null,
                                                                "labels": {
                                                                    "app": "elasticsearch",
                                                                    "component": "storage",
                                                                    "environment": "staging",
                                                                    "managed-by": "terraform",
                                                                    "part-of": "telemetry",
                                                                    "project": "telemetry",
                                                                    "team": "platform"
                                                                },
                                                                "name": "data",
                                                                "namespace": "default"
                                                            }
                                                        ],
                                                        "spec": [
                                                            {
                                                                "access_modes": [
                                                                    "ReadWriteOnce"
                                                                ],
                                                                "resources": [
                                                                    {
                                                                        "limits": null,
                                                                        "requests": {
                                                                            "storage": "75Gi"
                                                                        }
                                                                    }
                                                                ],
                                                                "selector": [],
                                                                "storage_class_name": "gp3"
                                                            }
                                                        ]
                                                    }
                                                ]
                                            }
                                        ],
                                        "timeouts": null,
                                        "wait_for_rollout": true
                                    },
                                    "sensitive_values": {
                                        "metadata": [
                                            {
                                                "labels": {}
                                            }
                                        ],
                                        "spec": [
                                            {
                                                "persistent_volume_claim_retention_policy": [],
                                                "selector": [
                                                    {
                                                        "match_expressions": [],
                                                        "match_labels": {}
                                                    }
                                                ],
                                                "template": [
                                                    {
                                                        "metadata": [
                                                            {
                                                                "labels": {}
                                                            }
                                                        ],
                                                        "spec": [
                                                            {
                                                                "affinity": [
                                                                    {
                                                                        "node_affinity": [],
                                                                        "pod_affinity": [],
                                                                        "pod_anti_affinity": [
                                                                            {
                                                                                "preferred_during_scheduling_ignored_during_execution": [
                                                                                    {
                                                                                        "pod_affinity_term": [
                                                                                            {
                                                                                                "label_selector": [
                                                                                                    {
                                                                                                        "match_expressions": [
                                                                                                            {
                                                                                                                "values": [
                                                                                                                    false
                                                                                                                ]
                                                                                                            }
                                                                                                        ]
                                                                                                    }
                                                                                                ],
                                                                                                "namespace_selector": []
                                                                                            }
                                                                                        ]
                                                                                    }
                                                                                ],
                                                                                "required_during_scheduling_ignored_during_execution": []
                                                                            }
                                                                        ]
                                                                    }
                                                                ],
                                                                "container": [
                                                                    {
                                                                        "env": [
                                                                            {
                                                                                "value_from": []
                                                                            },
                                                                            {
                                                                                "value_from": [
                                                                                    {
                                                                                        "config_map_key_ref": [],
                                                                                        "field_ref": [
                                                                                            {}
                                                                                        ],
                                                                                        "resource_field_ref": [],
                                                                                        "secret_key_ref": []
                                                                                    }
                                                                                ]
                                                                            },
                                                                            {
                                                                                "value_from": []
                                                                            },
                                                                            {
                                                                                "value_from": []
                                                                            },
                                                                            {
                                                                                "value_from": []
                                                                            }
                                                                        ],
                                                                        "env_from": [],
                                                                        "lifecycle": [],
                                                                        "liveness_probe": [
                                                                            {
                                                                                "exec": [],
                                                                                "grpc": [],
                                                                                "http_get": [
                                                                                    {
                                                                                        "http_header": []
                                                                                    }
                                                                                ],
                                                                                "tcp_socket": []
                                                                            }
                                                                        ],
                                                                        "port": [
                                                                            {},
                                                                            {}
                                                                        ],
                                                                        "readiness_probe": [
                                                                            {
                                                                                "exec": [],
                                                                                "grpc": [],
                                                                                "http_get": [
                                                                                    {
                                                                                        "http_header": []
                                                                                    }
                                                                                ],
                                                                                "tcp_socket": []
                                                                            }
                                                                        ],
                                                                        "resources": [
                                                                            {
                                                                                "limits": {},
                                                                                "requests": {}
                                                                            }
                                                                        ],
                                                                        "security_context": [],
                                                                        "startup_probe": [],
                                                                        "volume_device": [],
                                                                        "volume_mount": [
                                                                            {},
                                                                            {}
                                                                        ]
                                                                    }
                                                                ],
                                                                "dns_config": [],
                                                                "host_aliases": [],
                                                                "image_pull_secrets": [],
                                                                "init_container": [
                                                                    {
                                                                        "command": [
                                                                            false,
                                                                            false,
                                                                            false
                                                                        ],
                                                                        "env": [],
                                                                        "env_from": [],
                                                                        "lifecycle": [],
                                                                        "liveness_probe": [],
                                                                        "port": [],
                                                                        "readiness_probe": [],
                                                                        "resources": [],
                                                                        "security_context": [
                                                                            {
                                                                                "capabilities": [],
                                                                                "se_linux_options": [],
                                                                                "seccomp_profile": []
                                                                            }
                                                                        ],
                                                                        "startup_probe": [],
                                                                        "volume_device": [],
                                                                        "volume_mount": [
                                                                            {}
                                                                        ]
                                                                    },
                                                                    {
                                                                        "command": [
                                                                            false,
                                                                            false,
                                                                            false
                                                                        ],
                                                                        "env": [],
                                                                        "env_from": [],
                                                                        "lifecycle": [],
                                                                        "liveness_probe": [],
                                                                        "port": [],
                                                                        "readiness_probe": [],
                                                                        "resources": [],
                                                                        "security_context": [
                                                                            {
                                                                                "capabilities": [],
                                                                                "se_linux_options": [],
                                                                                "seccomp_profile": []
                                                                            }
                                                                        ],
                                                                        "startup_probe": [],
                                                                        "volume_device": [],
                                                                        "volume_mount": []
                                                                    }
                                                                ],
                                                                "node_selector": {},
                                                                "os": [],
                                                                "readiness_gate": [],
                                                                "security_context": [],
                                                                "toleration": [],
                                                                "topology_spread_constraint": [],
                                                                "volume": [
                                                                    {
                                                                        "aws_elastic_block_store": [],
                                                                        "azure_disk": [],
                                                                        "azure_file": [],
                                                                        "ceph_fs": [],
                                                                        "cinder": [],
                                                                        "config_map": [
                                                                            {
                                                                                "items": []
                                                                            }
                                                                        ],
                                                                        "csi": [],
                                                                        "downward_api": [],
                                                                        "empty_dir": [],
                                                                        "ephemeral": [],
                                                                        "fc": [],
                                                                        "flex_volume": [],
                                                                        "flocker": [],
                                                                        "gce_persistent_disk": [],
                                                                        "git_repo": [],
                                                                        "glusterfs": [],
                                                                        "host_path": [],
                                                                        "iscsi": [],
                                                                        "local": [],
                                                                        "nfs": [],
                                                                        "persistent_volume_claim": [],
                                                                        "photon_persistent_disk": [],
                                                                        "projected": [],
                                                                        "quobyte": [],
                                                                        "rbd": [],
                                                                        "secret": [],
                                                                        "vsphere_volume": []
                                                                    }
                                                                ]
                                                            }
                                                        ]
                                                    }
                                                ],
                                                "update_strategy": [
                                                    {
                                                        "rolling_update": [
                                                            {}
                                                        ]
                                                    }
                                                ],
                                                "volume_claim_template": [
                                                    {
                                                        "metadata": [
                                                            {
                                                                "labels": {}
                                                            }
                                                        ],
                                                        "spec": [
                                                            {
                                                                "access_modes": [
                                                                    false
                                                                ],
                                                                "resources": [
                                                                    {
                                                                        "requests": {}
                                                                    }
                                                                ],
                                                                "selector": []
                                                            }
                                                        ]
                                                    }
                                                ]
                                            }
                                        ]
                                    }
                                }
                            ],
                            "address": "module.telemetry.module.elasticsearch[0]"
                        },
                        {
                            "resources": [
                                {
                                    "address": "module.telemetry.module.jaeger.helm_release.jaeger",
                                    "mode": "managed",
                                    "type": "helm_release",
                                    "name": "jaeger",
                                    "provider_name": "registry.terraform.io/hashicorp/helm",
                                    "schema_version": 1,
                                    "values": {
                                        "atomic": false,
                                        "chart": "jaeger",
                                        "cleanup_on_fail": false,
                                        "create_namespace": false,
                                        "dependency_update": false,
                                        "description": null,
                                        "devel": null,
                                        "disable_crd_hooks": false,
                                        "disable_openapi_validation": false,
                                        "disable_webhooks": false,
                                        "force_update": false,
                                        "keyring": null,
                                        "lint": false,
                                        "max_history": 0,
                                        "name": "jaeger",
                                        "namespace": "telemetry",
                                        "pass_credentials": false,
                                        "postrender": [],
                                        "recreate_pods": false,
                                        "render_subchart_notes": true,
                                        "replace": false,
                                        "repository": "https://jaegertracing.github.io/helm-charts",
                                        "repository_ca_file": null,
                                        "repository_cert_file": null,
                                        "repository_key_file": null,
                                        "repository_password": null,
                                        "repository_username": null,
                                        "reset_values": false,
                                        "reuse_values": false,
                                        "set": [
                                            {
                                                "name": "commonLabels.environment",
                                                "type": "",
                                                "value": "staging"
                                            },
                                            {
                                                "name": "commonLabels.managed-by",
                                                "type": "",
                                                "value": "terraform"
                                            }
                                        ],
                                        "set_list": [],
                                        "set_sensitive": [],
                                        "skip_crds": false,
                                        "status": "deployed",
                                        "timeout": 600,
                                        "upgrade_install": null,
                                        "values": [
                                            "\"agent\":\n  \"enabled\": false\n\"allInOne\":\n  \"enabled\": false\n\"collector\":\n  \"affinity\":\n    \"podAntiAffinity\":\n      \"preferredDuringSchedulingIgnoredDuringExecution\":\n      - \"podAffinityTerm\":\n          \"labelSelector\":\n            \"matchExpressions\":\n            - \"key\": \"app.kubernetes.io/component\"\n              \"operator\": \"In\"\n              \"values\":\n              - \"collector\"\n          \"topologyKey\": \"kubernetes.io/hostname\"\n        \"weight\": 100\n  \"autoscaling\":\n    \"enabled\": false\n  \"enabled\": true\n  \"podDisruptionBudget\":\n    \"enabled\": true\n    \"minAvailable\": 1\n  \"replicaCount\": 2\n  \"resources\":\n    \"limits\":\n      \"cpu\": \"500m\"\n      \"memory\": \"512Mi\"\n    \"requests\":\n      \"cpu\": \"100m\"\n      \"memory\": \"256Mi\"\n  \"service\":\n    \"grpc\":\n      \"port\": 14250\n    \"http\":\n      \"port\": 14268\n    \"otlp\":\n      \"grpc\":\n        \"port\": 4317\n      \"http\":\n        \"port\": 4318\n    \"type\": \"ClusterIP\"\n  \"strategy\":\n    \"rollingUpdate\":\n      \"maxSurge\": \"25%\"\n      \"maxUnavailable\": \"25%\"\n    \"type\": \"RollingUpdate\"\n\"ingress\":\n  \"enabled\": false\n\"provisionDataStore\":\n  \"cassandra\": false\n  \"elasticsearch\": true\n\"query\":\n  \"affinity\":\n    \"podAntiAffinity\":\n      \"preferredDuringSchedulingIgnoredDuringExecution\":\n      - \"podAffinityTerm\":\n          \"labelSelector\":\n            \"matchExpressions\":\n            - \"key\": \"app.kubernetes.io/component\"\n              \"operator\": \"In\"\n              \"values\":\n              - \"query\"\n          \"topologyKey\": \"kubernetes.io/hostname\"\n        \"weight\": 100\n  \"enabled\": true\n  \"podDisruptionBudget\":\n    \"enabled\": true\n    \"minAvailable\": 1\n  \"replicaCount\": 2\n  \"resources\":\n    \"limits\":\n      \"cpu\": \"500m\"\n      \"memory\": \"512Mi\"\n    \"requests\":\n      \"cpu\": \"100m\"\n      \"memory\": \"128Mi\"\n  \"service\":\n    \"port\": 16686\n    \"type\": \"ClusterIP\"\n  \"strategy\":\n    \"rollingUpdate\":\n      \"maxSurge\": \"25%\"\n      \"maxUnavailable\": \"25%\"\n    \"type\": \"RollingUpdate\"\n\"storage\":\n  \"elasticsearch\":\n    \"host\": \"elasticsearch.telemetry.svc.cluster.local\"\n    \"password\": \"\"\n    \"port\": 9200\n    \"scheme\": \"http\"\n    \"user\": \"\"\n  \"type\": \"elasticsearch\"\n"
                                        ],
                                        "verify": false,
                                        "version": "2.0.0",
                                        "wait": true,
                                        "wait_for_jobs": false
                                    },
                                    "sensitive_values": {
                                        "metadata": [],
                                        "postrender": [],
                                        "repository_password": true,
                                        "set": [
                                            {},
                                            {}
                                        ],
                                        "set_list": [],
                                        "set_sensitive": [],
                                        "values": [
                                            false
                                        ]
                                    }
                                }
                            ],
                            "address": "module.telemetry.module.jaeger"
                        },
                        {
                            "resources": [
                                {
                                    "address": "module.telemetry.module.otel_collector.kubernetes_cluster_role.otel_collector",
                                    "mode": "managed",
                                    "type": "kubernetes_cluster_role",
                                    "name": "otel_collector",
                                    "provider_name": "registry.terraform.io/hashicorp/kubernetes",
                                    "schema_version": 0,
                                    "values": {
                                        "aggregation_rule": [],
                                        "metadata": [
                                            {
                                                "annotations": null,
                                                "generate_name": null,
                                                "labels": {
                                                    "app": "otel-collector",
                                                    "component": "collector",
                                                    "environment": "staging",
                                                    "managed-by": "terraform",
                                                    "part-of": "telemetry",
                                                    "project": "telemetry",
                                                    "team": "platform"
                                                },
                                                "name": "otel-collector-telemetry"
                                            }
                                        ],
                                        "rule": [
                                            {
                                                "api_groups": [
                                                    ""
                                                ],
                                                "non_resource_urls": null,
                                                "resource_names": null,
                                                "resources": [
                                                    "pods",
                                                    "namespaces",
                                                    "nodes"
                                                ],
                                                "verbs": [
                                                    "get",
                                                    "watch",
                                                    "list"
                                                ]
                                            },
                                            {
                                                "api_groups": [
                                                    "apps"
                                                ],
                                                "non_resource_urls": null,
                                                "resource_names": null,
                                                "resources": [
                                                    "replicasets",
                                                    "deployments"
                                                ],
                                                "verbs": [
                                                    "get",
                                                    "list",
                                                    "watch"
                                                ]
                                            }
                                        ]
                                    },
                                    "sensitive_values": {
                                        "aggregation_rule": [],
                                        "metadata": [
                                            {
                                                "labels": {}
                                            }
                                        ],
                                        "rule": [
                                            {
                                                "api_groups": [
                                                    false
                                                ],
                                                "resources": [
                                                    false,
                                                    false,
                                                    false
                                                ],
                                                "verbs": [
                                                    false,
                                                    false,
                                                    false
                                                ]
                                            },
                                            {
                                                "api_groups": [
                                                    false
                                                ],
                                                "resources": [
                                                    false,
                                                    false
                                                ],
                                                "verbs": [
                                                    false,
                                                    false,
                                                    false
                                                ]
                                            }
                                        ]
                                    }
                                },
                                {
                                    "address": "module.telemetry.module.otel_collector.kubernetes_cluster_role_binding.otel_collector",
                                    "mode": "managed",
                                    "type": "kubernetes_cluster_role_binding",
                                    "name": "otel_collector",
                                    "provider_name": "registry.terraform.io/hashicorp/kubernetes",
                                    "schema_version": 0,
                                    "values": {
                                        "metadata": [
                                            {
                                                "annotations": null,
                                                "generate_name": null,
                                                "labels": {
                                                    "app": "otel-collector",
                                                    "component": "collector",
                                                    "environment": "staging",
                                                    "managed-by": "terraform",
                                                    "part-of": "telemetry",
                                                    "project": "telemetry",
                                                    "team": "platform"
                                                },
                                                "name": "otel-collector-telemetry"
                                            }
                                        ],
                                        "role_ref": [
                                            {
                                                "api_group": "rbac.authorization.k8s.io",
                                                "kind": "ClusterRole",
                                                "name": "otel-collector-telemetry"
                                            }
                                        ],
                                        "subject": [
                                            {
                                                "kind": "ServiceAccount",
                                                "name": "otel-collector",
                                                "namespace": "telemetry"
                                            }
                                        ]
                                    },
                                    "sensitive_values": {
                                        "metadata": [
                                            {
                                                "labels": {}
                                            }
                                        ],
                                        "role_ref": [
                                            {}
                                        ],
                                        "subject": [
                                            {}
                                        ]
                                    }
                                },
                                {
                                    "address": "module.telemetry.module.otel_collector.kubernetes_config_map.otel_collector",
                                    "mode": "managed",
                                    "type": "kubernetes_config_map",
                                    "name": "otel_collector",
                                    "provider_name": "registry.terraform.io/hashicorp/kubernetes",
                                    "schema_version": 0,
                                    "values": {
                                        "binary_data": null,
                                        "data": {
                                            "otel-collector-config.yaml": "\"exporters\":\n  \"jaeger\":\n    \"endpoint\": \"jaeger-collector.telemetry.svc.cluster.local:14250\"\n    \"tls\":\n      \"insecure\": true\n  \"logging\":\n    \"loglevel\": \"info\"\n    \"sampling_initial\": 5\n    \"sampling_thereafter\": 200\n  \"otlp\":\n    \"endpoint\": \"jaeger-collector.telemetry.svc.cluster.local:14250\"\n    \"tls\":\n      \"insecure\": true\n\"extensions\":\n  \"health_check\":\n    \"endpoint\": \"0.0.0.0:13133\"\n  \"pprof\":\n    \"endpoint\": \"0.0.0.0:1777\"\n  \"zpages\":\n    \"endpoint\": \"0.0.0.0:55679\"\n\"processors\":\n  \"batch\":\n    \"send_batch_max_size\": 2048\n    \"send_batch_size\": 1024\n    \"timeout\": \"10s\"\n  \"k8sattributes\":\n    \"auth_type\": \"serviceAccount\"\n    \"extract\":\n      \"labels\":\n      - \"from\": \"pod\"\n        \"key\": \"app\"\n        \"tag_name\": \"app\"\n      \"metadata\":\n      - \"k8s.namespace.name\"\n      - \"k8s.deployment.name\"\n      - \"k8s.pod.name\"\n      - \"k8s.pod.uid\"\n      - \"k8s.node.name\"\n    \"passthrough\": false\n  \"memory_limiter\":\n    \"check_interval\": \"1s\"\n    \"limit_mib\": 512\n    \"limit_percentage\": 80\n    \"spike_limit_mib\": 128\n    \"spike_limit_percentage\": 20\n  \"resource\":\n    \"attributes\":\n    - \"action\": \"insert\"\n      \"key\": \"environment\"\n      \"value\": \"staging\"\n    - \"action\": \"insert\"\n      \"key\": \"k8s.cluster.name\"\n      \"value\": \"default\"\n\"receivers\":\n  \"otlp\":\n    \"protocols\":\n      \"grpc\":\n        \"endpoint\": \"0.0.0.0:4317\"\n      \"http\":\n        \"endpoint\": \"0.0.0.0:4318\"\n  \"prometheus\":\n    \"config\":\n      \"scrape_configs\":\n      - \"job_name\": \"otel-collector\"\n        \"scrape_interval\": \"30s\"\n        \"static_configs\":\n        - \"targets\":\n          - \"localhost:8888\"\n\"service\":\n  \"extensions\":\n  - \"health_check\"\n  - \"pprof\"\n  - \"zpages\"\n  \"pipelines\":\n    \"metrics\":\n      \"exporters\":\n      - \"logging\"\n      \"processors\":\n      - \"memory_limiter\"\n      - \"batch\"\n      \"receivers\":\n      - \"otlp\"\n      - \"prometheus\"\n    \"traces\":\n      \"exporters\":\n      - \"jaeger\"\n      - \"logging\"\n      \"processors\":\n      - \"memory_limiter\"\n      - \"k8sattributes\"\n      - \"resource\"\n      - \"batch\"\n      \"receivers\":\n      - \"otlp\"\n  \"telemetry\":\n    \"logs\":\n      \"level\": \"info\"\n    \"metrics\":\n      \"address\": \"0.0.0.0:8888\"\n      \"level\": \"detailed\"\n"
                                        },
                                        "immutable": null,
                                        "metadata": [
                                            {
                                                "annotations": null,
                                                "generate_name": null,
                                                "labels": {
                                                    "app": "otel-collector",
                                                    "component": "collector",
                                                    "environment": "staging",
                                                    "managed-by": "terraform",
                                                    "part-of": "telemetry",
                                                    "project": "telemetry",
                                                    "team": "platform"
                                                },
                                                "name": "otel-collector-config",
                                                "namespace": "telemetry"
                                            }
                                        ]
                                    },
                                    "sensitive_values": {
                                        "data": {},
                                        "metadata": [
                                            {
                                                "labels": {}
                                            }
                                        ]
                                    }
                                },
                                {
                                    "address": "module.telemetry.module.otel_collector.kubernetes_deployment.otel_collector",
                                    "mode": "managed",
                                    "type": "kubernetes_deployment",
                                    "name": "otel_collector",
                                    "provider_name": "registry.terraform.io/hashicorp/kubernetes",
                                    "schema_version": 1,
                                    "values": {
                                        "metadata": [
                                            {
                                                "annotations": null,
                                                "generate_name": null,
                                                "labels": {
                                                    "app": "otel-collector",
                                                    "component": "collector",
                                                    "environment": "staging",
                                                    "managed-by": "terraform",
                                                    "part-of": "telemetry",
                                                    "project": "telemetry",
                                                    "team": "platform"
                                                },
                                                "name": "otel-collector",
                                                "namespace": "telemetry"
                                            }
                                        ],
                                        "spec": [
                                            {
                                                "min_ready_seconds": 0,
                                                "paused": false,
                                                "progress_deadline_seconds": 600,
                                                "revision_history_limit": 10,
                                                "selector": [
                                                    {
                                                        "match_expressions": [],
                                                        "match_labels": {
                                                            "app": "otel-collector"
                                                        }
                                                    }
                                                ],
                                                "strategy": [
                                                    {
                                                        "rolling_update": [
                                                            {
                                                                "max_surge": "25%",
                                                                "max_unavailable": "25%"
                                                            }
                                                        ],
                                                        "type": "RollingUpdate"
                                                    }
                                                ],
                                                "template": [
                                                    {
                                                        "metadata": [
                                                            {
                                                                "annotations": {
                                                                    "prometheus.io/path": "/metrics",
                                                                    "prometheus.io/port": "8888",
                                                                    "prometheus.io/scrape": "true"
                                                                },
                                                                "generate_name": null,
                                                                "labels": {
                                                                    "app": "otel-collector",
                                                                    "component": "collector",
                                                                    "environment": "staging",
                                                                    "managed-by": "terraform",
                                                                    "part-of": "telemetry",
                                                                    "project": "telemetry",
                                                                    "team": "platform"
                                                                },
                                                                "namespace": null
                                                            }
                                                        ],
                                                        "spec": [
                                                            {
                                                                "active_deadline_seconds": null,
                                                                "affinity": [
                                                                    {
                                                                        "node_affinity": [],
                                                                        "pod_affinity": [],
                                                                        "pod_anti_affinity": [
                                                                            {
                                                                                "preferred_during_scheduling_ignored_during_execution": [
                                                                                    {
                                                                                        "pod_affinity_term": [
                                                                                            {
                                                                                                "label_selector": [
                                                                                                    {
                                                                                                        "match_expressions": [
                                                                                                            {
                                                                                                                "key": "app",
                                                                                                                "operator": "In",
                                                                                                                "values": [
                                                                                                                    "otel-collector"
                                                                                                                ]
                                                                                                            }
                                                                                                        ],
                                                                                                        "match_labels": null
                                                                                                    }
                                                                                                ],
                                                                                                "namespace_selector": [],
                                                                                                "namespaces": null,
                                                                                                "topology_key": "kubernetes.io/hostname"
                                                                                            }
                                                                                        ],
                                                                                        "weight": 100
                                                                                    }
                                                                                ],
                                                                                "required_during_scheduling_ignored_during_execution": []
                                                                            }
                                                                        ]
                                                                    }
                                                                ],
                                                                "automount_service_account_token": true,
                                                                "container": [
                                                                    {
                                                                        "args": [
                                                                            "--config=/conf/otel-collector-config.yaml"
                                                                        ],
                                                                        "command": null,
                                                                        "env": [
                                                                            {
                                                                                "name": "K8S_NODE_NAME",
                                                                                "value": null,
                                                                                "value_from": [
                                                                                    {
                                                                                        "config_map_key_ref": [],
                                                                                        "field_ref": [
                                                                                            {
                                                                                                "api_version": "v1",
                                                                                                "field_path": "spec.nodeName"
                                                                                            }
                                                                                        ],
                                                                                        "resource_field_ref": [],
                                                                                        "secret_key_ref": []
                                                                                    }
                                                                                ]
                                                                            },
                                                                            {
                                                                                "name": "K8S_POD_NAME",
                                                                                "value": null,
                                                                                "value_from": [
                                                                                    {
                                                                                        "config_map_key_ref": [],
                                                                                        "field_ref": [
                                                                                            {
                                                                                                "api_version": "v1",
                                                                                                "field_path": "metadata.name"
                                                                                            }
                                                                                        ],
                                                                                        "resource_field_ref": [],
                                                                                        "secret_key_ref": []
                                                                                    }
                                                                                ]
                                                                            },
                                                                            {
                                                                                "name": "K8S_POD_NAMESPACE",
                                                                                "value": null,
                                                                                "value_from": [
                                                                                    {
                                                                                        "config_map_key_ref": [],
                                                                                        "field_ref": [
                                                                                            {
                                                                                                "api_version": "v1",
                                                                                                "field_path": "metadata.namespace"
                                                                                            }
                                                                                        ],
                                                                                        "resource_field_ref": [],
                                                                                        "secret_key_ref": []
                                                                                    }
                                                                                ]
                                                                            },
                                                                            {
                                                                                "name": "K8S_POD_IP",
                                                                                "value": null,
                                                                                "value_from": [
                                                                                    {
                                                                                        "config_map_key_ref": [],
                                                                                        "field_ref": [
                                                                                            {
                                                                                                "api_version": "v1",
                                                                                                "field_path": "status.podIP"
                                                                                            }
                                                                                        ],
                                                                                        "resource_field_ref": [],
                                                                                        "secret_key_ref": []
                                                                                    }
                                                                                ]
                                                                            }
                                                                        ],
                                                                        "env_from": [],
                                                                        "image": "otel/opentelemetry-collector-contrib:0.95.0",
                                                                        "lifecycle": [],
                                                                        "liveness_probe": [
                                                                            {
                                                                                "exec": [],
                                                                                "failure_threshold": 3,
                                                                                "grpc": [],
                                                                                "http_get": [
                                                                                    {
                                                                                        "host": null,
                                                                                        "http_header": [],
                                                                                        "path": "/",
                                                                                        "port": "13133",
                                                                                        "scheme": "HTTP"
                                                                                    }
                                                                                ],
                                                                                "initial_delay_seconds": 15,
                                                                                "period_seconds": 20,
                                                                                "success_threshold": 1,
                                                                                "tcp_socket": [],
                                                                                "timeout_seconds": 5
                                                                            }
                                                                        ],
                                                                        "name": "otel-collector",
                                                                        "port": [
                                                                            {
                                                                                "container_port": 4317,
                                                                                "host_ip": null,
                                                                                "host_port": null,
                                                                                "name": "otlp-grpc",
                                                                                "protocol": "TCP"
                                                                            },
                                                                            {
                                                                                "container_port": 4318,
                                                                                "host_ip": null,
                                                                                "host_port": null,
                                                                                "name": "otlp-http",
                                                                                "protocol": "TCP"
                                                                            },
                                                                            {
                                                                                "container_port": 8888,
                                                                                "host_ip": null,
                                                                                "host_port": null,
                                                                                "name": "metrics",
                                                                                "protocol": "TCP"
                                                                            },
                                                                            {
                                                                                "container_port": 13133,
                                                                                "host_ip": null,
                                                                                "host_port": null,
                                                                                "name": "health",
                                                                                "protocol": "TCP"
                                                                            },
                                                                            {
                                                                                "container_port": 55679,
                                                                                "host_ip": null,
                                                                                "host_port": null,
                                                                                "name": "zpages",
                                                                                "protocol": "TCP"
                                                                            }
                                                                        ],
                                                                        "readiness_probe": [
                                                                            {
                                                                                "exec": [],
                                                                                "failure_threshold": 3,
                                                                                "grpc": [],
                                                                                "http_get": [
                                                                                    {
                                                                                        "host": null,
                                                                                        "http_header": [],
                                                                                        "path": "/",
                                                                                        "port": "13133",
                                                                                        "scheme": "HTTP"
                                                                                    }
                                                                                ],
                                                                                "initial_delay_seconds": 10,
                                                                                "period_seconds": 10,
                                                                                "success_threshold": 1,
                                                                                "tcp_socket": [],
                                                                                "timeout_seconds": 5
                                                                            }
                                                                        ],
                                                                        "resources": [
                                                                            {
                                                                                "limits": {
                                                                                    "cpu": "1500m",
                                                                                    "memory": "2Gi"
                                                                                },
                                                                                "requests": {
                                                                                    "cpu": "300m",
                                                                                    "memory": "512Mi"
                                                                                }
                                                                            }
                                                                        ],
                                                                        "security_context": [],
                                                                        "startup_probe": [],
                                                                        "stdin": false,
                                                                        "stdin_once": false,
                                                                        "termination_message_path": "/dev/termination-log",
                                                                        "tty": false,
                                                                        "volume_device": [],
                                                                        "volume_mount": [
                                                                            {
                                                                                "mount_path": "/conf",
                                                                                "mount_propagation": "None",
                                                                                "name": "otel-collector-config",
                                                                                "read_only": false,
                                                                                "sub_path": null,
                                                                                "sub_path_expr": null
                                                                            }
                                                                        ],
                                                                        "working_dir": null
                                                                    }
                                                                ],
                                                                "dns_config": [],
                                                                "dns_policy": "ClusterFirst",
                                                                "enable_service_links": true,
                                                                "host_aliases": [],
                                                                "host_ipc": false,
                                                                "host_network": false,
                                                                "host_pid": false,
                                                                "init_container": [],
                                                                "node_selector": {
                                                                    "telemetry": "true"
                                                                },
                                                                "os": [],
                                                                "priority_class_name": null,
                                                                "restart_policy": "Always",
                                                                "runtime_class_name": null,
                                                                "security_context": [],
                                                                "service_account_name": "otel-collector",
                                                                "share_process_namespace": false,
                                                                "subdomain": null,
                                                                "termination_grace_period_seconds": 30,
                                                                "toleration": [],
                                                                "topology_spread_constraint": [],
                                                                "volume": [
                                                                    {
                                                                        "aws_elastic_block_store": [],
                                                                        "azure_disk": [],
                                                                        "azure_file": [],
                                                                        "ceph_fs": [],
                                                                        "cinder": [],
                                                                        "config_map": [
                                                                            {
                                                                                "default_mode": "0644",
                                                                                "items": [],
                                                                                "name": "otel-collector-config",
                                                                                "optional": null
                                                                            }
                                                                        ],
                                                                        "csi": [],
                                                                        "downward_api": [],
                                                                        "empty_dir": [],
                                                                        "ephemeral": [],
                                                                        "fc": [],
                                                                        "flex_volume": [],
                                                                        "flocker": [],
                                                                        "gce_persistent_disk": [],
                                                                        "git_repo": [],
                                                                        "glusterfs": [],
                                                                        "host_path": [],
                                                                        "iscsi": [],
                                                                        "local": [],
                                                                        "name": "otel-collector-config",
                                                                        "nfs": [],
                                                                        "persistent_volume_claim": [],
                                                                        "photon_persistent_disk": [],
                                                                        "projected": [],
                                                                        "quobyte": [],
                                                                        "rbd": [],
                                                                        "secret": [],
                                                                        "vsphere_volume": []
                                                                    }
                                                                ]
                                                            }
                                                        ]
                                                    }
                                                ]
                                            }
                                        ],
                                        "timeouts": null,
                                        "wait_for_rollout": true
                                    },
                                    "sensitive_values": {
                                        "metadata": [
                                            {
                                                "labels": {}
                                            }
                                        ],
                                        "spec": [
                                            {
                                                "selector": [
                                                    {
                                                        "match_expressions": [],
                                                        "match_labels": {}
                                                    }
                                                ],
                                                "strategy": [
                                                    {
                                                        "rolling_update": [
                                                            {}
                                                        ]
                                                    }
                                                ],
                                                "template": [
                                                    {
                                                        "metadata": [
                                                            {
                                                                "annotations": {},
                                                                "labels": {}
                                                            }
                                                        ],
                                                        "spec": [
                                                            {
                                                                "affinity": [
                                                                    {
                                                                        "node_affinity": [],
                                                                        "pod_affinity": [],
                                                                        "pod_anti_affinity": [
                                                                            {
                                                                                "preferred_during_scheduling_ignored_during_execution": [
                                                                                    {
                                                                                        "pod_affinity_term": [
                                                                                            {
                                                                                                "label_selector": [
                                                                                                    {
                                                                                                        "match_expressions": [
                                                                                                            {
                                                                                                                "values": [
                                                                                                                    false
                                                                                                                ]
                                                                                                            }
                                                                                                        ]
                                                                                                    }
                                                                                                ],
                                                                                                "namespace_selector": []
                                                                                            }
                                                                                        ]
                                                                                    }
                                                                                ],
                                                                                "required_during_scheduling_ignored_during_execution": []
                                                                            }
                                                                        ]
                                                                    }
                                                                ],
                                                                "container": [
                                                                    {
                                                                        "args": [
                                                                            false
                                                                        ],
                                                                        "env": [
                                                                            {
                                                                                "value_from": [
                                                                                    {
                                                                                        "config_map_key_ref": [],
                                                                                        "field_ref": [
                                                                                            {}
                                                                                        ],
                                                                                        "resource_field_ref": [],
                                                                                        "secret_key_ref": []
                                                                                    }
                                                                                ]
                                                                            },
                                                                            {
                                                                                "value_from": [
                                                                                    {
                                                                                        "config_map_key_ref": [],
                                                                                        "field_ref": [
                                                                                            {}
                                                                                        ],
                                                                                        "resource_field_ref": [],
                                                                                        "secret_key_ref": []
                                                                                    }
                                                                                ]
                                                                            },
                                                                            {
                                                                                "value_from": [
                                                                                    {
                                                                                        "config_map_key_ref": [],
                                                                                        "field_ref": [
                                                                                            {}
                                                                                        ],
                                                                                        "resource_field_ref": [],
                                                                                        "secret_key_ref": []
                                                                                    }
                                                                                ]
                                                                            },
                                                                            {
                                                                                "value_from": [
                                                                                    {
                                                                                        "config_map_key_ref": [],
                                                                                        "field_ref": [
                                                                                            {}
                                                                                        ],
                                                                                        "resource_field_ref": [],
                                                                                        "secret_key_ref": []
                                                                                    }
                                                                                ]
                                                                            }
                                                                        ],
                                                                        "env_from": [],
                                                                        "lifecycle": [],
                                                                        "liveness_probe": [
                                                                            {
                                                                                "exec": [],
                                                                                "grpc": [],
                                                                                "http_get": [
                                                                                    {
                                                                                        "http_header": []
                                                                                    }
                                                                                ],
                                                                                "tcp_socket": []
                                                                            }
                                                                        ],
                                                                        "port": [
                                                                            {},
                                                                            {},
                                                                            {},
                                                                            {},
                                                                            {}
                                                                        ],
                                                                        "readiness_probe": [
                                                                            {
                                                                                "exec": [],
                                                                                "grpc": [],
                                                                                "http_get": [
                                                                                    {
                                                                                        "http_header": []
                                                                                    }
                                                                                ],
                                                                                "tcp_socket": []
                                                                            }
                                                                        ],
                                                                        "resources": [
                                                                            {
                                                                                "limits": {},
                                                                                "requests": {}
                                                                            }
                                                                        ],
                                                                        "security_context": [],
                                                                        "startup_probe": [],
                                                                        "volume_device": [],
                                                                        "volume_mount": [
                                                                            {}
                                                                        ]
                                                                    }
                                                                ],
                                                                "dns_config": [],
                                                                "host_aliases": [],
                                                                "image_pull_secrets": [],
                                                                "init_container": [],
                                                                "node_selector": {},
                                                                "os": [],
                                                                "readiness_gate": [],
                                                                "security_context": [],
                                                                "toleration": [],
                                                                "topology_spread_constraint": [],
                                                                "volume": [
                                                                    {
                                                                        "aws_elastic_block_store": [],
                                                                        "azure_disk": [],
                                                                        "azure_file": [],
                                                                        "ceph_fs": [],
                                                                        "cinder": [],
                                                                        "config_map": [
                                                                            {
                                                                                "items": []
                                                                            }
                                                                        ],
                                                                        "csi": [],
                                                                        "downward_api": [],
                                                                        "empty_dir": [],
                                                                        "ephemeral": [],
                                                                        "fc": [],
                                                                        "flex_volume": [],
                                                                        "flocker": [],
                                                                        "gce_persistent_disk": [],
                                                                        "git_repo": [],
                                                                        "glusterfs": [],
                                                                        "host_path": [],
                                                                        "iscsi": [],
                                                                        "local": [],
                                                                        "nfs": [],
                                                                        "persistent_volume_claim": [],
                                                                        "photon_persistent_disk": [],
                                                                        "projected": [],
                                                                        "quobyte": [],
                                                                        "rbd": [],
                                                                        "secret": [],
                                                                        "vsphere_volume": []
                                                                    }
                                                                ]
                                                            }
                                                        ]
                                                    }
                                                ]
                                            }
                                        ]
                                    }
                                },
                                {
                                    "address": "module.telemetry.module.otel_collector.kubernetes_horizontal_pod_autoscaler_v2.otel_collector[0]",
                                    "mode": "managed",
                                    "type": "kubernetes_horizontal_pod_autoscaler_v2",
                                    "name": "otel_collector",
                                    "index": 0,
                                    "provider_name": "registry.terraform.io/hashicorp/kubernetes",
                                    "schema_version": 0,
                                    "values": {
                                        "metadata": [
                                            {
                                                "annotations": null,
                                                "generate_name": null,
                                                "labels": {
                                                    "app": "otel-collector",
                                                    "component": "collector",
                                                    "environment": "staging",
                                                    "managed-by": "terraform",
                                                    "part-of": "telemetry",
                                                    "project": "telemetry",
                                                    "team": "platform"
                                                },
                                                "name": "otel-collector-hpa",
                                                "namespace": "telemetry"
                                            }
                                        ],
                                        "spec": [
                                            {
                                                "behavior": [
                                                    {
                                                        "scale_down": [
                                                            {
                                                                "policy": [
                                                                    {
                                                                        "period_seconds": 60,
                                                                        "type": "Percent",
                                                                        "value": 50
                                                                    }
                                                                ],
                                                                "select_policy": null,
                                                                "stabilization_window_seconds": 300
                                                            }
                                                        ],
                                                        "scale_up": [
                                                            {
                                                                "policy": [
                                                                    {
                                                                        "period_seconds": 60,
                                                                        "type": "Percent",
                                                                        "value": 100
                                                                    },
                                                                    {
                                                                        "period_seconds": 60,
                                                                        "type": "Pods",
                                                                        "value": 2
                                                                    }
                                                                ],
                                                                "select_policy": "Max",
                                                                "stabilization_window_seconds": 60
                                                            }
                                                        ]
                                                    }
                                                ],
                                                "max_replicas": 8,
                                                "metric": [
                                                    {
                                                        "container_resource": [],
                                                        "external": [],
                                                        "object": [],
                                                        "pods": [],
                                                        "resource": [
                                                            {
                                                                "name": "cpu",
                                                                "target": [
                                                                    {
                                                                        "average_utilization": 70,
                                                                        "average_value": null,
                                                                        "type": "Utilization",
                                                                        "value": null
                                                                    }
                                                                ]
                                                            }
                                                        ],
                                                        "type": "Resource"
                                                    },
                                                    {
                                                        "container_resource": [],
                                                        "external": [],
                                                        "object": [],
                                                        "pods": [],
                                                        "resource": [
                                                            {
                                                                "name": "memory",
                                                                "target": [
                                                                    {
                                                                        "average_utilization": 80,
                                                                        "average_value": null,
                                                                        "type": "Utilization",
                                                                        "value": null
                                                                    }
                                                                ]
                                                            }
                                                        ],
                                                        "type": "Resource"
                                                    }
                                                ],
                                                "min_replicas": 2,
                                                "scale_target_ref": [
                                                    {
                                                        "api_version": "apps/v1",
                                                        "kind": "Deployment",
                                                        "name": "otel-collector"
                                                    }
                                                ]
                                            }
                                        ]
                                    },
                                    "sensitive_values": {
                                        "metadata": [
                                            {
                                                "labels": {}
                                            }
                                        ],
                                        "spec": [
                                            {
                                                "behavior": [
                                                    {
                                                        "scale_down": [
                                                            {
                                                                "policy": [
                                                                    {}
                                                                ]
                                                            }
                                                        ],
                                                        "scale_up": [
                                                            {
                                                                "policy": [
                                                                    {},
                                                                    {}
                                                                ]
                                                            }
                                                        ]
                                                    }
                                                ],
                                                "metric": [
                                                    {
                                                        "container_resource": [],
                                                        "external": [],
                                                        "object": [],
                                                        "pods": [],
                                                        "resource": [
                                                            {
                                                                "target": [
                                                                    {}
                                                                ]
                                                            }
                                                        ]
                                                    },
                                                    {
                                                        "container_resource": [],
                                                        "external": [],
                                                        "object": [],
                                                        "pods": [],
                                                        "resource": [
                                                            {
                                                                "target": [
                                                                    {}
                                                                ]
                                                            }
                                                        ]
                                                    }
                                                ],
                                                "scale_target_ref": [
                                                    {}
                                                ]
                                            }
                                        ]
                                    }
                                },
                                {
                                    "address": "module.telemetry.module.otel_collector.kubernetes_pod_disruption_budget_v1.otel_collector",
                                    "mode": "managed",
                                    "type": "kubernetes_pod_disruption_budget_v1",
                                    "name": "otel_collector",
                                    "provider_name": "registry.terraform.io/hashicorp/kubernetes",
                                    "schema_version": 0,
                                    "values": {
                                        "metadata": [
                                            {
                                                "annotations": null,
                                                "generate_name": null,
                                                "labels": {
                                                    "app": "otel-collector",
                                                    "component": "collector",
                                                    "environment": "staging",
                                                    "managed-by": "terraform",
                                                    "part-of": "telemetry",
                                                    "project": "telemetry",
                                                    "team": "platform"
                                                },
                                                "name": "otel-collector",
                                                "namespace": "telemetry"
                                            }
                                        ],
                                        "spec": [
                                            {
                                                "max_unavailable": null,
                                                "min_available": "50%",
                                                "selector": [
                                                    {
                                                        "match_expressions": [],
                                                        "match_labels": {
                                                            "app": "otel-collector"
                                                        }
                                                    }
                                                ]
                                            }
                                        ]
                                    },
                                    "sensitive_values": {
                                        "metadata": [
                                            {
                                                "labels": {}
                                            }
                                        ],
                                        "spec": [
                                            {
                                                "selector": [
                                                    {
                                                        "match_expressions": [],
                                                        "match_labels": {}
                                                    }
                                                ]
                                            }
                                        ]
                                    }
                                },
                                {
                                    "address": "module.telemetry.module.otel_collector.kubernetes_service.otel_collector",
                                    "mode": "managed",
                                    "type": "kubernetes_service",
                                    "name": "otel_collector",
                                    "provider_name": "registry.terraform.io/hashicorp/kubernetes",
                                    "schema_version": 1,
                                    "values": {
                                        "metadata": [
                                            {
                                                "annotations": null,
                                                "generate_name": null,
                                                "labels": {
                                                    "app": "otel-collector",
                                                    "component": "collector",
                                                    "environment": "staging",
                                                    "managed-by": "terraform",
                                                    "part-of": "telemetry",
                                                    "project": "telemetry",
                                                    "team": "platform"
                                                },
                                                "name": "otel-collector",
                                                "namespace": "telemetry"
                                            }
                                        ],
                                        "spec": [
                                            {
                                                "allocate_load_balancer_node_ports": true,
                                                "external_ips": null,
                                                "external_name": null,
                                                "load_balancer_class": null,
                                                "load_balancer_ip": null,
                                                "load_balancer_source_ranges": null,
                                                "port": [
                                                    {
                                                        "app_protocol": null,
                                                        "name": "otlp-grpc",
                                                        "port": 4317,
                                                        "protocol": "TCP",
                                                        "target_port": "4317"
                                                    },
                                                    {
                                                        "app_protocol": null,
                                                        "name": "otlp-http",
                                                        "port": 4318,
                                                        "protocol": "TCP",
                                                        "target_port": "4318"
                                                    },
                                                    {
                                                        "app_protocol": null,
                                                        "name": "metrics",
                                                        "port": 8888,
                                                        "protocol": "TCP",
                                                        "target_port": "8888"
                                                    },
                                                    {
                                                        "app_protocol": null,
                                                        "name": "health",
                                                        "port": 13133,
                                                        "protocol": "TCP",
                                                        "target_port": "13133"
                                                    },
                                                    {
                                                        "app_protocol": null,
                                                        "name": "zpages",
                                                        "port": 55679,
                                                        "protocol": "TCP",
                                                        "target_port": "55679"
                                                    }
                                                ],
                                                "publish_not_ready_addresses": false,
                                                "selector": {
                                                    "app": "otel-collector"
                                                },
                                                "session_affinity": "None",
                                                "type": "ClusterIP"
                                            }
                                        ],
                                        "timeouts": null,
                                        "wait_for_load_balancer": true
                                    },
                                    "sensitive_values": {
                                        "metadata": [
                                            {
                                                "labels": {}
                                            }
                                        ],
                                        "spec": [
                                            {
                                                "cluster_ips": [],
                                                "ip_families": [],
                                                "port": [
                                                    {},
                                                    {},
                                                    {},
                                                    {},
                                                    {}
                                                ],
                                                "selector": {},
                                                "session_affinity_config": []
                                            }
                                        ],
                                        "status": []
                                    }
                                },
                                {
                                    "address": "module.telemetry.module.otel_collector.kubernetes_service_account.otel_collector",
                                    "mode": "managed",
                                    "type": "kubernetes_service_account",
                                    "name": "otel_collector",
                                    "provider_name": "registry.terraform.io/hashicorp/kubernetes",
                                    "schema_version": 0,
                                    "values": {
                                        "automount_service_account_token": true,
                                        "image_pull_secret": [],
                                        "metadata": [
                                            {
                                                "annotations": null,
                                                "generate_name": null,
                                                "labels": {
                                                    "app": "otel-collector",
                                                    "component": "collector",
                                                    "environment": "staging",
                                                    "managed-by": "terraform",
                                                    "part-of": "telemetry",
                                                    "project": "telemetry",
                                                    "team": "platform"
                                                },
                                                "name": "otel-collector",
                                                "namespace": "telemetry"
                                            }
                                        ],
                                        "secret": [],
                                        "timeouts": null
                                    },
                                    "sensitive_values": {
                                        "image_pull_secret": [],
                                        "metadata": [
                                            {
                                                "labels": {}
                                            }
                                        ],
                                        "secret": []
                                    }
                                }
                            ],
                            "address": "module.telemetry.module.otel_collector"
                        }
                    ]
                }
            ]
        }
    },
    "resource_changes": [
        {
            "address": "module.telemetry.module.elasticsearch[0].kubernetes_config_map.elasticsearch",
            "module_address": "module.telemetry.module.elasticsearch[0]",
            "mode": "managed",
            "type": "kubernetes_config_map",
            "name": "elasticsearch",
            "provider_name": "registry.terraform.io/hashicorp/kubernetes",
            "change": {
                "actions": [
                    "create"
                ],
                "before": null,
                "after": {
                    "binary_data": null,
                    "data": {
                        "elasticsearch.yml": "cluster.name: jaeger-cluster\nnetwork.host: 0.0.0.0\n      \n# Minimum nodes required for cluster formation\ndiscovery.seed_hosts: elasticsearch-0.elasticsearch.telemetry.svc.cluster.local\ncluster.initial_master_nodes: elasticsearch-0\n      \n# Disable security features for internal use\nxpack.security.enabled: false\nxpack.monitoring.enabled: true\n      \n# Performance and memory settings\nindices.memory.index_buffer_size: 30%\nindices.queries.cache.size: 10%\n      \n# Index lifecycle management\naction.auto_create_index: true\n      \n"
                    },
                    "immutable": null,
                    "metadata": [
                        {
                            "annotations": null,
                            "generate_name": null,
                            "labels": {
                                "app": "elasticsearch",
                                "component": "storage",
                                "environment": "staging",
                                "managed-by": "terraform",
                                "part-of": "telemetry",
                                "project": "telemetry",
                                "team": "platform"
                            },
                            "name": "elasticsearch-config",
                            "namespace": "telemetry"
                        }
                    ]
                },
                "after_unknown": {
                    "data": {},
                    "id": true,
                    "metadata": [
                        {
                            "generation": true,
                            "labels": {},
                            "resource_version": true,
                            "uid": true
                        }
                    ]
                },
                "before_sensitive": false,
                "after_sensitive": {
                    "data": {},
                    "metadata": [
                        {
                            "labels": {}
                        }
                    ]
                }
            }
        },
        {
            "address": "module.telemetry.module.elasticsearch[0].kubernetes_cron_job_v1.index_cleanup",
            "module_address": "module.telemetry.module.elasticsearch[0]",
            "mode": "managed",
            "type": "kubernetes_cron_job_v1",
            "name": "index_cleanup",
            "provider_name": "registry.terraform.io/hashicorp/kubernetes",
            "change": {
                "actions": [
                    "create"
                ],
                "before": null,
                "after": {
                    "metadata": [
                        {
                            "annotations": null,
                            "generate_name": null,
                            "labels": {
                                "app": "elasticsearch",
                                "component": "storage",
                                "environment": "staging",
                                "managed-by": "terraform",
                                "part-of": "telemetry",
                                "project": "telemetry",
                                "team": "platform"
                            },
                            "name": "elasticsearch-index-cleanup",
                            "namespace": "telemetry"
                        }
                    ],
                    "spec": [
                        {
                            "concurrency_policy": "Forbid",
                            "failed_jobs_history_limit": 3,
                            "job_template": [
                                {
                                    "metadata": [
                                        {
                                            "annotations": null,
                                            "generate_name": null,
                                            "labels": {
                                                "app": "elasticsearch",
                                                "component": "storage",
                                                "environment": "staging",
                                                "managed-by": "terraform",
                                                "part-of": "telemetry",
                                                "project": "telemetry",
                                                "team": "platform"
                                            },
                                            "namespace": null
                                        }
                                    ],
                                    "spec": [
                                        {
                                            "active_deadline_seconds": null,
                                            "backoff_limit": 6,
                                            "backoff_limit_per_index": null,
                                            "completions": 1,
                                            "manual_selector": null,
                                            "max_failed_indexes": null,
                                            "parallelism": 1,
                                            "pod_failure_policy": [],
                                            "template": [
                                                {
                                                    "metadata": [
                                                        {
                                                            "annotations": null,
                                                            "generate_name": null,
                                                            "labels": {
                                                                "app": "elasticsearch",
                                                                "component": "storage",
                                                                "environment": "staging",
                                                                "managed-by": "terraform",
                                                                "part-of": "telemetry",
                                                                "project": "telemetry",
                                                                "team": "platform"
                                                            }
                                                        }
                                                    ],
                                                    "spec": [
                                                        {
                                                            "active_deadline_seconds": null,
                                                            "affinity": [],
                                                            "automount_service_account_token": true,
                                                            "container": [
                                                                {
                                                                    "args": null,
                                                                    "command": [
                                                                        "/bin/sh",
                                                                        "-c",
                                                                        "curator_cli \\\n  --host elasticsearch.telemetry.svc.cluster.local \\\n  --port 9200 \\\n  delete_indices \\\n  --filter_list '[{\"filtertype\":\"age\",\"source\":\"creation_date\",\"direction\":\"older\",\"unit\":\"days\",\"unit_count\":7},{\"filtertype\":\"pattern\",\"kind\":\"prefix\",\"value\":\"jaeger\"}]'\n"
                                                                    ],
                                                                    "env": [],
                                                                    "env_from": [],
                                                                    "image": "bitnami/elasticsearch-curator:5.8.4",
                                                                    "lifecycle": [],
                                                                    "liveness_probe": [],
                                                                    "name": "curator",
                                                                    "port": [],
                                                                    "readiness_probe": [],
                                                                    "security_context": [],
                                                                    "startup_probe": [],
                                                                    "stdin": false,
                                                                    "stdin_once": false,
                                                                    "termination_message_path": "/dev/termination-log",
                                                                    "tty": false,
                                                                    "volume_device": [],
                                                                    "volume_mount": [],
                                                                    "working_dir": null
                                                                }
                                                            ],
                                                            "dns_config": [],
                                                            "dns_policy": "ClusterFirst",
                                                            "enable_service_links": true,
                                                            "host_aliases": [],
                                                            "host_ipc": false,
                                                            "host_network": false,
                                                            "host_pid": false,
                                                            "init_container": [],
                                                            "node_selector": null,
                                                            "os": [],
                                                            "priority_class_name": null,
                                                            "restart_policy": "OnFailure",
                                                            "runtime_class_name": null,
                                                            "security_context": [],
                                                            "share_process_namespace": false,
                                                            "subdomain": null,
                                                            "termination_grace_period_seconds": 30,
                                                            "toleration": [],
                                                            "topology_spread_constraint": [],
                                                            "volume": []
                                                        }
                                                    ]
                                                }
                                            ],
                                            "ttl_seconds_after_finished": null
                                        }
                                    ]
                                }
                            ],
                            "schedule": "0 2 * * *",
                            "starting_deadline_seconds": 0,
                            "successful_jobs_history_limit": 3,
                            "suspend": false,
                            "timezone": null
                        }
                    ],
                    "timeouts": null
                },
                "after_unknown": {
                    "id": true,
                    "metadata": [
                        {
                            "generation": true,
                            "labels": {},
                            "resource_version": true,
                            "uid": true
                        }
                    ],
                    "spec": [
                        {
                            "job_template": [
                                {
                                    "metadata": [
                                        {
                                            "generation": true,
                                            "labels": {},
                                            "name": true,
                                            "resource_version": true,
                                            "uid": true
                                        }
                                    ],
                                    "spec": [
                                        {
                                            "completion_mode": true,
                                            "pod_failure_policy": [],
                                            "selector": true,
                                            "template": [
                                                {
                                                    "metadata": [
                                                        {
                                                            "generation": true,
                                                            "labels": {},
                                                            "name": true,
                                                            "resource_version": true,
                                                            "uid": true
                                                        }
                                                    ],
                                                    "spec": [
                                                        {
                                                            "affinity": [],
                                                            "container": [
                                                                {
                                                                    "command": [
                                                                        false,
                                                                        false,
                                                                        false
                                                                    ],
                                                                    "env": [],
                                                                    "env_from": [],
                                                                    "image_pull_policy": true,
                                                                    "lifecycle": [],
                                                                    "liveness_probe": [],
                                                                    "port": [],
                                                                    "readiness_probe": [],
                                                                    "resources": true,
                                                                    "security_context": [],
                                                                    "startup_probe": [],
                                                                    "termination_message_policy": true,
                                                                    "volume_device": [],
                                                                    "volume_mount": []
                                                                }
                                                            ],
                                                            "dns_config": [],
                                                            "host_aliases": [],
                                                            "hostname": true,
                                                            "image_pull_secrets": true,
                                                            "init_container": [],
                                                            "node_name": true,
                                                            "os": [],
                                                            "readiness_gate": true,
                                                            "scheduler_name": true,
                                                            "security_context": [],
                                                            "service_account_name": true,
                                                            "toleration": [],
                                                            "topology_spread_constraint": [],
                                                            "volume": []
                                                        }
                                                    ]
                                                }
                                            ]
                                        }
                                    ]
                                }
                            ]
                        }
                    ]
                },
                "before_sensitive": false,
                "after_sensitive": {
                    "metadata": [
                        {
                            "labels": {}
                        }
                    ],
                    "spec": [
                        {
                            "job_template": [
                                {
                                    "metadata": [
                                        {
                                            "labels": {}
                                        }
                                    ],
                                    "spec": [
                                        {
                                            "pod_failure_policy": [],
                                            "selector": [],
                                            "template": [
                                                {
                                                    "metadata": [
                                                        {
                                                            "labels": {}
                                                        }
                                                    ],
                                                    "spec": [
                                                        {
                                                            "affinity": [],
                                                            "container": [
                                                                {
                                                                    "command": [
                                                                        false,
                                                                        false,
                                                                        false
                                                                    ],
                                                                    "env": [],
                                                                    "env_from": [],
                                                                    "lifecycle": [],
                                                                    "liveness_probe": [],
                                                                    "port": [],
                                                                    "readiness_probe": [],
                                                                    "resources": [],
                                                                    "security_context": [],
                                                                    "startup_probe": [],
                                                                    "volume_device": [],
                                                                    "volume_mount": []
                                                                }
                                                            ],
                                                            "dns_config": [],
                                                            "host_aliases": [],
                                                            "image_pull_secrets": [],
                                                            "init_container": [],
                                                            "os": [],
                                                            "readiness_gate": [],
                                                            "security_context": [],
                                                            "toleration": [],
                                                            "topology_spread_constraint": [],
                                                            "volume": []
                                                        }
                                                    ]
                                                }
                                            ]
                                        }
                                    ]
                                }
                            ]
                        }
                    ]
                }
            }
        },
        {
            "address": "module.telemetry.module.elasticsearch[0].kubernetes_pod_disruption_budget_v1.elasticsearch[0]",
            "module_address": "module.telemetry.module.elasticsearch[0]",
            "mode": "managed",
            "type": "kubernetes_pod_disruption_budget_v1",
            "name": "elasticsearch",
            "index": 0,
            "provider_name": "registry.terraform.io/hashicorp/kubernetes",
            "change": {
                "actions": [
                    "create"
                ],
                "before": null,
                "after": {
                    "metadata": [
                        {
                            "annotations": null,
                            "generate_name": null,
                            "labels": {
                                "app": "elasticsearch",
                                "component": "storage",
                                "environment": "staging",
                                "managed-by": "terraform",
                                "part-of": "telemetry",
                                "project": "telemetry",
                                "team": "platform"
                            },
                            "name": "elasticsearch",
                            "namespace": "telemetry"
                        }
                    ],
                    "spec": [
                        {
                            "max_unavailable": null,
                            "min_available": "1",
                            "selector": [
                                {
                                    "match_expressions": [],
                                    "match_labels": {
                                        "app": "elasticsearch"
                                    }
                                }
                            ]
                        }
                    ]
                },
                "after_unknown": {
                    "id": true,
                    "metadata": [
                        {
                            "generation": true,
                            "labels": {},
                            "resource_version": true,
                            "uid": true
                        }
                    ],
                    "spec": [
                        {
                            "selector": [
                                {
                                    "match_expressions": [],
                                    "match_labels": {}
                                }
                            ]
                        }
                    ]
                },
                "before_sensitive": false,
                "after_sensitive": {
                    "metadata": [
                        {
                            "labels": {}
                        }
                    ],
                    "spec": [
                        {
                            "selector": [
                                {
                                    "match_expressions": [],
                                    "match_labels": {}
                                }
                            ]
                        }
                    ]
                }
            }
        },
        {
            "address": "module.telemetry.module.elasticsearch[0].kubernetes_service.elasticsearch",
            "module_address": "module.telemetry.module.elasticsearch[0]",
            "mode": "managed",
            "type": "kubernetes_service",
            "name": "elasticsearch",
            "provider_name": "registry.terraform.io/hashicorp/kubernetes",
            "change": {
                "actions": [
                    "create"
                ],
                "before": null,
                "after": {
                    "metadata": [
                        {
                            "annotations": null,
                            "generate_name": null,
                            "labels": {
                                "app": "elasticsearch",
                                "component": "storage",
                                "environment": "staging",
                                "managed-by": "terraform",
                                "part-of": "telemetry",
                                "project": "telemetry",
                                "team": "platform"
                            },
                            "name": "elasticsearch",
                            "namespace": "telemetry"
                        }
                    ],
                    "spec": [
                        {
                            "allocate_load_balancer_node_ports": true,
                            "cluster_ip": "None",
                            "external_ips": null,
                            "external_name": null,
                            "load_balancer_class": null,
                            "load_balancer_ip": null,
                            "load_balancer_source_ranges": null,
                            "port": [
                                {
                                    "app_protocol": null,
                                    "name": "http",
                                    "port": 9200,
                                    "protocol": "TCP",
                                    "target_port": "9200"
                                },
                                {
                                    "app_protocol": null,
                                    "name": "transport",
                                    "port": 9300,
                                    "protocol": "TCP",
                                    "target_port": "9300"
                                }
                            ],
                            "publish_not_ready_addresses": false,
                            "selector": {
                                "app": "elasticsearch"
                            },
                            "session_affinity": "None",
                            "type": "ClusterIP"
                        }
                    ],
                    "timeouts": null,
                    "wait_for_load_balancer": true
                },
                "after_unknown": {
                    "id": true,
                    "metadata": [
                        {
                            "generation": true,
                            "labels": {},
                            "resource_version": true,
                            "uid": true
                        }
                    ],
                    "spec": [
                        {
                            "cluster_ips": true,
                            "external_traffic_policy": true,
                            "health_check_node_port": true,
                            "internal_traffic_policy": true,
                            "ip_families": true,
                            "ip_family_policy": true,
                            "port": [
                                {
                                    "node_port": true
                                },
                                {
                                    "node_port": true
                                }
                            ],
                            "selector": {},
                            "session_affinity_config": true
                        }
                    ],
                    "status": true
                },
                "before_sensitive": false,
                "after_sensitive": {
                    "metadata": [
                        {
                            "labels": {}
                        }
                    ],
                    "spec": [
                        {
                            "cluster_ips": [],
                            "ip_families": [],
                            "port": [
                                {},
                                {}
                            ],
                            "selector": {},
                            "session_affinity_config": []
                        }
                    ],
                    "status": []
                }
            }
        },
        {
            "address": "module.telemetry.module.elasticsearch[0].kubernetes_stateful_set.elasticsearch",
            "module_address": "module.telemetry.module.elasticsearch[0]",
            "mode": "managed",
            "type": "kubernetes_stateful_set",
            "name": "elasticsearch",
            "provider_name": "registry.terraform.io/hashicorp/kubernetes",
            "change": {
                "actions": [
                    "create"
                ],
                "before": null,
                "after": {
                    "metadata": [
                        {
                            "annotations": null,
                            "generate_name": null,
                            "labels": {
                                "app": "elasticsearch",
                                "component": "storage",
                                "environment": "staging",
                                "managed-by": "terraform",
                                "part-of": "telemetry",
                                "project": "telemetry",
                                "team": "platform"
                            },
                            "name": "elasticsearch",
                            "namespace": "telemetry"
                        }
                    ],
                    "spec": [
                        {
                            "min_ready_seconds": 0,
                            "replicas": "2",
                            "selector": [
                                {
                                    "match_expressions": [],
                                    "match_labels": {
                                        "app": "elasticsearch"
                                    }
                                }
                            ],
                            "service_name": "elasticsearch",
                            "template": [
                                {
                                    "metadata": [
                                        {
                                            "annotations": null,
                                            "generate_name": null,
                                            "labels": {
                                                "app": "elasticsearch",
                                                "component": "storage",
                                                "environment": "staging",
                                                "managed-by": "terraform",
                                                "part-of": "telemetry",
                                                "project": "telemetry",
                                                "team": "platform"
                                            },
                                            "namespace": null
                                        }
                                    ],
                                    "spec": [
                                        {
                                            "active_deadline_seconds": null,
                                            "affinity": [
                                                {
                                                    "node_affinity": [],
                                                    "pod_affinity": [],
                                                    "pod_anti_affinity": [
                                                        {
                                                            "preferred_during_scheduling_ignored_during_execution": [
                                                                {
                                                                    "pod_affinity_term": [
                                                                        {
                                                                            "label_selector": [
                                                                                {
                                                                                    "match_expressions": [
                                                                                        {
                                                                                            "key": "app",
                                                                                            "operator": "In",
                                                                                            "values": [
                                                                                                "elasticsearch"
                                                                                            ]
                                                                                        }
                                                                                    ],
                                                                                    "match_labels": null
                                                                                }
                                                                            ],
                                                                            "namespace_selector": [],
                                                                            "namespaces": null,
                                                                            "topology_key": "kubernetes.io/hostname"
                                                                        }
                                                                    ],
                                                                    "weight": 100
                                                                }
                                                            ],
                                                            "required_during_scheduling_ignored_during_execution": []
                                                        }
                                                    ]
                                                }
                                            ],
                                            "automount_service_account_token": true,
                                            "container": [
                                                {
                                                    "args": null,
                                                    "command": null,
                                                    "env": [
                                                        {
                                                            "name": "cluster.name",
                                                            "value": "jaeger-cluster",
                                                            "value_from": []
                                                        },
                                                        {
                                                            "name": "node.name",
                                                            "value": null,
                                                            "value_from": [
                                                                {
                                                                    "config_map_key_ref": [],
                                                                    "field_ref": [
                                                                        {
                                                                            "api_version": "v1",
                                                                            "field_path": "metadata.name"
                                                                        }
                                                                    ],
                                                                    "resource_field_ref": [],
                                                                    "secret_key_ref": []
                                                                }
                                                            ]
                                                        },
                                                        {
                                                            "name": "discovery.type",
                                                            "value": "",
                                                            "value_from": []
                                                        },
                                                        {
                                                            "name": "ES_JAVA_OPTS",
                                                            "value": "-Xms2Gi -Xmx4Gi",
                                                            "value_from": []
                                                        },
                                                        {
                                                            "name": "xpack.security.enabled",
                                                            "value": "false",
                                                            "value_from": []
                                                        }
                                                    ],
                                                    "env_from": [],
                                                    "image": "docker.elastic.co/elasticsearch/elasticsearch:8.12.0",
                                                    "lifecycle": [],
                                                    "liveness_probe": [
                                                        {
                                                            "exec": [],
                                                            "failure_threshold": 3,
                                                            "grpc": [],
                                                            "http_get": [
                                                                {
                                                                    "host": null,
                                                                    "http_header": [],
                                                                    "path": "/_cluster/health?local=true",
                                                                    "port": "9200",
                                                                    "scheme": "HTTP"
                                                                }
                                                            ],
                                                            "initial_delay_seconds": 90,
                                                            "period_seconds": 30,
                                                            "success_threshold": 1,
                                                            "tcp_socket": [],
                                                            "timeout_seconds": 10
                                                        }
                                                    ],
                                                    "name": "elasticsearch",
                                                    "port": [
                                                        {
                                                            "container_port": 9200,
                                                            "host_ip": null,
                                                            "host_port": null,
                                                            "name": "http",
                                                            "protocol": "TCP"
                                                        },
                                                        {
                                                            "container_port": 9300,
                                                            "host_ip": null,
                                                            "host_port": null,
                                                            "name": "transport",
                                                            "protocol": "TCP"
                                                        }
                                                    ],
                                                    "readiness_probe": [
                                                        {
                                                            "exec": [],
                                                            "failure_threshold": 3,
                                                            "grpc": [],
                                                            "http_get": [
                                                                {
                                                                    "host": null,
                                                                    "http_header": [],
                                                                    "path": "/_cluster/health?local=true",
                                                                    "port": "9200",
                                                                    "scheme": "HTTP"
                                                                }
                                                            ],
                                                            "initial_delay_seconds": 60,
                                                            "period_seconds": 10,
                                                            "success_threshold": 1,
                                                            "tcp_socket": [],
                                                            "timeout_seconds": 5
                                                        }
                                                    ],
                                                    "resources": [
                                                        {
                                                            "limits": {
                                                                "cpu": "2000m",
                                                                "memory": "4Gi"
                                                            },
                                                            "requests": {
                                                                "cpu": "1000m",
                                                                "memory": "2Gi"
                                                            }
                                                        }
                                                    ],
                                                    "security_context": [],
                                                    "startup_probe": [],
                                                    "stdin": false,
                                                    "stdin_once": false,
                                                    "termination_message_path": "/dev/termination-log",
                                                    "tty": false,
                                                    "volume_device": [],
                                                    "volume_mount": [
                                                        {
                                                            "mount_path": "/usr/share/elasticsearch/data",
                                                            "mount_propagation": "None",
                                                            "name": "data",
                                                            "read_only": false,
                                                            "sub_path": null,
                                                            "sub_path_expr": null
                                                        },
                                                        {
                                                            "mount_path": "/usr/share/elasticsearch/config/elasticsearch.yml",
                                                            "mount_propagation": "None",
                                                            "name": "config",
                                                            "read_only": true,
                                                            "sub_path": "elasticsearch.yml",
                                                            "sub_path_expr": null
                                                        }
                                                    ],
                                                    "working_dir": null
                                                }
                                            ],
                                            "dns_config": [],
                                            "dns_policy": "ClusterFirst",
                                            "enable_service_links": true,
                                            "host_aliases": [],
                                            "host_ipc": false,
                                            "host_network": false,
                                            "host_pid": false,
                                            "init_container": [
                                                {
                                                    "args": null,
                                                    "command": [
                                                        "sh",
                                                        "-c",
                                                        "chown -R 1000:1000 /usr/share/elasticsearch/data"
                                                    ],
                                                    "env": [],
                                                    "env_from": [],
                                                    "image": "busybox:1.36",
                                                    "lifecycle": [],
                                                    "liveness_probe": [],
                                                    "name": "fix-permissions",
                                                    "port": [],
                                                    "readiness_probe": [],
                                                    "security_context": [
                                                        {
                                                            "allow_privilege_escalation": true,
                                                            "capabilities": [],
                                                            "privileged": false,
                                                            "read_only_root_filesystem": false,
                                                            "run_as_group": null,
                                                            "run_as_non_root": null,
                                                            "run_as_user": "0",
                                                            "se_linux_options": [],
                                                            "seccomp_profile": []
                                                        }
                                                    ],
                                                    "startup_probe": [],
                                                    "stdin": false,
                                                    "stdin_once": false,
                                                    "termination_message_path": "/dev/termination-log",
                                                    "tty": false,
                                                    "volume_device": [],
                                                    "volume_mount": [
                                                        {
                                                            "mount_path": "/usr/share/elasticsearch/data",
                                                            "mount_propagation": "None",
                                                            "name": "data",
                                                            "read_only": false,
                                                            "sub_path": null,
                                                            "sub_path_expr": null
                                                        }
                                                    ],
                                                    "working_dir": null
                                                },
                                                {
                                                    "args": null,
                                                    "command": [
                                                        "sysctl",
                                                        "-w",
                                                        "vm.max_map_count=262144"
                                                    ],
                                                    "env": [],
                                                    "env_from": [],
                                                    "image": "busybox:1.36",
                                                    "lifecycle": [],
                                                    "liveness_probe": [],
                                                    "name": "increase-vm-max-map",
                                                    "port": [],
                                                    "readiness_probe": [],
                                                    "security_context": [
                                                        {
                                                            "allow_privilege_escalation": true,
                                                            "capabilities": [],
                                                            "privileged": true,
                                                            "read_only_root_filesystem": false,
                                                            "run_as_group": null,
                                                            "run_as_non_root": null,
                                                            "run_as_user": null,
                                                            "se_linux_options": [],
                                                            "seccomp_profile": []
                                                        }
                                                    ],
                                                    "startup_probe": [],
                                                    "stdin": false,
                                                    "stdin_once": false,
                                                    "termination_message_path": "/dev/termination-log",
                                                    "tty": false,
                                                    "volume_device": [],
                                                    "volume_mount": [],
                                                    "working_dir": null
                                                }
                                            ],
                                            "node_selector": {
                                                "telemetry": "true"
                                            },
                                            "os": [],
                                            "priority_class_name": null,
                                            "restart_policy": "Always",
                                            "runtime_class_name": null,
                                            "security_context": [],
                                            "share_process_namespace": false,
                                            "subdomain": null,
                                            "termination_grace_period_seconds": 30,
                                            "toleration": [],
                                            "topology_spread_constraint": [],
                                            "volume": [
                                                {
                                                    "aws_elastic_block_store": [],
                                                    "azure_disk": [],
                                                    "azure_file": [],
                                                    "ceph_fs": [],
                                                    "cinder": [],
                                                    "config_map": [
                                                        {
                                                            "default_mode": "0644",
                                                            "items": [],
                                                            "name": "elasticsearch-config",
                                                            "optional": null
                                                        }
                                                    ],
                                                    "csi": [],
                                                    "downward_api": [],
                                                    "empty_dir": [],
                                                    "ephemeral": [],
                                                    "fc": [],
                                                    "flex_volume": [],
                                                    "flocker": [],
                                                    "gce_persistent_disk": [],
                                                    "git_repo": [],
                                                    "glusterfs": [],
                                                    "host_path": [],
                                                    "iscsi": [],
                                                    "local": [],
                                                    "name": "config",
                                                    "nfs": [],
                                                    "persistent_volume_claim": [],
                                                    "photon_persistent_disk": [],
                                                    "projected": [],
                                                    "quobyte": [],
                                                    "rbd": [],
                                                    "secret": [],
                                                    "vsphere_volume": []
                                                }
                                            ]
                                        }
                                    ]
                                }
                            ],
                            "update_strategy": [
                                {
                                    "rolling_update": [
                                        {
                                            "partition": 0
                                        }
                                    ],
                                    "type": "RollingUpdate"
                                }
                            ],
                            "volume_claim_template": [
                                {
                                    "metadata": [
                                        {
                                            "annotations": null,
                                            "generate_name": null,
                                            "labels": {
                                                "app": "elasticsearch",
                                                "component": "storage",
                                                "environment": "staging",
                                                "managed-by": "terraform",
                                                "part-of": "telemetry",
                                                "project": "telemetry",
                                                "team": "platform"
                                            },
                                            "name": "data",
                                            "namespace": "default"
                                        }
                                    ],
                                    "spec": [
                                        {
                                            "access_modes": [
                                                "ReadWriteOnce"
                                            ],
                                            "resources": [
                                                {
                                                    "limits": null,
                                                    "requests": {
                                                        "storage": "75Gi"
                                                    }
                                                }
                                            ],
                                            "selector": [],
                                            "storage_class_name": "gp3"
                                        }
                                    ]
                                }
                            ]
                        }
                    ],
                    "timeouts": null,
                    "wait_for_rollout": true
                },
                "after_unknown": {
                    "id": true,
                    "metadata": [
                        {
                            "generation": true,
                            "labels": {},
                            "resource_version": true,
                            "uid": true
                        }
                    ],
                    "spec": [
                        {
                            "persistent_volume_claim_retention_policy": true,
                            "pod_management_policy": true,
                            "revision_history_limit": true,
                            "selector": [
                                {
                                    "match_expressions": [],
                                    "match_labels": {}
                                }
                            ],
                            "template": [
                                {
                                    "metadata": [
                                        {
                                            "generation": true,
                                            "labels": {},
                                            "name": true,
                                            "resource_version": true,
                                            "uid": true
                                        }
                                    ],
                                    "spec": [
                                        {
                                            "affinity": [
                                                {
                                                    "node_affinity": [],
                                                    "pod_affinity": [],
                                                    "pod_anti_affinity": [
                                                        {
                                                            "preferred_during_scheduling_ignored_during_execution": [
                                                                {
                                                                    "pod_affinity_term": [
                                                                        {
                                                                            "label_selector": [
                                                                                {
                                                                                    "match_expressions": [
                                                                                        {
                                                                                            "values": [
                                                                                                false
                                                                                            ]
                                                                                        }
                                                                                    ]
                                                                                }
                                                                            ],
                                                                            "namespace_selector": []
                                                                        }
                                                                    ]
                                                                }
                                                            ],
                                                            "required_during_scheduling_ignored_during_execution": []
                                                        }
                                                    ]
                                                }
                                            ],
                                            "container": [
                                                {
                                                    "env": [
                                                        {
                                                            "value_from": []
                                                        },
                                                        {
                                                            "value_from": [
                                                                {
                                                                    "config_map_key_ref": [],
                                                                    "field_ref": [
                                                                        {}
                                                                    ],
                                                                    "resource_field_ref": [],
                                                                    "secret_key_ref": []
                                                                }
                                                            ]
                                                        },
                                                        {
                                                            "value_from": []
                                                        },
                                                        {
                                                            "value_from": []
                                                        },
                                                        {
                                                            "value_from": []
                                                        }
                                                    ],
                                                    "env_from": [],
                                                    "image_pull_policy": true,
                                                    "lifecycle": [],
                                                    "liveness_probe": [
                                                        {
                                                            "exec": [],
                                                            "grpc": [],
                                                            "http_get": [
                                                                {
                                                                    "http_header": []
                                                                }
                                                            ],
                                                            "tcp_socket": []
                                                        }
                                                    ],
                                                    "port": [
                                                        {},
                                                        {}
                                                    ],
                                                    "readiness_probe": [
                                                        {
                                                            "exec": [],
                                                            "grpc": [],
                                                            "http_get": [
                                                                {
                                                                    "http_header": []
                                                                }
                                                            ],
                                                            "tcp_socket": []
                                                        }
                                                    ],
                                                    "resources": [
                                                        {
                                                            "limits": {},
                                                            "requests": {}
                                                        }
                                                    ],
                                                    "security_context": [],
                                                    "startup_probe": [],
                                                    "termination_message_policy": true,
                                                    "volume_device": [],
                                                    "volume_mount": [
                                                        {},
                                                        {}
                                                    ]
                                                }
                                            ],
                                            "dns_config": [],
                                            "host_aliases": [],
                                            "hostname": true,
                                            "image_pull_secrets": true,
                                            "init_container": [
                                                {
                                                    "command": [
                                                        false,
                                                        false,
                                                        false
                                                    ],
                                                    "env": [],
                                                    "env_from": [],
                                                    "image_pull_policy": true,
                                                    "lifecycle": [],
                                                    "liveness_probe": [],
                                                    "port": [],
                                                    "readiness_probe": [],
                                                    "resources": true,
                                                    "security_context": [
                                                        {
                                                            "capabilities": [],
                                                            "se_linux_options": [],
                                                            "seccomp_profile": []
                                                        }
                                                    ],
                                                    "startup_probe": [],
                                                    "termination_message_policy": true,
                                                    "volume_device": [],
                                                    "volume_mount": [
                                                        {}
                                                    ]
                                                },
                                                {
                                                    "command": [
                                                        false,
                                                        false,
                                                        false
                                                    ],
                                                    "env": [],
                                                    "env_from": [],
                                                    "image_pull_policy": true,
                                                    "lifecycle": [],
                                                    "liveness_probe": [],
                                                    "port": [],
                                                    "readiness_probe": [],
                                                    "resources": true,
                                                    "security_context": [
                                                        {
                                                            "capabilities": [],
                                                            "se_linux_options": [],
                                                            "seccomp_profile": []
                                                        }
                                                    ],
                                                    "startup_probe": [],
                                                    "termination_message_policy": true,
                                                    "volume_device": [],
                                                    "volume_mount": []
                                                }
                                            ],
                                            "node_name": true,
                                            "node_selector": {},
                                            "os": [],
                                            "readiness_gate": true,
                                            "scheduler_name": true,
                                            "security_context": [],
                                            "service_account_name": true,
                                            "toleration": [],
                                            "topology_spread_constraint": [],
                                            "volume": [
                                                {
                                                    "aws_elastic_block_store": [],
                                                    "azure_disk": [],
                                                    "azure_file": [],
                                                    "ceph_fs": [],
                                                    "cinder": [],
                                                    "config_map": [
                                                        {
                                                            "items": []
                                                        }
                                                    ],
                                                    "csi": [],
                                                    "downward_api": [],
                                                    "empty_dir": [],
                                                    "ephemeral": [],
                                                    "fc": [],
                                                    "flex_volume": [],
                                                    "flocker": [],
                                                    "gce_persistent_disk": [],
                                                    "git_repo": [],
                                                    "glusterfs": [],
                                                    "host_path": [],
                                                    "iscsi": [],
                                                    "local": [],
                                                    "nfs": [],
                                                    "persistent_volume_claim": [],
                                                    "photon_persistent_disk": [],
                                                    "projected": [],
                                                    "quobyte": [],
                                                    "rbd": [],
                                                    "secret": [],
                                                    "vsphere_volume": []
                                                }
                                            ]
                                        }
                                    ]
                                }
                            ],
                            "update_strategy": [
                                {
                                    "rolling_update": [
                                        {}
                                    ]
                                }
                            ],
                            "volume_claim_template": [
                                {
                                    "metadata": [
                                        {
                                            "generation": true,
                                            "labels": {},
                                            "resource_version": true,
                                            "uid": true
                                        }
                                    ],
                                    "spec": [
                                        {
                                            "access_modes": [
                                                false
                                            ],
                                            "resources": [
                                                {
                                                    "requests": {}
                                                }
                                            ],
                                            "selector": [],
                                            "volume_mode": true,
                                            "volume_name": true
                                        }
                                    ]
                                }
                            ]
                        }
                    ]
                },
                "before_sensitive": false,
                "after_sensitive": {
                    "metadata": [
                        {
                            "labels": {}
                        }
                    ],
                    "spec": [
                        {
                            "persistent_volume_claim_retention_policy": [],
                            "selector": [
                                {
                                    "match_expressions": [],
                                    "match_labels": {}
                                }
                            ],
                            "template": [
                                {
                                    "metadata": [
                                        {
                                            "labels": {}
                                        }
                                    ],
                                    "spec": [
                                        {
                                            "affinity": [
                                                {
                                                    "node_affinity": [],
                                                    "pod_affinity": [],
                                                    "pod_anti_affinity": [
                                                        {
                                                            "preferred_during_scheduling_ignored_during_execution": [
                                                                {
                                                                    "pod_affinity_term": [
                                                                        {
                                                                            "label_selector": [
                                                                                {
                                                                                    "match_expressions": [
                                                                                        {
                                                                                            "values": [
                                                                                                false
                                                                                            ]
                                                                                        }
                                                                                    ]
                                                                                }
                                                                            ],
                                                                            "namespace_selector": []
                                                                        }
                                                                    ]
                                                                }
                                                            ],
                                                            "required_during_scheduling_ignored_during_execution": []
                                                        }
                                                    ]
                                                }
                                            ],
                                            "container": [
                                                {
                                                    "env": [
                                                        {
                                                            "value_from": []
                                                        },
                                                        {
                                                            "value_from": [
                                                                {
                                                                    "config_map_key_ref": [],
                                                                    "field_ref": [
                                                                        {}
                                                                    ],
                                                                    "resource_field_ref": [],
                                                                    "secret_key_ref": []
                                                                }
                                                            ]
                                                        },
                                                        {
                                                            "value_from": []
                                                        },
                                                        {
                                                            "value_from": []
                                                        },
                                                        {
                                                            "value_from": []
                                                        }
                                                    ],
                                                    "env_from": [],
                                                    "lifecycle": [],
                                                    "liveness_probe": [
                                                        {
                                                            "exec": [],
                                                            "grpc": [],
                                                            "http_get": [
                                                                {
                                                                    "http_header": []
                                                                }
                                                            ],
                                                            "tcp_socket": []
                                                        }
                                                    ],
                                                    "port": [
                                                        {},
                                                        {}
                                                    ],
                                                    "readiness_probe": [
                                                        {
                                                            "exec": [],
                                                            "grpc": [],
                                                            "http_get": [
                                                                {
                                                                    "http_header": []
                                                                }
                                                            ],
                                                            "tcp_socket": []
                                                        }
                                                    ],
                                                    "resources": [
                                                        {
                                                            "limits": {},
                                                            "requests": {}
                                                        }
                                                    ],
                                                    "security_context": [],
                                                    "startup_probe": [],
                                                    "volume_device": [],
                                                    "volume_mount": [
                                                        {},
                                                        {}
                                                    ]
                                                }
                                            ],
                                            "dns_config": [],
                                            "host_aliases": [],
                                            "image_pull_secrets": [],
                                            "init_container": [
                                                {
                                                    "command": [
                                                        false,
                                                        false,
                                                        false
                                                    ],
                                                    "env": [],
                                                    "env_from": [],
                                                    "lifecycle": [],
                                                    "liveness_probe": [],
                                                    "port": [],
                                                    "readiness_probe": [],
                                                    "resources": [],
                                                    "security_context": [
                                                        {
                                                            "capabilities": [],
                                                            "se_linux_options": [],
                                                            "seccomp_profile": []
                                                        }
                                                    ],
                                                    "startup_probe": [],
                                                    "volume_device": [],
                                                    "volume_mount": [
                                                        {}
                                                    ]
                                                },
                                                {
                                                    "command": [
                                                        false,
                                                        false,
                                                        false
                                                    ],
                                                    "env": [],
                                                    "env_from": [],
                                                    "lifecycle": [],
                                                    "liveness_probe": [],
                                                    "port": [],
                                                    "readiness_probe": [],
                                                    "resources": [],
                                                    "security_context": [
                                                        {
                                                            "capabilities": [],
                                                            "se_linux_options": [],
                                                            "seccomp_profile": []
                                                        }
                                                    ],
                                                    "startup_probe": [],
                                                    "volume_device": [],
                                                    "volume_mount": []
                                                }
                                            ],
                                            "node_selector": {},
                                            "os": [],
                                            "readiness_gate": [],
                                            "security_context": [],
                                            "toleration": [],
                                            "topology_spread_constraint": [],
                                            "volume": [
                                                {
                                                    "aws_elastic_block_store": [],
                                                    "azure_disk": [],
                                                    "azure_file": [],
                                                    "ceph_fs": [],
                                                    "cinder": [],
                                                    "config_map": [
                                                        {
                                                            "items": []
                                                        }
                                                    ],
                                                    "csi": [],
                                                    "downward_api": [],
                                                    "empty_dir": [],
                                                    "ephemeral": [],
                                                    "fc": [],
                                                    "flex_volume": [],
                                                    "flocker": [],
                                                    "gce_persistent_disk": [],
                                                    "git_repo": [],
                                                    "glusterfs": [],
                                                    "host_path": [],
                                                    "iscsi": [],
                                                    "local": [],
                                                    "nfs": [],
                                                    "persistent_volume_claim": [],
                                                    "photon_persistent_disk": [],
                                                    "projected": [],
                                                    "quobyte": [],
                                                    "rbd": [],
                                                    "secret": [],
                                                    "vsphere_volume": []
                                                }
                                            ]
                                        }
                                    ]
                                }
                            ],
                            "update_strategy": [
                                {
                                    "rolling_update": [
                                        {}
                                    ]
                                }
                            ],
                            "volume_claim_template": [
                                {
                                    "metadata": [
                                        {
                                            "labels": {}
                                        }
                                    ],
                                    "spec": [
                                        {
                                            "access_modes": [
                                                false
                                            ],
                                            "resources": [
                                                {
                                                    "requests": {}
                                                }
                                            ],
                                            "selector": []
                                        }
                                    ]
                                }
                            ]
                        }
                    ]
                }
            }
        },
        {
            "address": "module.telemetry.module.jaeger.helm_release.jaeger",
            "module_address": "module.telemetry.module.jaeger",
            "mode": "managed",
            "type": "helm_release",
            "name": "jaeger",
            "provider_name": "registry.terraform.io/hashicorp/helm",
            "change": {
                "actions": [
                    "create"
                ],
                "before": null,
                "after": {
                    "atomic": false,
                    "chart": "jaeger",
                    "cleanup_on_fail": false,
                    "create_namespace": false,
                    "dependency_update": false,
                    "description": null,
                    "devel": null,
                    "disable_crd_hooks": false,
                    "disable_openapi_validation": false,
                    "disable_webhooks": false,
                    "force_update": false,
                    "keyring": null,
                    "lint": false,
                    "max_history": 0,
                    "name": "jaeger",
                    "namespace": "telemetry",
                    "pass_credentials": false,
                    "postrender": [],
                    "recreate_pods": false,
                    "render_subchart_notes": true,
                    "replace": false,
                    "repository": "https://jaegertracing.github.io/helm-charts",
                    "repository_ca_file": null,
                    "repository_cert_file": null,
                    "repository_key_file": null,
                    "repository_password": null,
                    "repository_username": null,
                    "reset_values": false,
                    "reuse_values": false,
                    "set": [
                        {
                            "name": "commonLabels.environment",
                            "type": "",
                            "value": "staging"
                        },
                        {
                            "name": "commonLabels.managed-by",
                            "type": "",
                            "value": "terraform"
                        }
                    ],
                    "set_list": [],
                    "set_sensitive": [],
                    "skip_crds": false,
                    "status": "deployed",
                    "timeout": 600,
                    "upgrade_install": null,
                    "values": [
                        "\"agent\":\n  \"enabled\": false\n\"allInOne\":\n  \"enabled\": false\n\"collector\":\n  \"affinity\":\n    \"podAntiAffinity\":\n      \"preferredDuringSchedulingIgnoredDuringExecution\":\n      - \"podAffinityTerm\":\n          \"labelSelector\":\n            \"matchExpressions\":\n            - \"key\": \"app.kubernetes.io/component\"\n              \"operator\": \"In\"\n              \"values\":\n              - \"collector\"\n          \"topologyKey\": \"kubernetes.io/hostname\"\n        \"weight\": 100\n  \"autoscaling\":\n    \"enabled\": false\n  \"enabled\": true\n  \"podDisruptionBudget\":\n    \"enabled\": true\n    \"minAvailable\": 1\n  \"replicaCount\": 2\n  \"resources\":\n    \"limits\":\n      \"cpu\": \"500m\"\n      \"memory\": \"512Mi\"\n    \"requests\":\n      \"cpu\": \"100m\"\n      \"memory\": \"256Mi\"\n  \"service\":\n    \"grpc\":\n      \"port\": 14250\n    \"http\":\n      \"port\": 14268\n    \"otlp\":\n      \"grpc\":\n        \"port\": 4317\n      \"http\":\n        \"port\": 4318\n    \"type\": \"ClusterIP\"\n  \"strategy\":\n    \"rollingUpdate\":\n      \"maxSurge\": \"25%\"\n      \"maxUnavailable\": \"25%\"\n    \"type\": \"RollingUpdate\"\n\"ingress\":\n  \"enabled\": false\n\"provisionDataStore\":\n  \"cassandra\": false\n  \"elasticsearch\": true\n\"query\":\n  \"affinity\":\n    \"podAntiAffinity\":\n      \"preferredDuringSchedulingIgnoredDuringExecution\":\n      - \"podAffinityTerm\":\n          \"labelSelector\":\n            \"matchExpressions\":\n            - \"key\": \"app.kubernetes.io/component\"\n              \"operator\": \"In\"\n              \"values\":\n              - \"query\"\n          \"topologyKey\": \"kubernetes.io/hostname\"\n        \"weight\": 100\n  \"enabled\": true\n  \"podDisruptionBudget\":\n    \"enabled\": true\n    \"minAvailable\": 1\n  \"replicaCount\": 2\n  \"resources\":\n    \"limits\":\n      \"cpu\": \"500m\"\n      \"memory\": \"512Mi\"\n    \"requests\":\n      \"cpu\": \"100m\"\n      \"memory\": \"128Mi\"\n  \"service\":\n    \"port\": 16686\n    \"type\": \"ClusterIP\"\n  \"strategy\":\n    \"rollingUpdate\":\n      \"maxSurge\": \"25%\"\n      \"maxUnavailable\": \"25%\"\n    \"type\": \"RollingUpdate\"\n\"storage\":\n  \"elasticsearch\":\n    \"host\": \"elasticsearch.telemetry.svc.cluster.local\"\n    \"password\": \"\"\n    \"port\": 9200\n    \"scheme\": \"http\"\n    \"user\": \"\"\n  \"type\": \"elasticsearch\"\n"
                    ],
                    "verify": false,
                    "version": "2.0.0",
                    "wait": true,
                    "wait_for_jobs": false
                },
                "after_unknown": {
                    "id": true,
                    "manifest": true,
                    "metadata": true,
                    "postrender": [],
                    "set": [
                        {},
                        {}
                    ],
                    "set_list": [],
                    "set_sensitive": [],
                    "values": [
                        false
                    ]
                },
                "before_sensitive": false,
                "after_sensitive": {
                    "metadata": [],
                    "postrender": [],
                    "repository_password": true,
                    "set": [
                        {},
                        {}
                    ],
                    "set_list": [],
                    "set_sensitive": [],
                    "values": [
                        false
                    ]
                }
            }
        },
        {
            "address": "module.telemetry.module.namespace.kubernetes_namespace.this[0]",
            "module_address": "module.telemetry.module.namespace",
            "mode": "managed",
            "type": "kubernetes_namespace",
            "name": "this",
            "index": 0,
            "provider_name": "registry.terraform.io/hashicorp/kubernetes",
            "change": {
                "actions": [
                    "create"
                ],
                "before": null,
                "after": {
                    "metadata": [
                        {
                            "annotations": null,
                            "generate_name": null,
                            "labels": {
                                "environment": "staging",
                                "managed-by": "terraform",
                                "project": "telemetry",
                                "team": "platform"
                            },
                            "name": "telemetry"
                        }
                    ],
                    "timeouts": null,
                    "wait_for_default_service_account": false
                },
                "after_unknown": {
                    "id": true,
                    "metadata": [
                        {
                            "generation": true,
                            "labels": {},
                            "resource_version": true,
                            "uid": true
                        }
                    ]
                },
                "before_sensitive": false,
                "after_sensitive": {
                    "metadata": [
                        {
                            "labels": {}
                        }
                    ]
                }
            }
        },
        {
            "address": "module.telemetry.module.otel_collector.kubernetes_cluster_role.otel_collector",
            "module_address": "module.telemetry.module.otel_collector",
            "mode": "managed",
            "type": "kubernetes_cluster_role",
            "name": "otel_collector",
            "provider_name": "registry.terraform.io/hashicorp/kubernetes",
            "change": {
                "actions": [
                    "create"
                ],
                "before": null,
                "after": {
                    "aggregation_rule": [],
                    "metadata": [
                        {
                            "annotations": null,
                            "generate_name": null,
                            "labels": {
                                "app": "otel-collector",
                                "component": "collector",
                                "environment": "staging",
                                "managed-by": "terraform",
                                "part-of": "telemetry",
                                "project": "telemetry",
                                "team": "platform"
                            },
                            "name": "otel-collector-telemetry"
                        }
                    ],
                    "rule": [
                        {
                            "api_groups": [
                                ""
                            ],
                            "non_resource_urls": null,
                            "resource_names": null,
                            "resources": [
                                "pods",
                                "namespaces",
                                "nodes"
                            ],
                            "verbs": [
                                "get",
                                "watch",
                                "list"
                            ]
                        },
                        {
                            "api_groups": [
                                "apps"
                            ],
                            "non_resource_urls": null,
                            "resource_names": null,
                            "resources": [
                                "replicasets",
                                "deployments"
                            ],
                            "verbs": [
                                "get",
                                "list",
                                "watch"
                            ]
                        }
                    ]
                },
                "after_unknown": {
                    "aggregation_rule": [],
                    "id": true,
                    "metadata": [
                        {
                            "generation": true,
                            "labels": {},
                            "resource_version": true,
                            "uid": true
                        }
                    ],
                    "rule": [
                        {
                            "api_groups": [
                                false
                            ],
                            "resources": [
                                false,
                                false,
                                false
                            ],
                            "verbs": [
                                false,
                                false,
                                false
                            ]
                        },
                        {
                            "api_groups": [
                                false
                            ],
                            "resources": [
                                false,
                                false
                            ],
                            "verbs": [
                                false,
                                false,
                                false
                            ]
                        }
                    ]
                },
                "before_sensitive": false,
                "after_sensitive": {
                    "aggregation_rule": [],
                    "metadata": [
                        {
                            "labels": {}
                        }
                    ],
                    "rule": [
                        {
                            "api_groups": [
                                false
                            ],
                            "resources": [
                                false,
                                false,
                                false
                            ],
                            "verbs": [
                                false,
                                false,
                                false
                            ]
                        },
                        {
                            "api_groups": [
                                false
                            ],
                            "resources": [
                                false,
                                false
                            ],
                            "verbs": [
                                false,
                                false,
                                false
                            ]
                        }
                    ]
                }
            }
        },
        {
            "address": "module.telemetry.module.otel_collector.kubernetes_cluster_role_binding.otel_collector",
            "module_address": "module.telemetry.module.otel_collector",
            "mode": "managed",
            "type": "kubernetes_cluster_role_binding",
            "name": "otel_collector",
            "provider_name": "registry.terraform.io/hashicorp/kubernetes",
            "change": {
                "actions": [
                    "create"
                ],
                "before": null,
                "after": {
                    "metadata": [
                        {
                            "annotations": null,
                            "generate_name": null,
                            "labels": {
                                "app": "otel-collector",
                                "component": "collector",
                                "environment": "staging",
                                "managed-by": "terraform",
                                "part-of": "telemetry",
                                "project": "telemetry",
                                "team": "platform"
                            },
                            "name": "otel-collector-telemetry"
                        }
                    ],
                    "role_ref": [
                        {
                            "api_group": "rbac.authorization.k8s.io",
                            "kind": "ClusterRole",
                            "name": "otel-collector-telemetry"
                        }
                    ],
                    "subject": [
                        {
                            "kind": "ServiceAccount",
                            "name": "otel-collector",
                            "namespace": "telemetry"
                        }
                    ]
                },
                "after_unknown": {
                    "id": true,
                    "metadata": [
                        {
                            "generation": true,
                            "labels": {},
                            "resource_version": true,
                            "uid": true
                        }
                    ],
                    "role_ref": [
                        {}
                    ],
                    "subject": [
                        {
                            "api_group": true
                        }
                    ]
                },
                "before_sensitive": false,
                "after_sensitive": {
                    "metadata": [
                        {
                            "labels": {}
                        }
                    ],
                    "role_ref": [
                        {}
                    ],
                    "subject": [
                        {}
                    ]
                }
            }
        },
        {
            "address": "module.telemetry.module.otel_collector.kubernetes_config_map.otel_collector",
            "module_address": "module.telemetry.module.otel_collector",
            "mode": "managed",
            "type": "kubernetes_config_map",
            "name": "otel_collector",
            "provider_name": "registry.terraform.io/hashicorp/kubernetes",
            "change": {
                "actions": [
                    "create"
                ],
                "before": null,
                "after": {
                    "binary_data": null,
                    "data": {
                        "otel-collector-config.yaml": "\"exporters\":\n  \"jaeger\":\n    \"endpoint\": \"jaeger-collector.telemetry.svc.cluster.local:14250\"\n    \"tls\":\n      \"insecure\": true\n  \"logging\":\n    \"loglevel\": \"info\"\n    \"sampling_initial\": 5\n    \"sampling_thereafter\": 200\n  \"otlp\":\n    \"endpoint\": \"jaeger-collector.telemetry.svc.cluster.local:14250\"\n    \"tls\":\n      \"insecure\": true\n\"extensions\":\n  \"health_check\":\n    \"endpoint\": \"0.0.0.0:13133\"\n  \"pprof\":\n    \"endpoint\": \"0.0.0.0:1777\"\n  \"zpages\":\n    \"endpoint\": \"0.0.0.0:55679\"\n\"processors\":\n  \"batch\":\n    \"send_batch_max_size\": 2048\n    \"send_batch_size\": 1024\n    \"timeout\": \"10s\"\n  \"k8sattributes\":\n    \"auth_type\": \"serviceAccount\"\n    \"extract\":\n      \"labels\":\n      - \"from\": \"pod\"\n        \"key\": \"app\"\n        \"tag_name\": \"app\"\n      \"metadata\":\n      - \"k8s.namespace.name\"\n      - \"k8s.deployment.name\"\n      - \"k8s.pod.name\"\n      - \"k8s.pod.uid\"\n      - \"k8s.node.name\"\n    \"passthrough\": false\n  \"memory_limiter\":\n    \"check_interval\": \"1s\"\n    \"limit_mib\": 512\n    \"limit_percentage\": 80\n    \"spike_limit_mib\": 128\n    \"spike_limit_percentage\": 20\n  \"resource\":\n    \"attributes\":\n    - \"action\": \"insert\"\n      \"key\": \"environment\"\n      \"value\": \"staging\"\n    - \"action\": \"insert\"\n      \"key\": \"k8s.cluster.name\"\n      \"value\": \"default\"\n\"receivers\":\n  \"otlp\":\n    \"protocols\":\n      \"grpc\":\n        \"endpoint\": \"0.0.0.0:4317\"\n      \"http\":\n        \"endpoint\": \"0.0.0.0:4318\"\n  \"prometheus\":\n    \"config\":\n      \"scrape_configs\":\n      - \"job_name\": \"otel-collector\"\n        \"scrape_interval\": \"30s\"\n        \"static_configs\":\n        - \"targets\":\n          - \"localhost:8888\"\n\"service\":\n  \"extensions\":\n  - \"health_check\"\n  - \"pprof\"\n  - \"zpages\"\n  \"pipelines\":\n    \"metrics\":\n      \"exporters\":\n      - \"logging\"\n      \"processors\":\n      - \"memory_limiter\"\n      - \"batch\"\n      \"receivers\":\n      - \"otlp\"\n      - \"prometheus\"\n    \"traces\":\n      \"exporters\":\n      - \"jaeger\"\n      - \"logging\"\n      \"processors\":\n      - \"memory_limiter\"\n      - \"k8sattributes\"\n      - \"resource\"\n      - \"batch\"\n      \"receivers\":\n      - \"otlp\"\n  \"telemetry\":\n    \"logs\":\n      \"level\": \"info\"\n    \"metrics\":\n      \"address\": \"0.0.0.0:8888\"\n      \"level\": \"detailed\"\n"
                    },
                    "immutable": null,
                    "metadata": [
                        {
                            "annotations": null,
                            "generate_name": null,
                            "labels": {
                                "app": "otel-collector",
                                "component": "collector",
                                "environment": "staging",
                                "managed-by": "terraform",
                                "part-of": "telemetry",
                                "project": "telemetry",
                                "team": "platform"
                            },
                            "name": "otel-collector-config",
                            "namespace": "telemetry"
                        }
                    ]
                },
                "after_unknown": {
                    "data": {},
                    "id": true,
                    "metadata": [
                        {
                            "generation": true,
                            "labels": {},
                            "resource_version": true,
                            "uid": true
                        }
                    ]
                },
                "before_sensitive": false,
                "after_sensitive": {
                    "data": {},
                    "metadata": [
                        {
                            "labels": {}
                        }
                    ]
                }
            }
        },
        {
            "address": "module.telemetry.module.otel_collector.kubernetes_deployment.otel_collector",
            "module_address": "module.telemetry.module.otel_collector",
            "mode": "managed",
            "type": "kubernetes_deployment",
            "name": "otel_collector",
            "provider_name": "registry.terraform.io/hashicorp/kubernetes",
            "change": {
                "actions": [
                    "create"
                ],
                "before": null,
                "after": {
                    "metadata": [
                        {
                            "annotations": null,
                            "generate_name": null,
                            "labels": {
                                "app": "otel-collector",
                                "component": "collector",
                                "environment": "staging",
                                "managed-by": "terraform",
                                "part-of": "telemetry",
                                "project": "telemetry",
                                "team": "platform"
                            },
                            "name": "otel-collector",
                            "namespace": "telemetry"
                        }
                    ],
                    "spec": [
                        {
                            "min_ready_seconds": 0,
                            "paused": false,
                            "progress_deadline_seconds": 600,
                            "revision_history_limit": 10,
                            "selector": [
                                {
                                    "match_expressions": [],
                                    "match_labels": {
                                        "app": "otel-collector"
                                    }
                                }
                            ],
                            "strategy": [
                                {
                                    "rolling_update": [
                                        {
                                            "max_surge": "25%",
                                            "max_unavailable": "25%"
                                        }
                                    ],
                                    "type": "RollingUpdate"
                                }
                            ],
                            "template": [
                                {
                                    "metadata": [
                                        {
                                            "annotations": {
                                                "prometheus.io/path": "/metrics",
                                                "prometheus.io/port": "8888",
                                                "prometheus.io/scrape": "true"
                                            },
                                            "generate_name": null,
                                            "labels": {
                                                "app": "otel-collector",
                                                "component": "collector",
                                                "environment": "staging",
                                                "managed-by": "terraform",
                                                "part-of": "telemetry",
                                                "project": "telemetry",
                                                "team": "platform"
                                            },
                                            "namespace": null
                                        }
                                    ],
                                    "spec": [
                                        {
                                            "active_deadline_seconds": null,
                                            "affinity": [
                                                {
                                                    "node_affinity": [],
                                                    "pod_affinity": [],
                                                    "pod_anti_affinity": [
                                                        {
                                                            "preferred_during_scheduling_ignored_during_execution": [
                                                                {
                                                                    "pod_affinity_term": [
                                                                        {
                                                                            "label_selector": [
                                                                                {
                                                                                    "match_expressions": [
                                                                                        {
                                                                                            "key": "app",
                                                                                            "operator": "In",
                                                                                            "values": [
                                                                                                "otel-collector"
                                                                                            ]
                                                                                        }
                                                                                    ],
                                                                                    "match_labels": null
                                                                                }
                                                                            ],
                                                                            "namespace_selector": [],
                                                                            "namespaces": null,
                                                                            "topology_key": "kubernetes.io/hostname"
                                                                        }
                                                                    ],
                                                                    "weight": 100
                                                                }
                                                            ],
                                                            "required_during_scheduling_ignored_during_execution": []
                                                        }
                                                    ]
                                                }
                                            ],
                                            "automount_service_account_token": true,
                                            "container": [
                                                {
                                                    "args": [
                                                        "--config=/conf/otel-collector-config.yaml"
                                                    ],
                                                    "command": null,
                                                    "env": [
                                                        {
                                                            "name": "K8S_NODE_NAME",
                                                            "value": null,
                                                            "value_from": [
                                                                {
                                                                    "config_map_key_ref": [],
                                                                    "field_ref": [
                                                                        {
                                                                            "api_version": "v1",
                                                                            "field_path": "spec.nodeName"
                                                                        }
                                                                    ],
                                                                    "resource_field_ref": [],
                                                                    "secret_key_ref": []
                                                                }
                                                            ]
                                                        },
                                                        {
                                                            "name": "K8S_POD_NAME",
                                                            "value": null,
                                                            "value_from": [
                                                                {
                                                                    "config_map_key_ref": [],
                                                                    "field_ref": [
                                                                        {
                                                                            "api_version": "v1",
                                                                            "field_path": "metadata.name"
                                                                        }
                                                                    ],
                                                                    "resource_field_ref": [],
                                                                    "secret_key_ref": []
                                                                }
                                                            ]
                                                        },
                                                        {
                                                            "name": "K8S_POD_NAMESPACE",
                                                            "value": null,
                                                            "value_from": [
                                                                {
                                                                    "config_map_key_ref": [],
                                                                    "field_ref": [
                                                                        {
                                                                            "api_version": "v1",
                                                                            "field_path": "metadata.namespace"
                                                                        }
                                                                    ],
                                                                    "resource_field_ref": [],
                                                                    "secret_key_ref": []
                                                                }
                                                            ]
                                                        },
                                                        {
                                                            "name": "K8S_POD_IP",
                                                            "value": null,
                                                            "value_from": [
                                                                {
                                                                    "config_map_key_ref": [],
                                                                    "field_ref": [
                                                                        {
                                                                            "api_version": "v1",
                                                                            "field_path": "status.podIP"
                                                                        }
                                                                    ],
                                                                    "resource_field_ref": [],
                                                                    "secret_key_ref": []
                                                                }
                                                            ]
                                                        }
                                                    ],
                                                    "env_from": [],
                                                    "image": "otel/opentelemetry-collector-contrib:0.95.0",
                                                    "lifecycle": [],
                                                    "liveness_probe": [
                                                        {
                                                            "exec": [],
                                                            "failure_threshold": 3,
                                                            "grpc": [],
                                                            "http_get": [
                                                                {
                                                                    "host": null,
                                                                    "http_header": [],
                                                                    "path": "/",
                                                                    "port": "13133",
                                                                    "scheme": "HTTP"
                                                                }
                                                            ],
                                                            "initial_delay_seconds": 15,
                                                            "period_seconds": 20,
                                                            "success_threshold": 1,
                                                            "tcp_socket": [],
                                                            "timeout_seconds": 5
                                                        }
                                                    ],
                                                    "name": "otel-collector",
                                                    "port": [
                                                        {
                                                            "container_port": 4317,
                                                            "host_ip": null,
                                                            "host_port": null,
                                                            "name": "otlp-grpc",
                                                            "protocol": "TCP"
                                                        },
                                                        {
                                                            "container_port": 4318,
                                                            "host_ip": null,
                                                            "host_port": null,
                                                            "name": "otlp-http",
                                                            "protocol": "TCP"
                                                        },
                                                        {
                                                            "container_port": 8888,
                                                            "host_ip": null,
                                                            "host_port": null,
                                                            "name": "metrics",
                                                            "protocol": "TCP"
                                                        },
                                                        {
                                                            "container_port": 13133,
                                                            "host_ip": null,
                                                            "host_port": null,
                                                            "name": "health",
                                                            "protocol": "TCP"
                                                        },
                                                        {
                                                            "container_port": 55679,
                                                            "host_ip": null,
                                                            "host_port": null,
                                                            "name": "zpages",
                                                            "protocol": "TCP"
                                                        }
                                                    ],
                                                    "readiness_probe": [
                                                        {
                                                            "exec": [],
                                                            "failure_threshold": 3,
                                                            "grpc": [],
                                                            "http_get": [
                                                                {
                                                                    "host": null,
                                                                    "http_header": [],
                                                                    "path": "/",
                                                                    "port": "13133",
                                                                    "scheme": "HTTP"
                                                                }
                                                            ],
                                                            "initial_delay_seconds": 10,
                                                            "period_seconds": 10,
                                                            "success_threshold": 1,
                                                            "tcp_socket": [],
                                                            "timeout_seconds": 5
                                                        }
                                                    ],
                                                    "resources": [
                                                        {
                                                            "limits": {
                                                                "cpu": "1500m",
                                                                "memory": "2Gi"
                                                            },
                                                            "requests": {
                                                                "cpu": "300m",
                                                                "memory": "512Mi"
                                                            }
                                                        }
                                                    ],
                                                    "security_context": [],
                                                    "startup_probe": [],
                                                    "stdin": false,
                                                    "stdin_once": false,
                                                    "termination_message_path": "/dev/termination-log",
                                                    "tty": false,
                                                    "volume_device": [],
                                                    "volume_mount": [
                                                        {
                                                            "mount_path": "/conf",
                                                            "mount_propagation": "None",
                                                            "name": "otel-collector-config",
                                                            "read_only": false,
                                                            "sub_path": null,
                                                            "sub_path_expr": null
                                                        }
                                                    ],
                                                    "working_dir": null
                                                }
                                            ],
                                            "dns_config": [],
                                            "dns_policy": "ClusterFirst",
                                            "enable_service_links": true,
                                            "host_aliases": [],
                                            "host_ipc": false,
                                            "host_network": false,
                                            "host_pid": false,
                                            "init_container": [],
                                            "node_selector": {
                                                "telemetry": "true"
                                            },
                                            "os": [],
                                            "priority_class_name": null,
                                            "restart_policy": "Always",
                                            "runtime_class_name": null,
                                            "security_context": [],
                                            "service_account_name": "otel-collector",
                                            "share_process_namespace": false,
                                            "subdomain": null,
                                            "termination_grace_period_seconds": 30,
                                            "toleration": [],
                                            "topology_spread_constraint": [],
                                            "volume": [
                                                {
                                                    "aws_elastic_block_store": [],
                                                    "azure_disk": [],
                                                    "azure_file": [],
                                                    "ceph_fs": [],
                                                    "cinder": [],
                                                    "config_map": [
                                                        {
                                                            "default_mode": "0644",
                                                            "items": [],
                                                            "name": "otel-collector-config",
                                                            "optional": null
                                                        }
                                                    ],
                                                    "csi": [],
                                                    "downward_api": [],
                                                    "empty_dir": [],
                                                    "ephemeral": [],
                                                    "fc": [],
                                                    "flex_volume": [],
                                                    "flocker": [],
                                                    "gce_persistent_disk": [],
                                                    "git_repo": [],
                                                    "glusterfs": [],
                                                    "host_path": [],
                                                    "iscsi": [],
                                                    "local": [],
                                                    "name": "otel-collector-config",
                                                    "nfs": [],
                                                    "persistent_volume_claim": [],
                                                    "photon_persistent_disk": [],
                                                    "projected": [],
                                                    "quobyte": [],
                                                    "rbd": [],
                                                    "secret": [],
                                                    "vsphere_volume": []
                                                }
                                            ]
                                        }
                                    ]
                                }
                            ]
                        }
                    ],
                    "timeouts": null,
                    "wait_for_rollout": true
                },
                "after_unknown": {
                    "id": true,
                    "metadata": [
                        {
                            "generation": true,
                            "labels": {},
                            "resource_version": true,
                            "uid": true
                        }
                    ],
                    "spec": [
                        {
                            "replicas": true,
                            "selector": [
                                {
                                    "match_expressions": [],
                                    "match_labels": {}
                                }
                            ],
                            "strategy": [
                                {
                                    "rolling_update": [
                                        {}
                                    ]
                                }
                            ],
                            "template": [
                                {
                                    "metadata": [
                                        {
                                            "annotations": {},
                                            "generation": true,
                                            "labels": {},
                                            "name": true,
                                            "resource_version": true,
                                            "uid": true
                                        }
                                    ],
                                    "spec": [
                                        {
                                            "affinity": [
                                                {
                                                    "node_affinity": [],
                                                    "pod_affinity": [],
                                                    "pod_anti_affinity": [
                                                        {
                                                            "preferred_during_scheduling_ignored_during_execution": [
                                                                {
                                                                    "pod_affinity_term": [
                                                                        {
                                                                            "label_selector": [
                                                                                {
                                                                                    "match_expressions": [
                                                                                        {
                                                                                            "values": [
                                                                                                false
                                                                                            ]
                                                                                        }
                                                                                    ]
                                                                                }
                                                                            ],
                                                                            "namespace_selector": []
                                                                        }
                                                                    ]
                                                                }
                                                            ],
                                                            "required_during_scheduling_ignored_during_execution": []
                                                        }
                                                    ]
                                                }
                                            ],
                                            "container": [
                                                {
                                                    "args": [
                                                        false
                                                    ],
                                                    "env": [
                                                        {
                                                            "value_from": [
                                                                {
                                                                    "config_map_key_ref": [],
                                                                    "field_ref": [
                                                                        {}
                                                                    ],
                                                                    "resource_field_ref": [],
                                                                    "secret_key_ref": []
                                                                }
                                                            ]
                                                        },
                                                        {
                                                            "value_from": [
                                                                {
                                                                    "config_map_key_ref": [],
                                                                    "field_ref": [
                                                                        {}
                                                                    ],
                                                                    "resource_field_ref": [],
                                                                    "secret_key_ref": []
                                                                }
                                                            ]
                                                        },
                                                        {
                                                            "value_from": [
                                                                {
                                                                    "config_map_key_ref": [],
                                                                    "field_ref": [
                                                                        {}
                                                                    ],
                                                                    "resource_field_ref": [],
                                                                    "secret_key_ref": []
                                                                }
                                                            ]
                                                        },
                                                        {
                                                            "value_from": [
                                                                {
                                                                    "config_map_key_ref": [],
                                                                    "field_ref": [
                                                                        {}
                                                                    ],
                                                                    "resource_field_ref": [],
                                                                    "secret_key_ref": []
                                                                }
                                                            ]
                                                        }
                                                    ],
                                                    "env_from": [],
                                                    "image_pull_policy": true,
                                                    "lifecycle": [],
                                                    "liveness_probe": [
                                                        {
                                                            "exec": [],
                                                            "grpc": [],
                                                            "http_get": [
                                                                {
                                                                    "http_header": []
                                                                }
                                                            ],
                                                            "tcp_socket": []
                                                        }
                                                    ],
                                                    "port": [
                                                        {},
                                                        {},
                                                        {},
                                                        {},
                                                        {}
                                                    ],
                                                    "readiness_probe": [
                                                        {
                                                            "exec": [],
                                                            "grpc": [],
                                                            "http_get": [
                                                                {
                                                                    "http_header": []
                                                                }
                                                            ],
                                                            "tcp_socket": []
                                                        }
                                                    ],
                                                    "resources": [
                                                        {
                                                            "limits": {},
                                                            "requests": {}
                                                        }
                                                    ],
                                                    "security_context": [],
                                                    "startup_probe": [],
                                                    "termination_message_policy": true,
                                                    "volume_device": [],
                                                    "volume_mount": [
                                                        {}
                                                    ]
                                                }
                                            ],
                                            "dns_config": [],
                                            "host_aliases": [],
                                            "hostname": true,
                                            "image_pull_secrets": true,
                                            "init_container": [],
                                            "node_name": true,
                                            "node_selector": {},
                                            "os": [],
                                            "readiness_gate": true,
                                            "scheduler_name": true,
                                            "security_context": [],
                                            "toleration": [],
                                            "topology_spread_constraint": [],
                                            "volume": [
                                                {
                                                    "aws_elastic_block_store": [],
                                                    "azure_disk": [],
                                                    "azure_file": [],
                                                    "ceph_fs": [],
                                                    "cinder": [],
                                                    "config_map": [
                                                        {
                                                            "items": []
                                                        }
                                                    ],
                                                    "csi": [],
                                                    "downward_api": [],
                                                    "empty_dir": [],
                                                    "ephemeral": [],
                                                    "fc": [],
                                                    "flex_volume": [],
                                                    "flocker": [],
                                                    "gce_persistent_disk": [],
                                                    "git_repo": [],
                                                    "glusterfs": [],
                                                    "host_path": [],
                                                    "iscsi": [],
                                                    "local": [],
                                                    "nfs": [],
                                                    "persistent_volume_claim": [],
                                                    "photon_persistent_disk": [],
                                                    "projected": [],
                                                    "quobyte": [],
                                                    "rbd": [],
                                                    "secret": [],
                                                    "vsphere_volume": []
                                                }
                                            ]
                                        }
                                    ]
                                }
                            ]
                        }
                    ]
                },
                "before_sensitive": false,
                "after_sensitive": {
                    "metadata": [
                        {
                            "labels": {}
                        }
                    ],
                    "spec": [
                        {
                            "selector": [
                                {
                                    "match_expressions": [],
                                    "match_labels": {}
                                }
                            ],
                            "strategy": [
                                {
                                    "rolling_update": [
                                        {}
                                    ]
                                }
                            ],
                            "template": [
                                {
                                    "metadata": [
                                        {
                                            "annotations": {},
                                            "labels": {}
                                        }
                                    ],
                                    "spec": [
                                        {
                                            "affinity": [
                                                {
                                                    "node_affinity": [],
                                                    "pod_affinity": [],
                                                    "pod_anti_affinity": [
                                                        {
                                                            "preferred_during_scheduling_ignored_during_execution": [
                                                                {
                                                                    "pod_affinity_term": [
                                                                        {
                                                                            "label_selector": [
                                                                                {
                                                                                    "match_expressions": [
                                                                                        {
                                                                                            "values": [
                                                                                                false
                                                                                            ]
                                                                                        }
                                                                                    ]
                                                                                }
                                                                            ],
                                                                            "namespace_selector": []
                                                                        }
                                                                    ]
                                                                }
                                                            ],
                                                            "required_during_scheduling_ignored_during_execution": []
                                                        }
                                                    ]
                                                }
                                            ],
                                            "container": [
                                                {
                                                    "args": [
                                                        false
                                                    ],
                                                    "env": [
                                                        {
                                                            "value_from": [
                                                                {
                                                                    "config_map_key_ref": [],
                                                                    "field_ref": [
                                                                        {}
                                                                    ],
                                                                    "resource_field_ref": [],
                                                                    "secret_key_ref": []
                                                                }
                                                            ]
                                                        },
                                                        {
                                                            "value_from": [
                                                                {
                                                                    "config_map_key_ref": [],
                                                                    "field_ref": [
                                                                        {}
                                                                    ],
                                                                    "resource_field_ref": [],
                                                                    "secret_key_ref": []
                                                                }
                                                            ]
                                                        },
                                                        {
                                                            "value_from": [
                                                                {
                                                                    "config_map_key_ref": [],
                                                                    "field_ref": [
                                                                        {}
                                                                    ],
                                                                    "resource_field_ref": [],
                                                                    "secret_key_ref": []
                                                                }
                                                            ]
                                                        },
                                                        {
                                                            "value_from": [
                                                                {
                                                                    "config_map_key_ref": [],
                                                                    "field_ref": [
                                                                        {}
                                                                    ],
                                                                    "resource_field_ref": [],
                                                                    "secret_key_ref": []
                                                                }
                                                            ]
                                                        }
                                                    ],
                                                    "env_from": [],
                                                    "lifecycle": [],
                                                    "liveness_probe": [
                                                        {
                                                            "exec": [],
                                                            "grpc": [],
                                                            "http_get": [
                                                                {
                                                                    "http_header": []
                                                                }
                                                            ],
                                                            "tcp_socket": []
                                                        }
                                                    ],
                                                    "port": [
                                                        {},
                                                        {},
                                                        {},
                                                        {},
                                                        {}
                                                    ],
                                                    "readiness_probe": [
                                                        {
                                                            "exec": [],
                                                            "grpc": [],
                                                            "http_get": [
                                                                {
                                                                    "http_header": []
                                                                }
                                                            ],
                                                            "tcp_socket": []
                                                        }
                                                    ],
                                                    "resources": [
                                                        {
                                                            "limits": {},
                                                            "requests": {}
                                                        }
                                                    ],
                                                    "security_context": [],
                                                    "startup_probe": [],
                                                    "volume_device": [],
                                                    "volume_mount": [
                                                        {}
                                                    ]
                                                }
                                            ],
                                            "dns_config": [],
                                            "host_aliases": [],
                                            "image_pull_secrets": [],
                                            "init_container": [],
                                            "node_selector": {},
                                            "os": [],
                                            "readiness_gate": [],
                                            "security_context": [],
                                            "toleration": [],
                                            "topology_spread_constraint": [],
                                            "volume": [
                                                {
                                                    "aws_elastic_block_store": [],
                                                    "azure_disk": [],
                                                    "azure_file": [],
                                                    "ceph_fs": [],
                                                    "cinder": [],
                                                    "config_map": [
                                                        {
                                                            "items": []
                                                        }
                                                    ],
                                                    "csi": [],
                                                    "downward_api": [],
                                                    "empty_dir": [],
                                                    "ephemeral": [],
                                                    "fc": [],
                                                    "flex_volume": [],
                                                    "flocker": [],
                                                    "gce_persistent_disk": [],
                                                    "git_repo": [],
                                                    "glusterfs": [],
                                                    "host_path": [],
                                                    "iscsi": [],
                                                    "local": [],
                                                    "nfs": [],
                                                    "persistent_volume_claim": [],
                                                    "photon_persistent_disk": [],
                                                    "projected": [],
                                                    "quobyte": [],
                                                    "rbd": [],
                                                    "secret": [],
                                                    "vsphere_volume": []
                                                }
                                            ]
                                        }
                                    ]
                                }
                            ]
                        }
                    ]
                }
            }
        },
        {
            "address": "module.telemetry.module.otel_collector.kubernetes_horizontal_pod_autoscaler_v2.otel_collector[0]",
            "module_address": "module.telemetry.module.otel_collector",
            "mode": "managed",
            "type": "kubernetes_horizontal_pod_autoscaler_v2",
            "name": "otel_collector",
            "index": 0,
            "provider_name": "registry.terraform.io/hashicorp/kubernetes",
            "change": {
                "actions": [
                    "create"
                ],
                "before": null,
                "after": {
                    "metadata": [
                        {
                            "annotations": null,
                            "generate_name": null,
                            "labels": {
                                "app": "otel-collector",
                                "component": "collector",
                                "environment": "staging",
                                "managed-by": "terraform",
                                "part-of": "telemetry",
                                "project": "telemetry",
                                "team": "platform"
                            },
                            "name": "otel-collector-hpa",
                            "namespace": "telemetry"
                        }
                    ],
                    "spec": [
                        {
                            "behavior": [
                                {
                                    "scale_down": [
                                        {
                                            "policy": [
                                                {
                                                    "period_seconds": 60,
                                                    "type": "Percent",
                                                    "value": 50
                                                }
                                            ],
                                            "select_policy": null,
                                            "stabilization_window_seconds": 300
                                        }
                                    ],
                                    "scale_up": [
                                        {
                                            "policy": [
                                                {
                                                    "period_seconds": 60,
                                                    "type": "Percent",
                                                    "value": 100
                                                },
                                                {
                                                    "period_seconds": 60,
                                                    "type": "Pods",
                                                    "value": 2
                                                }
                                            ],
                                            "select_policy": "Max",
                                            "stabilization_window_seconds": 60
                                        }
                                    ]
                                }
                            ],
                            "max_replicas": 8,
                            "metric": [
                                {
                                    "container_resource": [],
                                    "external": [],
                                    "object": [],
                                    "pods": [],
                                    "resource": [
                                        {
                                            "name": "cpu",
                                            "target": [
                                                {
                                                    "average_utilization": 70,
                                                    "average_value": null,
                                                    "type": "Utilization",
                                                    "value": null
                                                }
                                            ]
                                        }
                                    ],
                                    "type": "Resource"
                                },
                                {
                                    "container_resource": [],
                                    "external": [],
                                    "object": [],
                                    "pods": [],
                                    "resource": [
                                        {
                                            "name": "memory",
                                            "target": [
                                                {
                                                    "average_utilization": 80,
                                                    "average_value": null,
                                                    "type": "Utilization",
                                                    "value": null
                                                }
                                            ]
                                        }
                                    ],
                                    "type": "Resource"
                                }
                            ],
                            "min_replicas": 2,
                            "scale_target_ref": [
                                {
                                    "api_version": "apps/v1",
                                    "kind": "Deployment",
                                    "name": "otel-collector"
                                }
                            ]
                        }
                    ]
                },
                "after_unknown": {
                    "id": true,
                    "metadata": [
                        {
                            "generation": true,
                            "labels": {},
                            "resource_version": true,
                            "uid": true
                        }
                    ],
                    "spec": [
                        {
                            "behavior": [
                                {
                                    "scale_down": [
                                        {
                                            "policy": [
                                                {}
                                            ]
                                        }
                                    ],
                                    "scale_up": [
                                        {
                                            "policy": [
                                                {},
                                                {}
                                            ]
                                        }
                                    ]
                                }
                            ],
                            "metric": [
                                {
                                    "container_resource": [],
                                    "external": [],
                                    "object": [],
                                    "pods": [],
                                    "resource": [
                                        {
                                            "target": [
                                                {}
                                            ]
                                        }
                                    ]
                                },
                                {
                                    "container_resource": [],
                                    "external": [],
                                    "object": [],
                                    "pods": [],
                                    "resource": [
                                        {
                                            "target": [
                                                {}
                                            ]
                                        }
                                    ]
                                }
                            ],
                            "scale_target_ref": [
                                {}
                            ],
                            "target_cpu_utilization_percentage": true
                        }
                    ]
                },
                "before_sensitive": false,
                "after_sensitive": {
                    "metadata": [
                        {
                            "labels": {}
                        }
                    ],
                    "spec": [
                        {
                            "behavior": [
                                {
                                    "scale_down": [
                                        {
                                            "policy": [
                                                {}
                                            ]
                                        }
                                    ],
                                    "scale_up": [
                                        {
                                            "policy": [
                                                {},
                                                {}
                                            ]
                                        }
                                    ]
                                }
                            ],
                            "metric": [
                                {
                                    "container_resource": [],
                                    "external": [],
                                    "object": [],
                                    "pods": [],
                                    "resource": [
                                        {
                                            "target": [
                                                {}
                                            ]
                                        }
                                    ]
                                },
                                {
                                    "container_resource": [],
                                    "external": [],
                                    "object": [],
                                    "pods": [],
                                    "resource": [
                                        {
                                            "target": [
                                                {}
                                            ]
                                        }
                                    ]
                                }
                            ],
                            "scale_target_ref": [
                                {}
                            ]
                        }
                    ]
                }
            }
        },
        {
            "address": "module.telemetry.module.otel_collector.kubernetes_pod_disruption_budget_v1.otel_collector",
            "module_address": "module.telemetry.module.otel_collector",
            "mode": "managed",
            "type": "kubernetes_pod_disruption_budget_v1",
            "name": "otel_collector",
            "provider_name": "registry.terraform.io/hashicorp/kubernetes",
            "change": {
                "actions": [
                    "create"
                ],
                "before": null,
                "after": {
                    "metadata": [
                        {
                            "annotations": null,
                            "generate_name": null,
                            "labels": {
                                "app": "otel-collector",
                                "component": "collector",
                                "environment": "staging",
                                "managed-by": "terraform",
                                "part-of": "telemetry",
                                "project": "telemetry",
                                "team": "platform"
                            },
                            "name": "otel-collector",
                            "namespace": "telemetry"
                        }
                    ],
                    "spec": [
                        {
                            "max_unavailable": null,
                            "min_available": "50%",
                            "selector": [
                                {
                                    "match_expressions": [],
                                    "match_labels": {
                                        "app": "otel-collector"
                                    }
                                }
                            ]
                        }
                    ]
                },
                "after_unknown": {
                    "id": true,
                    "metadata": [
                        {
                            "generation": true,
                            "labels": {},
                            "resource_version": true,
                            "uid": true
                        }
                    ],
                    "spec": [
                        {
                            "selector": [
                                {
                                    "match_expressions": [],
                                    "match_labels": {}
                                }
                            ]
                        }
                    ]
                },
                "before_sensitive": false,
                "after_sensitive": {
                    "metadata": [
                        {
                            "labels": {}
                        }
                    ],
                    "spec": [
                        {
                            "selector": [
                                {
                                    "match_expressions": [],
                                    "match_labels": {}
                                }
                            ]
                        }
                    ]
                }
            }
        },
        {
            "address": "module.telemetry.module.otel_collector.kubernetes_service.otel_collector",
            "module_address": "module.telemetry.module.otel_collector",
            "mode": "managed",
            "type": "kubernetes_service",
            "name": "otel_collector",
            "provider_name": "registry.terraform.io/hashicorp/kubernetes",
            "change": {
                "actions": [
                    "create"
                ],
                "before": null,
                "after": {
                    "metadata": [
                        {
                            "annotations": null,
                            "generate_name": null,
                            "labels": {
                                "app": "otel-collector",
                                "component": "collector",
                                "environment": "staging",
                                "managed-by": "terraform",
                                "part-of": "telemetry",
                                "project": "telemetry",
                                "team": "platform"
                            },
                            "name": "otel-collector",
                            "namespace": "telemetry"
                        }
                    ],
                    "spec": [
                        {
                            "allocate_load_balancer_node_ports": true,
                            "external_ips": null,
                            "external_name": null,
                            "load_balancer_class": null,
                            "load_balancer_ip": null,
                            "load_balancer_source_ranges": null,
                            "port": [
                                {
                                    "app_protocol": null,
                                    "name": "otlp-grpc",
                                    "port": 4317,
                                    "protocol": "TCP",
                                    "target_port": "4317"
                                },
                                {
                                    "app_protocol": null,
                                    "name": "otlp-http",
                                    "port": 4318,
                                    "protocol": "TCP",
                                    "target_port": "4318"
                                },
                                {
                                    "app_protocol": null,
                                    "name": "metrics",
                                    "port": 8888,
                                    "protocol": "TCP",
                                    "target_port": "8888"
                                },
                                {
                                    "app_protocol": null,
                                    "name": "health",
                                    "port": 13133,
                                    "protocol": "TCP",
                                    "target_port": "13133"
                                },
                                {
                                    "app_protocol": null,
                                    "name": "zpages",
                                    "port": 55679,
                                    "protocol": "TCP",
                                    "target_port": "55679"
                                }
                            ],
                            "publish_not_ready_addresses": false,
                            "selector": {
                                "app": "otel-collector"
                            },
                            "session_affinity": "None",
                            "type": "ClusterIP"
                        }
                    ],
                    "timeouts": null,
                    "wait_for_load_balancer": true
                },
                "after_unknown": {
                    "id": true,
                    "metadata": [
                        {
                            "generation": true,
                            "labels": {},
                            "resource_version": true,
                            "uid": true
                        }
                    ],
                    "spec": [
                        {
                            "cluster_ip": true,
                            "cluster_ips": true,
                            "external_traffic_policy": true,
                            "health_check_node_port": true,
                            "internal_traffic_policy": true,
                            "ip_families": true,
                            "ip_family_policy": true,
                            "port": [
                                {
                                    "node_port": true
                                },
                                {
                                    "node_port": true
                                },
                                {
                                    "node_port": true
                                },
                                {
                                    "node_port": true
                                },
                                {
                                    "node_port": true
                                }
                            ],
                            "selector": {},
                            "session_affinity_config": true
                        }
                    ],
                    "status": true
                },
                "before_sensitive": false,
                "after_sensitive": {
                    "metadata": [
                        {
                            "labels": {}
                        }
                    ],
                    "spec": [
                        {
                            "cluster_ips": [],
                            "ip_families": [],
                            "port": [
                                {},
                                {},
                                {},
                                {},
                                {}
                            ],
                            "selector": {},
                            "session_affinity_config": []
                        }
                    ],
                    "status": []
                }
            }
        },
        {
            "address": "module.telemetry.module.otel_collector.kubernetes_service_account.otel_collector",
            "module_address": "module.telemetry.module.otel_collector",
            "mode": "managed",
            "type": "kubernetes_service_account",
            "name": "otel_collector",
            "provider_name": "registry.terraform.io/hashicorp/kubernetes",
            "change": {
                "actions": [
                    "create"
                ],
                "before": null,
                "after": {
                    "automount_service_account_token": true,
                    "image_pull_secret": [],
                    "metadata": [
                        {
                            "annotations": null,
                            "generate_name": null,
                            "labels": {
                                "app": "otel-collector",
                                "component": "collector",
                                "environment": "staging",
                                "managed-by": "terraform",
                                "part-of": "telemetry",
                                "project": "telemetry",
                                "team": "platform"
                            },
                            "name": "otel-collector",
                            "namespace": "telemetry"
                        }
                    ],
                    "secret": [],
                    "timeouts": null
                },
                "after_unknown": {
                    "default_secret_name": true,
                    "id": true,
                    "image_pull_secret": [],
                    "metadata": [
                        {
                            "generation": true,
                            "labels": {},
                            "resource_version": true,
                            "uid": true
                        }
                    ],
                    "secret": []
                },
                "before_sensitive": false,
                "after_sensitive": {
                    "image_pull_secret": [],
                    "metadata": [
                        {
                            "labels": {}
                        }
                    ],
                    "secret": []
                }
            }
        }
    ],
    "output_changes": {
        "jaeger_ui_port_forward_command": {
            "actions": [
                "no-op"
            ],
            "before": "kubectl port-forward -n telemetry svc/jaeger-query 16686:16686",
            "after": "kubectl port-forward -n telemetry svc/jaeger-query 16686:16686",
            "after_unknown": false,
            "before_sensitive": false,
            "after_sensitive": false
        },
        "namespace": {
            "actions": [
                "no-op"
            ],
            "before": "telemetry",
            "after": "telemetry",
            "after_unknown": false,
            "before_sensitive": false,
            "after_sensitive": false
        },
        "otel_collector_grpc_endpoint": {
            "actions": [
                "no-op"
            ],
            "before": "otel-collector.telemetry.svc.cluster.local:4317",
            "after": "otel-collector.telemetry.svc.cluster.local:4317",
            "after_unknown": false,
            "before_sensitive": false,
            "after_sensitive": false
        },
        "otel_collector_http_endpoint": {
            "actions": [
                "no-op"
            ],
            "before": "otel-collector.telemetry.svc.cluster.local:4318",
            "after": "otel-collector.telemetry.svc.cluster.local:4318",
            "after_unknown": false,
            "before_sensitive": false,
            "after_sensitive": false
        }
    },
    "prior_state": {
        "format_version": "1.0",
        "terraform_version": "1.11.0",
        "values": {
            "outputs": {
                "jaeger_ui_port_forward_command": {
                    "sensitive": false,
                    "value": "kubectl port-forward -n telemetry svc/jaeger-query 16686:16686",
                    "type": "string"
                },
                "namespace": {
                    "sensitive": false,
                    "value": "telemetry",
                    "type": "string"
                },
                "otel_collector_grpc_endpoint": {
                    "sensitive": false,
                    "value": "otel-collector.telemetry.svc.cluster.local:4317",
                    "type": "string"
                },
                "otel_collector_http_endpoint": {
                    "sensitive": false,
                    "value": "otel-collector.telemetry.svc.cluster.local:4318",
                    "type": "string"
                }
            },
            "root_module": {}
        }
    },
    "configuration": {
        "provider_config": {
            "helm": {
                "name": "helm",
                "full_name": "registry.terraform.io/hashicorp/helm",
                "version_constraint": "~\u003e 2.12",
                "expressions": {
                    "kubernetes": [
                        {
                            "config_path": {
                                "constant_value": "~/.kube/config"
                            }
                        }
                    ]
                }
            },
            "kubernetes": {
                "name": "kubernetes",
                "full_name": "registry.terraform.io/hashicorp/kubernetes",
                "version_constraint": "~\u003e 2.25",
                "expressions": {
                    "config_path": {
                        "constant_value": "~/.kube/config"
                    }
                }
            },
            "module.telemetry:helm": {
                "name": "helm",
                "full_name": "registry.terraform.io/hashicorp/helm",
                "version_constraint": "~\u003e 2.12",
                "module_address": "module.telemetry",
                "expressions": {
                    "kubernetes": [
                        {
                            "config_path": {
                                "constant_value": "~/.kube/config"
                            }
                        }
                    ]
                }
            },
            "module.telemetry:kubernetes": {
                "name": "kubernetes",
                "full_name": "registry.terraform.io/hashicorp/kubernetes",
                "version_constraint": "~\u003e 2.25",
                "module_address": "module.telemetry",
                "expressions": {
                    "config_path": {
                        "constant_value": "~/.kube/config"
                    }
                }
            }
        },
        "root_module": {
            "outputs": {
                "jaeger_ui_port_forward_command": {
                    "expression": {
                        "references": [
                            "module.telemetry.jaeger_ui_port_forward_command",
                            "module.telemetry"
                        ]
                    }
                },
                "namespace": {
                    "expression": {
                        "references": [
                            "module.telemetry.namespace",
                            "module.telemetry"
                        ]
                    }
                },
                "otel_collector_grpc_endpoint": {
                    "expression": {
                        "references": [
                            "module.telemetry.otel_collector_grpc_endpoint",
                            "module.telemetry"
                        ]
                    }
                },
                "otel_collector_http_endpoint": {
                    "expression": {
                        "references": [
                            "module.telemetry.otel_collector_http_endpoint",
                            "module.telemetry"
                        ]
                    }
                }
            },
            "module_calls": {
                "telemetry": {
                    "source": "../..",
                    "expressions": {
                        "create_namespace": {
                            "constant_value": true
                        },
                        "data_retention_days": {
                            "constant_value": 7
                        },
                        "elasticsearch_enabled": {
                            "constant_value": true
                        },
                        "elasticsearch_replicas": {
                            "constant_value": 2
                        },
                        "elasticsearch_resources": {
                            "constant_value": {
                                "limits": {
                                    "cpu": "2000m",
                                    "memory": "4Gi"
                                },
                                "requests": {
                                    "cpu": "1000m",
                                    "memory": "2Gi"
                                }
                            }
                        },
                        "elasticsearch_storage_class": {
                            "constant_value": "gp3"
                        },
                        "elasticsearch_storage_size": {
                            "constant_value": "75Gi"
                        },
                        "enable_sampling": {
                            "constant_value": false
                        },
                        "environment": {
                            "constant_value": "staging"
                        },
                        "jaeger_chart_version": {
                            "constant_value": "2.0.0"
                        },
                        "jaeger_collector_replicas": {
                            "constant_value": 2
                        },
                        "jaeger_query_replicas": {
                            "constant_value": 2
                        },
                        "jaeger_storage_type": {
                            "constant_value": "elasticsearch"
                        },
                        "labels": {
                            "constant_value": {
                                "environment": "staging",
                                "team": "platform"
                            }
                        },
                        "namespace": {
                            "constant_value": "telemetry"
                        },
                        "node_selector": {
                            "constant_value": {
                                "telemetry": "true"
                            }
                        },
                        "otel_collector_hpa_cpu_threshold": {
                            "constant_value": 70
                        },
                        "otel_collector_hpa_enabled": {
                            "constant_value": true
                        },
                        "otel_collector_hpa_max_replicas": {
                            "constant_value": 8
                        },
                        "otel_collector_hpa_memory_threshold": {
                            "constant_value": 80
                        },
                        "otel_collector_hpa_min_replicas": {
                            "constant_value": 2
                        },
                        "otel_collector_replicas": {
                            "constant_value": 2
                        },
                        "otel_collector_resources": {
                            "constant_value": {
                                "limits": {
                                    "cpu": "1500m",
                                    "memory": "2Gi"
                                },
                                "requests": {
                                    "cpu": "300m",
                                    "memory": "512Mi"
                                }
                            }
                        },
                        "otel_collector_version": {
                            "constant_value": "0.95.0"
                        },
                        "sampling_percentage": {
                            "constant_value": 100
                        },
                        "tolerations": {
                            "constant_value": []
                        }
                    },
                    "module": {
                        "outputs": {
                            "application_config_snippet": {
                                "expression": {
                                    "references": [
                                        "module.otel_collector.service_name",
                                        "module.otel_collector",
                                        "module.namespace.name",
                                        "module.namespace",
                                        "module.otel_collector.service_name",
                                        "module.otel_collector",
                                        "module.namespace.name",
                                        "module.namespace",
                                        "module.otel_collector.service_name",
                                        "module.otel_collector",
                                        "module.namespace.name",
                                        "module.namespace"
                                    ]
                                },
                                "description": "Configuration snippet for applications"
                            },
                            "elasticsearch_endpoint": {
                                "expression": {
                                    "references": [
                                        "var.elasticsearch_enabled",
                                        "module.namespace.name",
                                        "module.namespace"
                                    ]
                                },
                                "description": "Elasticsearch endpoint (if enabled)"
                            },
                            "jaeger_query_service": {
                                "expression": {
                                    "references": [
                                        "module.namespace.name",
                                        "module.namespace"
                                    ]
                                },
                                "description": "Jaeger Query service name"
                            },
                            "jaeger_ui_port_forward_command": {
                                "expression": {
                                    "references": [
                                        "module.namespace.name",
                                        "module.namespace"
                                    ]
                                },
                                "description": "Command to port-forward Jaeger UI"
                            },
                            "namespace": {
                                "expression": {
                                    "references": [
                                        "module.namespace.name",
                                        "module.namespace"
                                    ]
                                },
                                "description": "Kubernetes namespace for telemetry stack"
                            },
                            "otel_collector_grpc_endpoint": {
                                "expression": {
                                    "references": [
                                        "module.otel_collector.service_name",
                                        "module.otel_collector",
                                        "module.namespace.name",
                                        "module.namespace"
                                    ]
                                },
                                "description": "OTel Collector OTLP gRPC endpoint"
                            },
                            "otel_collector_http_endpoint": {
                                "expression": {
                                    "references": [
                                        "module.otel_collector.service_name",
                                        "module.otel_collector",
                                        "module.namespace.name",
                                        "module.namespace"
                                    ]
                                },
                                "description": "OTel Collector OTLP HTTP endpoint"
                            },
                            "otel_collector_service_name": {
                                "expression": {
                                    "references": [
                                        "module.otel_collector.service_name",
                                        "module.otel_collector"
                                    ]
                                },
                                "description": "OTel Collector service name"
                            }
                        },
                        "module_calls": {
                            "elasticsearch": {
                                "source": "./modules/elasticsearch",
                                "expressions": {
                                    "environment": {
                                        "references": [
                                            "var.environment"
                                        ]
                                    },
                                    "labels": {
                                        "references": [
                                            "local.common_labels"
                                        ]
                                    },
                                    "namespace": {
                                        "references": [
                                            "module.namespace.name",
                                            "module.namespace"
                                        ]
                                    },
                                    "node_selector": {
                                        "references": [
                                            "var.node_selector"
                                        ]
                                    },
                                    "replicas": {
                                        "references": [
                                            "var.elasticsearch_replicas"
                                        ]
                                    },
                                    "resources": {
                                        "references": [
                                            "var.elasticsearch_resources"
                                        ]
                                    },
                                    "retention_days": {
                                        "references": [
                                            "var.data_retention_days"
                                        ]
                                    },
                                    "storage_class": {
                                        "references": [
                                            "var.elasticsearch_storage_class"
                                        ]
                                    },
                                    "storage_size": {
                                        "references": [
                                            "var.elasticsearch_storage_size"
                                        ]
                                    },
                                    "tolerations": {
                                        "references": [
                                            "var.tolerations"
                                        ]
                                    }
                                },
                                "count_expression": {
                                    "references": [
                                        "var.elasticsearch_enabled"
                                    ]
                                },
                                "module": {
                                    "outputs": {
                                        "connection_url": {
                                            "expression": {
                                                "references": [
                                                    "kubernetes_service.elasticsearch.metadata[0].name",
                                                    "kubernetes_service.elasticsearch.metadata[0]",
                                                    "kubernetes_service.elasticsearch.metadata",
                                                    "kubernetes_service.elasticsearch",
                                                    "var.namespace"
                                                ]
                                            },
                                            "description": "Elasticsearch connection URL"
                                        },
                                        "endpoint": {
                                            "expression": {
                                                "references": [
                                                    "kubernetes_service.elasticsearch.metadata[0].name",
                                                    "kubernetes_service.elasticsearch.metadata[0]",
                                                    "kubernetes_service.elasticsearch.metadata",
                                                    "kubernetes_service.elasticsearch",
                                                    "var.namespace"
                                                ]
                                            },
                                            "description": "Elasticsearch endpoint"
                                        },
                                        "service_name": {
                                            "expression": {
                                                "references": [
                                                    "kubernetes_service.elasticsearch.metadata[0].name",
                                                    "kubernetes_service.elasticsearch.metadata[0]",
                                                    "kubernetes_service.elasticsearch.metadata",
                                                    "kubernetes_service.elasticsearch"
                                                ]
                                            },
                                            "description": "Elasticsearch service name"
                                        },
                                        "statefulset_name": {
                                            "expression": {
                                                "references": [
                                                    "kubernetes_stateful_set.elasticsearch.metadata[0].name",
                                                    "kubernetes_stateful_set.elasticsearch.metadata[0]",
                                                    "kubernetes_stateful_set.elasticsearch.metadata",
                                                    "kubernetes_stateful_set.elasticsearch"
                                                ]
                                            },
                                            "description": "Elasticsearch StatefulSet name"
                                        }
                                    },
                                    "resources": [
                                        {
                                            "address": "kubernetes_config_map.elasticsearch",
                                            "mode": "managed",
                                            "type": "kubernetes_config_map",
                                            "name": "elasticsearch",
                                            "provider_config_key": "module.telemetry:kubernetes",
                                            "expressions": {
                                                "data": {
                                                    "references": [
                                                        "local.name",
                                                        "local.name",
                                                        "var.namespace",
                                                        "local.name"
                                                    ]
                                                },
                                                "metadata": [
                                                    {
                                                        "labels": {
                                                            "references": [
                                                                "local.labels"
                                                            ]
                                                        },
                                                        "name": {
                                                            "references": [
                                                                "local.name"
                                                            ]
                                                        },
                                                        "namespace": {
                                                            "references": [
                                                                "var.namespace"
                                                            ]
                                                        }
                                                    }
                                                ]
                                            },
                                            "schema_version": 0
                                        },
                                        {
                                            "address": "kubernetes_cron_job_v1.index_cleanup",
                                            "mode": "managed",
                                            "type": "kubernetes_cron_job_v1",
                                            "name": "index_cleanup",
                                            "provider_config_key": "module.telemetry:kubernetes",
                                            "expressions": {
                                                "metadata": [
                                                    {
                                                        "labels": {
                                                            "references": [
                                                                "local.labels"
                                                            ]
                                                        },
                                                        "name": {
                                                            "references": [
                                                                "local.name"
                                                            ]
                                                        },
                                                        "namespace": {
                                                            "references": [
                                                                "var.namespace"
                                                            ]
                                                        }
                                                    }
                                                ],
                                                "spec": [
                                                    {
                                                        "concurrency_policy": {
                                                            "constant_value": "Forbid"
                                                        },
                                                        "failed_jobs_history_limit": {
                                                            "constant_value": 3
                                                        },
                                                        "job_template": [
                                                            {
                                                                "metadata": [
                                                                    {
                                                                        "labels": {
                                                                            "references": [
                                                                                "local.labels"
                                                                            ]
                                                                        }
                                                                    }
                                                                ],
                                                                "spec": [
                                                                    {
                                                                        "template": [
                                                                            {
                                                                                "metadata": [
                                                                                    {
                                                                                        "labels": {
                                                                                            "references": [
                                                                                                "local.labels"
                                                                                            ]
                                                                                        }
                                                                                    }
                                                                                ],
                                                                                "spec": [
                                                                                    {
                                                                                        "container": [
                                                                                            {
                                                                                                "command": {
                                                                                                    "references": [
                                                                                                        "local.name",
                                                                                                        "var.namespace",
                                                                                                        "var.retention_days"
                                                                                                    ]
                                                                                                },
                                                                                                "image": {
                                                                                                    "constant_value": "bitnami/elasticsearch-curator:5.8.4"
                                                                                                },
                                                                                                "name": {
                                                                                                    "constant_value": "curator"
                                                                                                }
                                                                                            }
                                                                                        ],
                                                                                        "restart_policy": {
                                                                                            "constant_value": "OnFailure"
                                                                                        }
                                                                                    }
                                                                                ]
                                                                            }
                                                                        ]
                                                                    }
                                                                ]
                                                            }
                                                        ],
                                                        "schedule": {
                                                            "constant_value": "0 2 * * *"
                                                        },
                                                        "successful_jobs_history_limit": {
                                                            "constant_value": 3
                                                        }
                                                    }
                                                ]
                                            },
                                            "schema_version": 0
                                        },
                                        {
                                            "address": "kubernetes_pod_disruption_budget_v1.elasticsearch",
                                            "mode": "managed",
                                            "type": "kubernetes_pod_disruption_budget_v1",
                                            "name": "elasticsearch",
                                            "provider_config_key": "module.telemetry:kubernetes",
                                            "expressions": {
                                                "metadata": [
                                                    {
                                                        "labels": {
                                                            "references": [
                                                                "local.labels"
                                                            ]
                                                        },
                                                        "name": {
                                                            "references": [
                                                                "local.name"
                                                            ]
                                                        },
                                                        "namespace": {
                                                            "references": [
                                                                "var.namespace"
                                                            ]
                                                        }
                                                    }
                                                ],
                                                "spec": [
                                                    {
                                                        "min_available": {
                                                            "references": [
                                                                "var.replicas"
                                                            ]
                                                        },
                                                        "selector": [
                                                            {
                                                                "match_labels": {
                                                                    "references": [
                                                                        "local.name"
                                                                    ]
                                                                }
                                                            }
                                                        ]
                                                    }
                                                ]
                                            },
                                            "schema_version": 0,
                                            "count_expression": {
                                                "references": [
                                                    "var.replicas"
                                                ]
                                            }
                                        },
                                        {
                                            "address": "kubernetes_service.elasticsearch",
                                            "mode": "managed",
                                            "type": "kubernetes_service",
                                            "name": "elasticsearch",
                                            "provider_config_key": "module.telemetry:kubernetes",
                                            "expressions": {
                                                "metadata": [
                                                    {
                                                        "labels": {
                                                            "references": [
                                                                "local.labels"
                                                            ]
                                                        },
                                                        "name": {
                                                            "references": [
                                                                "local.name"
                                                            ]
                                                        },
                                                        "namespace": {
                                                            "references": [
                                                                "var.namespace"
                                                            ]
                                                        }
                                                    }
                                                ],
                                                "spec": [
                                                    {
                                                        "cluster_ip": {
                                                            "constant_value": "None"
                                                        },
                                                        "port": [
                                                            {
                                                                "name": {
                                                                    "constant_value": "http"
                                                                },
                                                                "port": {
                                                                    "constant_value": 9200
                                                                },
                                                                "protocol": {
                                                                    "constant_value": "TCP"
                                                                },
                                                                "target_port": {
                                                                    "constant_value": 9200
                                                                }
                                                            },
                                                            {
                                                                "name": {
                                                                    "constant_value": "transport"
                                                                },
                                                                "port": {
                                                                    "constant_value": 9300
                                                                },
                                                                "protocol": {
                                                                    "constant_value": "TCP"
                                                                },
                                                                "target_port": {
                                                                    "constant_value": 9300
                                                                }
                                                            }
                                                        ],
                                                        "selector": {
                                                            "references": [
                                                                "local.name"
                                                            ]
                                                        }
                                                    }
                                                ]
                                            },
                                            "schema_version": 1
                                        },
                                        {
                                            "address": "kubernetes_stateful_set.elasticsearch",
                                            "mode": "managed",
                                            "type": "kubernetes_stateful_set",
                                            "name": "elasticsearch",
                                            "provider_config_key": "module.telemetry:kubernetes",
                                            "expressions": {
                                                "metadata": [
                                                    {
                                                        "labels": {
                                                            "references": [
                                                                "local.labels"
                                                            ]
                                                        },
                                                        "name": {
                                                            "references": [
                                                                "local.name"
                                                            ]
                                                        },
                                                        "namespace": {
                                                            "references": [
                                                                "var.namespace"
                                                            ]
                                                        }
                                                    }
                                                ],
                                                "spec": [
                                                    {
                                                        "replicas": {
                                                            "references": [
                                                                "var.replicas"
                                                            ]
                                                        },
                                                        "selector": [
                                                            {
                                                                "match_labels": {
                                                                    "references": [
                                                                        "local.name"
                                                                    ]
                                                                }
                                                            }
                                                        ],
                                                        "service_name": {
                                                            "references": [
                                                                "kubernetes_service.elasticsearch.metadata[0].name",
                                                                "kubernetes_service.elasticsearch.metadata[0]",
                                                                "kubernetes_service.elasticsearch.metadata",
                                                                "kubernetes_service.elasticsearch"
                                                            ]
                                                        },
                                                        "template": [
                                                            {
                                                                "metadata": [
                                                                    {
                                                                        "labels": {
                                                                            "references": [
                                                                                "local.labels"
                                                                            ]
                                                                        }
                                                                    }
                                                                ],
                                                                "spec": [
                                                                    {
                                                                        "affinity": [
                                                                            {
                                                                                "pod_anti_affinity": [
                                                                                    {
                                                                                        "preferred_during_scheduling_ignored_during_execution": [
                                                                                            {
                                                                                                "pod_affinity_term": [
                                                                                                    {
                                                                                                        "label_selector": [
                                                                                                            {
                                                                                                                "match_expressions": [
                                                                                                                    {
                                                                                                                        "key": {
                                                                                                                            "constant_value": "app"
                                                                                                                        },
                                                                                                                        "operator": {
                                                                                                                            "constant_value": "In"
                                                                                                                        },
                                                                                                                        "values": {
                                                                                                                            "references": [
                                                                                                                                "local.name"
                                                                                                                            ]
                                                                                                                        }
                                                                                                                    }
                                                                                                                ]
                                                                                                            }
                                                                                                        ],
                                                                                                        "topology_key": {
                                                                                                            "constant_value": "kubernetes.io/hostname"
                                                                                                        }
                                                                                                    }
                                                                                                ],
                                                                                                "weight": {
                                                                                                    "constant_value": 100
                                                                                                }
                                                                                            }
                                                                                        ]
                                                                                    }
                                                                                ]
                                                                            }
                                                                        ],
                                                                        "container": [
                                                                            {
                                                                                "env": [
                                                                                    {
                                                                                        "name": {
                                                                                            "constant_value": "cluster.name"
                                                                                        },
                                                                                        "value": {
                                                                                            "constant_value": "jaeger-cluster"
                                                                                        }
                                                                                    },
                                                                                    {
                                                                                        "name": {
                                                                                            "constant_value": "node.name"
                                                                                        },
                                                                                        "value_from": [
                                                                                            {
                                                                                                "field_ref": [
                                                                                                    {
                                                                                                        "field_path": {
                                                                                                            "constant_value": "metadata.name"
                                                                                                        }
                                                                                                    }
                                                                                                ]
                                                                                            }
                                                                                        ]
                                                                                    },
                                                                                    {
                                                                                        "name": {
                                                                                            "constant_value": "discovery.type"
                                                                                        },
                                                                                        "value": {
                                                                                            "references": [
                                                                                                "var.replicas"
                                                                                            ]
                                                                                        }
                                                                                    },
                                                                                    {
                                                                                        "name": {
                                                                                            "constant_value": "ES_JAVA_OPTS"
                                                                                        },
                                                                                        "value": {
                                                                                            "references": [
                                                                                                "var.resources.requests.memory",
                                                                                                "var.resources.requests",
                                                                                                "var.resources",
                                                                                                "var.resources.limits.memory",
                                                                                                "var.resources.limits",
                                                                                                "var.resources"
                                                                                            ]
                                                                                        }
                                                                                    },
                                                                                    {
                                                                                        "name": {
                                                                                            "constant_value": "xpack.security.enabled"
                                                                                        },
                                                                                        "value": {
                                                                                            "constant_value": "false"
                                                                                        }
                                                                                    }
                                                                                ],
                                                                                "image": {
                                                                                    "constant_value": "docker.elastic.co/elasticsearch/elasticsearch:8.12.0"
                                                                                },
                                                                                "liveness_probe": [
                                                                                    {
                                                                                        "failure_threshold": {
                                                                                            "constant_value": 3
                                                                                        },
                                                                                        "http_get": [
                                                                                            {
                                                                                                "path": {
                                                                                                    "constant_value": "/_cluster/health?local=true"
                                                                                                },
                                                                                                "port": {
                                                                                                    "constant_value": 9200
                                                                                                }
                                                                                            }
                                                                                        ],
                                                                                        "initial_delay_seconds": {
                                                                                            "constant_value": 90
                                                                                        },
                                                                                        "period_seconds": {
                                                                                            "constant_value": 30
                                                                                        },
                                                                                        "timeout_seconds": {
                                                                                            "constant_value": 10
                                                                                        }
                                                                                    }
                                                                                ],
                                                                                "name": {
                                                                                    "constant_value": "elasticsearch"
                                                                                },
                                                                                "port": [
                                                                                    {
                                                                                        "container_port": {
                                                                                            "constant_value": 9200
                                                                                        },
                                                                                        "name": {
                                                                                            "constant_value": "http"
                                                                                        },
                                                                                        "protocol": {
                                                                                            "constant_value": "TCP"
                                                                                        }
                                                                                    },
                                                                                    {
                                                                                        "container_port": {
                                                                                            "constant_value": 9300
                                                                                        },
                                                                                        "name": {
                                                                                            "constant_value": "transport"
                                                                                        },
                                                                                        "protocol": {
                                                                                            "constant_value": "TCP"
                                                                                        }
                                                                                    }
                                                                                ],
                                                                                "readiness_probe": [
                                                                                    {
                                                                                        "failure_threshold": {
                                                                                            "constant_value": 3
                                                                                        },
                                                                                        "http_get": [
                                                                                            {
                                                                                                "path": {
                                                                                                    "constant_value": "/_cluster/health?local=true"
                                                                                                },
                                                                                                "port": {
                                                                                                    "constant_value": 9200
                                                                                                }
                                                                                            }
                                                                                        ],
                                                                                        "initial_delay_seconds": {
                                                                                            "constant_value": 60
                                                                                        },
                                                                                        "period_seconds": {
                                                                                            "constant_value": 10
                                                                                        },
                                                                                        "timeout_seconds": {
                                                                                            "constant_value": 5
                                                                                        }
                                                                                    }
                                                                                ],
                                                                                "resources": [
                                                                                    {
                                                                                        "limits": {
                                                                                            "references": [
                                                                                                "var.resources.limits.cpu",
                                                                                                "var.resources.limits",
                                                                                                "var.resources",
                                                                                                "var.resources.limits.memory",
                                                                                                "var.resources.limits",
                                                                                                "var.resources"
                                                                                            ]
                                                                                        },
                                                                                        "requests": {
                                                                                            "references": [
                                                                                                "var.resources.requests.cpu",
                                                                                                "var.resources.requests",
                                                                                                "var.resources",
                                                                                                "var.resources.requests.memory",
                                                                                                "var.resources.requests",
                                                                                                "var.resources"
                                                                                            ]
                                                                                        }
                                                                                    }
                                                                                ],
                                                                                "volume_mount": [
                                                                                    {
                                                                                        "mount_path": {
                                                                                            "constant_value": "/usr/share/elasticsearch/data"
                                                                                        },
                                                                                        "name": {
                                                                                            "constant_value": "data"
                                                                                        }
                                                                                    },
                                                                                    {
                                                                                        "mount_path": {
                                                                                            "constant_value": "/usr/share/elasticsearch/config/elasticsearch.yml"
                                                                                        },
                                                                                        "name": {
                                                                                            "constant_value": "config"
                                                                                        },
                                                                                        "read_only": {
                                                                                            "constant_value": true
                                                                                        },
                                                                                        "sub_path": {
                                                                                            "constant_value": "elasticsearch.yml"
                                                                                        }
                                                                                    }
                                                                                ]
                                                                            }
                                                                        ],
                                                                        "init_container": [
                                                                            {
                                                                                "command": {
                                                                                    "constant_value": [
                                                                                        "sh",
                                                                                        "-c",
                                                                                        "chown -R 1000:1000 /usr/share/elasticsearch/data"
                                                                                    ]
                                                                                },
                                                                                "image": {
                                                                                    "constant_value": "busybox:1.36"
                                                                                },
                                                                                "name": {
                                                                                    "constant_value": "fix-permissions"
                                                                                },
                                                                                "security_context": [
                                                                                    {
                                                                                        "run_as_user": {
                                                                                            "constant_value": 0
                                                                                        }
                                                                                    }
                                                                                ],
                                                                                "volume_mount": [
                                                                                    {
                                                                                        "mount_path": {
                                                                                            "constant_value": "/usr/share/elasticsearch/data"
                                                                                        },
                                                                                        "name": {
                                                                                            "constant_value": "data"
                                                                                        }
                                                                                    }
                                                                                ]
                                                                            },
                                                                            {
                                                                                "command": {
                                                                                    "constant_value": [
                                                                                        "sysctl",
                                                                                        "-w",
                                                                                        "vm.max_map_count=262144"
                                                                                    ]
                                                                                },
                                                                                "image": {
                                                                                    "constant_value": "busybox:1.36"
                                                                                },
                                                                                "name": {
                                                                                    "constant_value": "increase-vm-max-map"
                                                                                },
                                                                                "security_context": [
                                                                                    {
                                                                                        "privileged": {
                                                                                            "constant_value": true
                                                                                        }
                                                                                    }
                                                                                ]
                                                                            }
                                                                        ],
                                                                        "node_selector": {
                                                                            "references": [
                                                                                "var.node_selector"
                                                                            ]
                                                                        },
                                                                        "volume": [
                                                                            {
                                                                                "config_map": [
                                                                                    {
                                                                                        "name": {
                                                                                            "references": [
                                                                                                "kubernetes_config_map.elasticsearch.metadata[0].name",
                                                                                                "kubernetes_config_map.elasticsearch.metadata[0]",
                                                                                                "kubernetes_config_map.elasticsearch.metadata",
                                                                                                "kubernetes_config_map.elasticsearch"
                                                                                            ]
                                                                                        }
                                                                                    }
                                                                                ],
                                                                                "name": {
                                                                                    "constant_value": "config"
                                                                                }
                                                                            }
                                                                        ]
                                                                    }
                                                                ]
                                                            }
                                                        ],
                                                        "update_strategy": [
                                                            {
                                                                "rolling_update": [
                                                                    {
                                                                        "partition": {
                                                                            "constant_value": 0
                                                                        }
                                                                    }
                                                                ],
                                                                "type": {
                                                                    "constant_value": "RollingUpdate"
                                                                }
                                                            }
                                                        ],
                                                        "volume_claim_template": [
                                                            {
                                                                "metadata": [
                                                                    {
                                                                        "labels": {
                                                                            "references": [
                                                                                "local.labels"
                                                                            ]
                                                                        },
                                                                        "name": {
                                                                            "constant_value": "data"
                                                                        }
                                                                    }
                                                                ],
                                                                "spec": [
                                                                    {
                                                                        "access_modes": {
                                                                            "constant_value": [
                                                                                "ReadWriteOnce"
                                                                            ]
                                                                        },
                                                                        "resources": [
                                                                            {
                                                                                "requests": {
                                                                                    "references": [
                                                                                        "var.storage_size"
                                                                                    ]
                                                                                }
                                                                            }
                                                                        ],
                                                                        "storage_class_name": {
                                                                            "references": [
                                                                                "var.storage_class",
                                                                                "var.storage_class"
                                                                            ]
                                                                        }
                                                                    }
                                                                ]
                                                            }
                                                        ]
                                                    }
                                                ]
                                            },
                                            "schema_version": 1
                                        }
                                    ],
                                    "variables": {
                                        "environment": {
                                            "description": "Environment name"
                                        },
                                        "labels": {
                                            "default": {},
                                            "description": "Labels to apply to resources"
                                        },
                                        "namespace": {
                                            "description": "Kubernetes namespace"
                                        },
                                        "node_selector": {
                                            "default": {},
                                            "description": "Node selector for pod scheduling"
                                        },
                                        "replicas": {
                                            "default": 3,
                                            "description": "Number of Elasticsearch replicas"
                                        },
                                        "resources": {
                                            "default": {
                                                "limits": {
                                                    "cpu": "2000m",
                                                    "memory": "4Gi"
                                                },
                                                "requests": {
                                                    "cpu": "1000m",
                                                    "memory": "2Gi"
                                                }
                                            },
                                            "description": "Resource requests and limits"
                                        },
                                        "retention_days": {
                                            "default": 7,
                                            "description": "Number of days to retain indices"
                                        },
                                        "storage_class": {
                                            "default": "",
                                            "description": "Storage class for persistent volumes"
                                        },
                                        "storage_size": {
                                            "default": "100Gi",
                                            "description": "Storage size for each Elasticsearch node"
                                        },
                                        "tolerations": {
                                            "default": [],
                                            "description": "Tolerations for pod scheduling"
                                        }
                                    }
                                },
                                "depends_on": [
                                    "module.namespace"
                                ]
                            },
                            "jaeger": {
                                "source": "./modules/jaeger",
                                "expressions": {
                                    "chart_version": {
                                        "references": [
                                            "var.jaeger_chart_version"
                                        ]
                                    },
                                    "collector_replicas": {
                                        "references": [
                                            "var.jaeger_collector_replicas"
                                        ]
                                    },
                                    "elasticsearch_host": {
                                        "references": [
                                            "var.elasticsearch_enabled",
                                            "var.namespace"
                                        ]
                                    },
                                    "elasticsearch_port": {
                                        "constant_value": 9200
                                    },
                                    "environment": {
                                        "references": [
                                            "var.environment"
                                        ]
                                    },
                                    "labels": {
                                        "references": [
                                            "local.common_labels"
                                        ]
                                    },
                                    "namespace": {
                                        "references": [
                                            "module.namespace.name",
                                            "module.namespace"
                                        ]
                                    },
                                    "query_replicas": {
                                        "references": [
                                            "var.jaeger_query_replicas"
                                        ]
                                    },
                                    "storage_type": {
                                        "references": [
                                            "var.jaeger_storage_type"
                                        ]
                                    }
                                },
                                "module": {
                                    "outputs": {
                                        "collector_grpc_endpoint": {
                                            "expression": {
                                                "references": [
                                                    "local.release_name",
                                                    "var.namespace"
                                                ]
                                            },
                                            "description": "Jaeger Collector gRPC endpoint"
                                        },
                                        "collector_http_endpoint": {
                                            "expression": {
                                                "references": [
                                                    "local.release_name",
                                                    "var.namespace"
                                                ]
                                            },
                                            "description": "Jaeger Collector HTTP endpoint"
                                        },
                                        "collector_service_name": {
                                            "expression": {
                                                "references": [
                                                    "local.release_name"
                                                ]
                                            },
                                            "description": "Jaeger Collector service name"
                                        },
                                        "query_service_name": {
                                            "expression": {
                                                "references": [
                                                    "local.release_name"
                                                ]
                                            },
                                            "description": "Jaeger Query service name"
                                        },
                                        "query_ui_url": {
                                            "expression": {
                                                "references": [
                                                    "local.release_name",
                                                    "var.namespace"
                                                ]
                                            },
                                            "description": "Jaeger Query UI URL (internal)"
                                        }
                                    },
                                    "resources": [
                                        {
                                            "address": "helm_release.jaeger",
                                            "mode": "managed",
                                            "type": "helm_release",
                                            "name": "jaeger",
                                            "provider_config_key": "module.telemetry:helm",
                                            "expressions": {
                                                "chart": {
                                                    "constant_value": "jaeger"
                                                },
                                                "name": {
                                                    "references": [
                                                        "local.release_name"
                                                    ]
                                                },
                                                "namespace": {
                                                    "references": [
                                                        "var.namespace"
                                                    ]
                                                },
                                                "repository": {
                                                    "references": [
                                                        "local.chart_repo"
                                                    ]
                                                },
                                                "set": [
                                                    {
                                                        "name": {
                                                            "constant_value": "commonLabels.environment"
                                                        },
                                                        "value": {
                                                            "references": [
                                                                "var.environment"
                                                            ]
                                                        }
                                                    },
                                                    {
                                                        "name": {
                                                            "constant_value": "commonLabels.managed-by"
                                                        },
                                                        "value": {
                                                            "constant_value": "terraform"
                                                        }
                                                    }
                                                ],
                                                "timeout": {
                                                    "constant_value": 600
                                                },
                                                "values": {
                                                    "references": [
                                                        "var.storage_type",
                                                        "var.storage_type",
                                                        "var.storage_type",
                                                        "var.elasticsearch_host",
                                                        "var.elasticsearch_port",
                                                        "var.collector_replicas",
                                                        "var.query_replicas"
                                                    ]
                                                },
                                                "version": {
                                                    "references": [
                                                        "var.chart_version"
                                                    ]
                                                }
                                            },
                                            "schema_version": 1
                                        }
                                    ],
                                    "variables": {
                                        "chart_version": {
                                            "default": "2.0.0",
                                            "description": "Jaeger Helm chart version"
                                        },
                                        "collector_replicas": {
                                            "default": 2,
                                            "description": "Number of Jaeger Collector replicas"
                                        },
                                        "elasticsearch_host": {
                                            "default": "",
                                            "description": "Elasticsearch host"
                                        },
                                        "elasticsearch_port": {
                                            "default": 9200,
                                            "description": "Elasticsearch port"
                                        },
                                        "environment": {
                                            "description": "Environment name"
                                        },
                                        "labels": {
                                            "default": {},
                                            "description": "Labels to apply to resources"
                                        },
                                        "namespace": {
                                            "description": "Kubernetes namespace"
                                        },
                                        "query_replicas": {
                                            "default": 2,
                                            "description": "Number of Jaeger Query replicas"
                                        },
                                        "storage_type": {
                                            "default": "elasticsearch",
                                            "description": "Storage backend type (elasticsearch, cassandra, badger)"
                                        }
                                    }
                                },
                                "depends_on": [
                                    "module.namespace",
                                    "module.elasticsearch"
                                ]
                            },
                            "namespace": {
                                "source": "./modules/namespace",
                                "expressions": {
                                    "annotations": {
                                        "references": [
                                            "var.annotations"
                                        ]
                                    },
                                    "create_namespace": {
                                        "references": [
                                            "var.create_namespace"
                                        ]
                                    },
                                    "labels": {
                                        "references": [
                                            "local.common_labels"
                                        ]
                                    },
                                    "namespace": {
                                        "references": [
                                            "var.namespace"
                                        ]
                                    }
                                },
                                "module": {
                                    "outputs": {
                                        "id": {
                                            "expression": {
                                                "references": [
                                                    "var.create_namespace",
                                                    "kubernetes_namespace.this[0].id",
                                                    "kubernetes_namespace.this[0]",
                                                    "kubernetes_namespace.this",
                                                    "var.namespace"
                                                ]
                                            },
                                            "description": "Namespace ID"
                                        },
                                        "name": {
                                            "expression": {
                                                "references": [
                                                    "local.namespace_name"
                                                ]
                                            },
                                            "description": "Namespace name"
                                        }
                                    },
                                    "resources": [
                                        {
                                            "address": "kubernetes_namespace.this",
                                            "mode": "managed",
                                            "type": "kubernetes_namespace",
                                            "name": "this",
                                            "provider_config_key": "module.telemetry:kubernetes",
                                            "expressions": {
                                                "metadata": [
                                                    {
                                                        "annotations": {
                                                            "references": [
                                                                "var.annotations"
                                                            ]
                                                        },
                                                        "labels": {
                                                            "references": [
                                                                "var.labels"
                                                            ]
                                                        },
                                                        "name": {
                                                            "references": [
                                                                "var.namespace"
                                                            ]
                                                        }
                                                    }
                                                ]
                                            },
                                            "schema_version": 0,
                                            "count_expression": {
                                                "references": [
                                                    "var.create_namespace"
                                                ]
                                            }
                                        }
                                    ],
                                    "variables": {
                                        "annotations": {
                                            "default": {},
                                            "description": "Annotations to apply to namespace"
                                        },
                                        "create_namespace": {
                                            "default": true,
                                            "description": "Whether to create the namespace or use existing"
                                        },
                                        "labels": {
                                            "default": {},
                                            "description": "Labels to apply to namespace"
                                        },
                                        "namespace": {
                                            "description": "Namespace name"
                                        }
                                    }
                                }
                            },
                            "otel_collector": {
                                "source": "./modules/otel-collector",
                                "expressions": {
                                    "enable_sampling": {
                                        "references": [
                                            "var.enable_sampling"
                                        ]
                                    },
                                    "environment": {
                                        "references": [
                                            "var.environment"
                                        ]
                                    },
                                    "hpa_cpu_threshold": {
                                        "references": [
                                            "var.otel_collector_hpa_cpu_threshold"
                                        ]
                                    },
                                    "hpa_enabled": {
                                        "references": [
                                            "var.otel_collector_hpa_enabled"
                                        ]
                                    },
                                    "hpa_max_replicas": {
                                        "references": [
                                            "var.otel_collector_hpa_max_replicas"
                                        ]
                                    },
                                    "hpa_memory_threshold": {
                                        "references": [
                                            "var.otel_collector_hpa_memory_threshold"
                                        ]
                                    },
                                    "hpa_min_replicas": {
                                        "references": [
                                            "var.otel_collector_hpa_min_replicas"
                                        ]
                                    },
                                    "image": {
                                        "references": [
                                            "var.otel_collector_image"
                                        ]
                                    },
                                    "image_version": {
                                        "references": [
                                            "var.otel_collector_version"
                                        ]
                                    },
                                    "jaeger_endpoint": {
                                        "references": [
                                            "var.namespace"
                                        ]
                                    },
                                    "labels": {
                                        "references": [
                                            "local.common_labels"
                                        ]
                                    },
                                    "namespace": {
                                        "references": [
                                            "module.namespace.name",
                                            "module.namespace"
                                        ]
                                    },
                                    "node_selector": {
                                        "references": [
                                            "var.node_selector"
                                        ]
                                    },
                                    "replicas": {
                                        "references": [
                                            "var.otel_collector_replicas"
                                        ]
                                    },
                                    "resources": {
                                        "references": [
                                            "var.otel_collector_resources"
                                        ]
                                    },
                                    "sampling_percentage": {
                                        "references": [
                                            "var.sampling_percentage"
                                        ]
                                    },
                                    "tolerations": {
                                        "references": [
                                            "var.tolerations"
                                        ]
                                    }
                                },
                                "module": {
                                    "outputs": {
                                        "deployment_name": {
                                            "expression": {
                                                "references": [
                                                    "kubernetes_deployment.otel_collector.metadata[0].name",
                                                    "kubernetes_deployment.otel_collector.metadata[0]",
                                                    "kubernetes_deployment.otel_collector.metadata",
                                                    "kubernetes_deployment.otel_collector"
                                                ]
                                            },
                                            "description": "OTel Collector deployment name"
                                        },
                                        "grpc_endpoint": {
                                            "expression": {
                                                "references": [
                                                    "kubernetes_service.otel_collector.metadata[0].name",
                                                    "kubernetes_service.otel_collector.metadata[0]",
                                                    "kubernetes_service.otel_collector.metadata",
                                                    "kubernetes_service.otel_collector",
                                                    "var.namespace"
                                                ]
                                            },
                                            "description": "OTLP gRPC endpoint"
                                        },
                                        "http_endpoint": {
                                            "expression": {
                                                "references": [
                                                    "kubernetes_service.otel_collector.metadata[0].name",
                                                    "kubernetes_service.otel_collector.metadata[0]",
                                                    "kubernetes_service.otel_collector.metadata",
                                                    "kubernetes_service.otel_collector",
                                                    "var.namespace"
                                                ]
                                            },
                                            "description": "OTLP HTTP endpoint"
                                        },
                                        "metrics_endpoint": {
                                            "expression": {
                                                "references": [
                                                    "kubernetes_service.otel_collector.metadata[0].name",
                                                    "kubernetes_service.otel_collector.metadata[0]",
                                                    "kubernetes_service.otel_collector.metadata",
                                                    "kubernetes_service.otel_collector",
                                                    "var.namespace"
                                                ]
                                            },
                                            "description": "Metrics endpoint"
                                        },
                                        "service_name": {
                                            "expression": {
                                                "references": [
                                                    "kubernetes_service.otel_collector.metadata[0].name",
                                                    "kubernetes_service.otel_collector.metadata[0]",
                                                    "kubernetes_service.otel_collector.metadata",
                                                    "kubernetes_service.otel_collector"
                                                ]
                                            },
                                            "description": "OTel Collector service name"
                                        }
                                    },
                                    "resources": [
                                        {
                                            "address": "kubernetes_cluster_role.otel_collector",
                                            "mode": "managed",
                                            "type": "kubernetes_cluster_role",
                                            "name": "otel_collector",
                                            "provider_config_key": "module.telemetry:kubernetes",
                                            "expressions": {
                                                "metadata": [
                                                    {
                                                        "labels": {
                                                            "references": [
                                                                "local.labels"
                                                            ]
                                                        },
                                                        "name": {
                                                            "references": [
                                                                "local.name",
                                                                "var.namespace"
                                                            ]
                                                        }
                                                    }
                                                ],
                                                "rule": [
                                                    {
                                                        "api_groups": {
                                                            "constant_value": [
                                                                ""
                                                            ]
                                                        },
                                                        "resources": {
                                                            "constant_value": [
                                                                "pods",
                                                                "namespaces",
                                                                "nodes"
                                                            ]
                                                        },
                                                        "verbs": {
                                                            "constant_value": [
                                                                "get",
                                                                "watch",
                                                                "list"
                                                            ]
                                                        }
                                                    },
                                                    {
                                                        "api_groups": {
                                                            "constant_value": [
                                                                "apps"
                                                            ]
                                                        },
                                                        "resources": {
                                                            "constant_value": [
                                                                "replicasets",
                                                                "deployments"
                                                            ]
                                                        },
                                                        "verbs": {
                                                            "constant_value": [
                                                                "get",
                                                                "list",
                                                                "watch"
                                                            ]
                                                        }
                                                    }
                                                ]
                                            },
                                            "schema_version": 0
                                        },
                                        {
                                            "address": "kubernetes_cluster_role_binding.otel_collector",
                                            "mode": "managed",
                                            "type": "kubernetes_cluster_role_binding",
                                            "name": "otel_collector",
                                            "provider_config_key": "module.telemetry:kubernetes",
                                            "expressions": {
                                                "metadata": [
                                                    {
                                                        "labels": {
                                                            "references": [
                                                                "local.labels"
                                                            ]
                                                        },
                                                        "name": {
                                                            "references": [
                                                                "local.name",
                                                                "var.namespace"
                                                            ]
                                                        }
                                                    }
                                                ],
                                                "role_ref": [
                                                    {
                                                        "api_group": {
                                                            "constant_value": "rbac.authorization.k8s.io"
                                                        },
                                                        "kind": {
                                                            "constant_value": "ClusterRole"
                                                        },
                                                        "name": {
                                                            "references": [
                                                                "kubernetes_cluster_role.otel_collector.metadata[0].name",
                                                                "kubernetes_cluster_role.otel_collector.metadata[0]",
                                                                "kubernetes_cluster_role.otel_collector.metadata",
                                                                "kubernetes_cluster_role.otel_collector"
                                                            ]
                                                        }
                                                    }
                                                ],
                                                "subject": [
                                                    {
                                                        "kind": {
                                                            "constant_value": "ServiceAccount"
                                                        },
                                                        "name": {
                                                            "references": [
                                                                "kubernetes_service_account.otel_collector.metadata[0].name",
                                                                "kubernetes_service_account.otel_collector.metadata[0]",
                                                                "kubernetes_service_account.otel_collector.metadata",
                                                                "kubernetes_service_account.otel_collector"
                                                            ]
                                                        },
                                                        "namespace": {
                                                            "references": [
                                                                "var.namespace"
                                                            ]
                                                        }
                                                    }
                                                ]
                                            },
                                            "schema_version": 0
                                        },
                                        {
                                            "address": "kubernetes_config_map.otel_collector",
                                            "mode": "managed",
                                            "type": "kubernetes_config_map",
                                            "name": "otel_collector",
                                            "provider_config_key": "module.telemetry:kubernetes",
                                            "expressions": {
                                                "data": {
                                                    "references": [
                                                        "var.environment",
                                                        "var.enable_sampling",
                                                        "var.sampling_percentage",
                                                        "var.jaeger_endpoint",
                                                        "var.jaeger_endpoint",
                                                        "var.enable_sampling"
                                                    ]
                                                },
                                                "metadata": [
                                                    {
                                                        "labels": {
                                                            "references": [
                                                                "local.labels"
                                                            ]
                                                        },
                                                        "name": {
                                                            "references": [
                                                                "local.name"
                                                            ]
                                                        },
                                                        "namespace": {
                                                            "references": [
                                                                "var.namespace"
                                                            ]
                                                        }
                                                    }
                                                ]
                                            },
                                            "schema_version": 0
                                        },
                                        {
                                            "address": "kubernetes_deployment.otel_collector",
                                            "mode": "managed",
                                            "type": "kubernetes_deployment",
                                            "name": "otel_collector",
                                            "provider_config_key": "module.telemetry:kubernetes",
                                            "expressions": {
                                                "metadata": [
                                                    {
                                                        "labels": {
                                                            "references": [
                                                                "local.labels"
                                                            ]
                                                        },
                                                        "name": {
                                                            "references": [
                                                                "local.name"
                                                            ]
                                                        },
                                                        "namespace": {
                                                            "references": [
                                                                "var.namespace"
                                                            ]
                                                        }
                                                    }
                                                ],
                                                "spec": [
                                                    {
                                                        "replicas": {
                                                            "references": [
                                                                "var.hpa_enabled",
                                                                "var.replicas"
                                                            ]
                                                        },
                                                        "selector": [
                                                            {
                                                                "match_labels": {
                                                                    "references": [
                                                                        "local.name"
                                                                    ]
                                                                }
                                                            }
                                                        ],
                                                        "strategy": [
                                                            {
                                                                "rolling_update": [
                                                                    {
                                                                        "max_surge": {
                                                                            "constant_value": "25%"
                                                                        },
                                                                        "max_unavailable": {
                                                                            "constant_value": "25%"
                                                                        }
                                                                    }
                                                                ],
                                                                "type": {
                                                                    "constant_value": "RollingUpdate"
                                                                }
                                                            }
                                                        ],
                                                        "template": [
                                                            {
                                                                "metadata": [
                                                                    {
                                                                        "annotations": {
                                                                            "constant_value": {
                                                                                "prometheus.io/path": "/metrics",
                                                                                "prometheus.io/port": "8888",
                                                                                "prometheus.io/scrape": "true"
                                                                            }
                                                                        },
                                                                        "labels": {
                                                                            "references": [
                                                                                "local.labels"
                                                                            ]
                                                                        }
                                                                    }
                                                                ],
                                                                "spec": [
                                                                    {
                                                                        "affinity": [
                                                                            {
                                                                                "pod_anti_affinity": [
                                                                                    {
                                                                                        "preferred_during_scheduling_ignored_during_execution": [
                                                                                            {
                                                                                                "pod_affinity_term": [
                                                                                                    {
                                                                                                        "label_selector": [
                                                                                                            {
                                                                                                                "match_expressions": [
                                                                                                                    {
                                                                                                                        "key": {
                                                                                                                            "constant_value": "app"
                                                                                                                        },
                                                                                                                        "operator": {
                                                                                                                            "constant_value": "In"
                                                                                                                        },
                                                                                                                        "values": {
                                                                                                                            "references": [
                                                                                                                                "local.name"
                                                                                                                            ]
                                                                                                                        }
                                                                                                                    }
                                                                                                                ]
                                                                                                            }
                                                                                                        ],
                                                                                                        "topology_key": {
                                                                                                            "constant_value": "kubernetes.io/hostname"
                                                                                                        }
                                                                                                    }
                                                                                                ],
                                                                                                "weight": {
                                                                                                    "constant_value": 100
                                                                                                }
                                                                                            }
                                                                                        ]
                                                                                    }
                                                                                ]
                                                                            }
                                                                        ],
                                                                        "container": [
                                                                            {
                                                                                "args": {
                                                                                    "constant_value": [
                                                                                        "--config=/conf/otel-collector-config.yaml"
                                                                                    ]
                                                                                },
                                                                                "env": [
                                                                                    {
                                                                                        "name": {
                                                                                            "constant_value": "K8S_NODE_NAME"
                                                                                        },
                                                                                        "value_from": [
                                                                                            {
                                                                                                "field_ref": [
                                                                                                    {
                                                                                                        "field_path": {
                                                                                                            "constant_value": "spec.nodeName"
                                                                                                        }
                                                                                                    }
                                                                                                ]
                                                                                            }
                                                                                        ]
                                                                                    },
                                                                                    {
                                                                                        "name": {
                                                                                            "constant_value": "K8S_POD_NAME"
                                                                                        },
                                                                                        "value_from": [
                                                                                            {
                                                                                                "field_ref": [
                                                                                                    {
                                                                                                        "field_path": {
                                                                                                            "constant_value": "metadata.name"
                                                                                                        }
                                                                                                    }
                                                                                                ]
                                                                                            }
                                                                                        ]
                                                                                    },
                                                                                    {
                                                                                        "name": {
                                                                                            "constant_value": "K8S_POD_NAMESPACE"
                                                                                        },
                                                                                        "value_from": [
                                                                                            {
                                                                                                "field_ref": [
                                                                                                    {
                                                                                                        "field_path": {
                                                                                                            "constant_value": "metadata.namespace"
                                                                                                        }
                                                                                                    }
                                                                                                ]
                                                                                            }
                                                                                        ]
                                                                                    },
                                                                                    {
                                                                                        "name": {
                                                                                            "constant_value": "K8S_POD_IP"
                                                                                        },
                                                                                        "value_from": [
                                                                                            {
                                                                                                "field_ref": [
                                                                                                    {
                                                                                                        "field_path": {
                                                                                                            "constant_value": "status.podIP"
                                                                                                        }
                                                                                                    }
                                                                                                ]
                                                                                            }
                                                                                        ]
                                                                                    }
                                                                                ],
                                                                                "image": {
                                                                                    "references": [
                                                                                        "var.image",
                                                                                        "var.image_version"
                                                                                    ]
                                                                                },
                                                                                "liveness_probe": [
                                                                                    {
                                                                                        "failure_threshold": {
                                                                                            "constant_value": 3
                                                                                        },
                                                                                        "http_get": [
                                                                                            {
                                                                                                "path": {
                                                                                                    "constant_value": "/"
                                                                                                },
                                                                                                "port": {
                                                                                                    "constant_value": 13133
                                                                                                }
                                                                                            }
                                                                                        ],
                                                                                        "initial_delay_seconds": {
                                                                                            "constant_value": 15
                                                                                        },
                                                                                        "period_seconds": {
                                                                                            "constant_value": 20
                                                                                        },
                                                                                        "timeout_seconds": {
                                                                                            "constant_value": 5
                                                                                        }
                                                                                    }
                                                                                ],
                                                                                "name": {
                                                                                    "constant_value": "otel-collector"
                                                                                },
                                                                                "port": [
                                                                                    {
                                                                                        "container_port": {
                                                                                            "constant_value": 4317
                                                                                        },
                                                                                        "name": {
                                                                                            "constant_value": "otlp-grpc"
                                                                                        },
                                                                                        "protocol": {
                                                                                            "constant_value": "TCP"
                                                                                        }
                                                                                    },
                                                                                    {
                                                                                        "container_port": {
                                                                                            "constant_value": 4318
                                                                                        },
                                                                                        "name": {
                                                                                            "constant_value": "otlp-http"
                                                                                        },
                                                                                        "protocol": {
                                                                                            "constant_value": "TCP"
                                                                                        }
                                                                                    },
                                                                                    {
                                                                                        "container_port": {
                                                                                            "constant_value": 8888
                                                                                        },
                                                                                        "name": {
                                                                                            "constant_value": "metrics"
                                                                                        },
                                                                                        "protocol": {
                                                                                            "constant_value": "TCP"
                                                                                        }
                                                                                    },
                                                                                    {
                                                                                        "container_port": {
                                                                                            "constant_value": 13133
                                                                                        },
                                                                                        "name": {
                                                                                            "constant_value": "health"
                                                                                        },
                                                                                        "protocol": {
                                                                                            "constant_value": "TCP"
                                                                                        }
                                                                                    },
                                                                                    {
                                                                                        "container_port": {
                                                                                            "constant_value": 55679
                                                                                        },
                                                                                        "name": {
                                                                                            "constant_value": "zpages"
                                                                                        },
                                                                                        "protocol": {
                                                                                            "constant_value": "TCP"
                                                                                        }
                                                                                    }
                                                                                ],
                                                                                "readiness_probe": [
                                                                                    {
                                                                                        "failure_threshold": {
                                                                                            "constant_value": 3
                                                                                        },
                                                                                        "http_get": [
                                                                                            {
                                                                                                "path": {
                                                                                                    "constant_value": "/"
                                                                                                },
                                                                                                "port": {
                                                                                                    "constant_value": 13133
                                                                                                }
                                                                                            }
                                                                                        ],
                                                                                        "initial_delay_seconds": {
                                                                                            "constant_value": 10
                                                                                        },
                                                                                        "period_seconds": {
                                                                                            "constant_value": 10
                                                                                        },
                                                                                        "timeout_seconds": {
                                                                                            "constant_value": 5
                                                                                        }
                                                                                    }
                                                                                ],
                                                                                "resources": [
                                                                                    {
                                                                                        "limits": {
                                                                                            "references": [
                                                                                                "var.resources.limits.cpu",
                                                                                                "var.resources.limits",
                                                                                                "var.resources",
                                                                                                "var.resources.limits.memory",
                                                                                                "var.resources.limits",
                                                                                                "var.resources"
                                                                                            ]
                                                                                        },
                                                                                        "requests": {
                                                                                            "references": [
                                                                                                "var.resources.requests.cpu",
                                                                                                "var.resources.requests",
                                                                                                "var.resources",
                                                                                                "var.resources.requests.memory",
                                                                                                "var.resources.requests",
                                                                                                "var.resources"
                                                                                            ]
                                                                                        }
                                                                                    }
                                                                                ],
                                                                                "volume_mount": [
                                                                                    {
                                                                                        "mount_path": {
                                                                                            "constant_value": "/conf"
                                                                                        },
                                                                                        "name": {
                                                                                            "constant_value": "otel-collector-config"
                                                                                        }
                                                                                    }
                                                                                ]
                                                                            }
                                                                        ],
                                                                        "node_selector": {
                                                                            "references": [
                                                                                "var.node_selector"
                                                                            ]
                                                                        },
                                                                        "service_account_name": {
                                                                            "references": [
                                                                                "kubernetes_service_account.otel_collector.metadata[0].name",
                                                                                "kubernetes_service_account.otel_collector.metadata[0]",
                                                                                "kubernetes_service_account.otel_collector.metadata",
                                                                                "kubernetes_service_account.otel_collector"
                                                                            ]
                                                                        },
                                                                        "termination_grace_period_seconds": {
                                                                            "constant_value": 30
                                                                        },
                                                                        "volume": [
                                                                            {
                                                                                "config_map": [
                                                                                    {
                                                                                        "name": {
                                                                                            "references": [
                                                                                                "kubernetes_config_map.otel_collector.metadata[0].name",
                                                                                                "kubernetes_config_map.otel_collector.metadata[0]",
                                                                                                "kubernetes_config_map.otel_collector.metadata",
                                                                                                "kubernetes_config_map.otel_collector"
                                                                                            ]
                                                                                        }
                                                                                    }
                                                                                ],
                                                                                "name": {
                                                                                    "constant_value": "otel-collector-config"
                                                                                }
                                                                            }
                                                                        ]
                                                                    }
                                                                ]
                                                            }
                                                        ]
                                                    }
                                                ]
                                            },
                                            "schema_version": 1,
                                            "depends_on": [
                                                "kubernetes_config_map.otel_collector"
                                            ]
                                        },
                                        {
                                            "address": "kubernetes_horizontal_pod_autoscaler_v2.otel_collector",
                                            "mode": "managed",
                                            "type": "kubernetes_horizontal_pod_autoscaler_v2",
                                            "name": "otel_collector",
                                            "provider_config_key": "module.telemetry:kubernetes",
                                            "expressions": {
                                                "metadata": [
                                                    {
                                                        "labels": {
                                                            "references": [
                                                                "local.labels"
                                                            ]
                                                        },
                                                        "name": {
                                                            "references": [
                                                                "local.name"
                                                            ]
                                                        },
                                                        "namespace": {
                                                            "references": [
                                                                "var.namespace"
                                                            ]
                                                        }
                                                    }
                                                ],
                                                "spec": [
                                                    {
                                                        "behavior": [
                                                            {
                                                                "scale_down": [
                                                                    {
                                                                        "policy": [
                                                                            {
                                                                                "period_seconds": {
                                                                                    "constant_value": 60
                                                                                },
                                                                                "type": {
                                                                                    "constant_value": "Percent"
                                                                                },
                                                                                "value": {
                                                                                    "constant_value": 50
                                                                                }
                                                                            }
                                                                        ],
                                                                        "stabilization_window_seconds": {
                                                                            "constant_value": 300
                                                                        }
                                                                    }
                                                                ],
                                                                "scale_up": [
                                                                    {
                                                                        "policy": [
                                                                            {
                                                                                "period_seconds": {
                                                                                    "constant_value": 60
                                                                                },
                                                                                "type": {
                                                                                    "constant_value": "Percent"
                                                                                },
                                                                                "value": {
                                                                                    "constant_value": 100
                                                                                }
                                                                            },
                                                                            {
                                                                                "period_seconds": {
                                                                                    "constant_value": 60
                                                                                },
                                                                                "type": {
                                                                                    "constant_value": "Pods"
                                                                                },
                                                                                "value": {
                                                                                    "constant_value": 2
                                                                                }
                                                                            }
                                                                        ],
                                                                        "select_policy": {
                                                                            "constant_value": "Max"
                                                                        },
                                                                        "stabilization_window_seconds": {
                                                                            "constant_value": 60
                                                                        }
                                                                    }
                                                                ]
                                                            }
                                                        ],
                                                        "max_replicas": {
                                                            "references": [
                                                                "var.hpa_max_replicas"
                                                            ]
                                                        },
                                                        "metric": [
                                                            {
                                                                "resource": [
                                                                    {
                                                                        "name": {
                                                                            "constant_value": "cpu"
                                                                        },
                                                                        "target": [
                                                                            {
                                                                                "average_utilization": {
                                                                                    "references": [
                                                                                        "var.hpa_cpu_threshold"
                                                                                    ]
                                                                                },
                                                                                "type": {
                                                                                    "constant_value": "Utilization"
                                                                                }
                                                                            }
                                                                        ]
                                                                    }
                                                                ],
                                                                "type": {
                                                                    "constant_value": "Resource"
                                                                }
                                                            },
                                                            {
                                                                "resource": [
                                                                    {
                                                                        "name": {
                                                                            "constant_value": "memory"
                                                                        },
                                                                        "target": [
                                                                            {
                                                                                "average_utilization": {
                                                                                    "references": [
                                                                                        "var.hpa_memory_threshold"
                                                                                    ]
                                                                                },
                                                                                "type": {
                                                                                    "constant_value": "Utilization"
                                                                                }
                                                                            }
                                                                        ]
                                                                    }
                                                                ],
                                                                "type": {
                                                                    "constant_value": "Resource"
                                                                }
                                                            }
                                                        ],
                                                        "min_replicas": {
                                                            "references": [
                                                                "var.hpa_min_replicas"
                                                            ]
                                                        },
                                                        "scale_target_ref": [
                                                            {
                                                                "api_version": {
                                                                    "constant_value": "apps/v1"
                                                                },
                                                                "kind": {
                                                                    "constant_value": "Deployment"
                                                                },
                                                                "name": {
                                                                    "references": [
                                                                        "kubernetes_deployment.otel_collector.metadata[0].name",
                                                                        "kubernetes_deployment.otel_collector.metadata[0]",
                                                                        "kubernetes_deployment.otel_collector.metadata",
                                                                        "kubernetes_deployment.otel_collector"
                                                                    ]
                                                                }
                                                            }
                                                        ]
                                                    }
                                                ]
                                            },
                                            "schema_version": 0,
                                            "count_expression": {
                                                "references": [
                                                    "var.hpa_enabled"
                                                ]
                                            }
                                        },
                                        {
                                            "address": "kubernetes_pod_disruption_budget_v1.otel_collector",
                                            "mode": "managed",
                                            "type": "kubernetes_pod_disruption_budget_v1",
                                            "name": "otel_collector",
                                            "provider_config_key": "module.telemetry:kubernetes",
                                            "expressions": {
                                                "metadata": [
                                                    {
                                                        "labels": {
                                                            "references": [
                                                                "local.labels"
                                                            ]
                                                        },
                                                        "name": {
                                                            "references": [
                                                                "local.name"
                                                            ]
                                                        },
                                                        "namespace": {
                                                            "references": [
                                                                "var.namespace"
                                                            ]
                                                        }
                                                    }
                                                ],
                                                "spec": [
                                                    {
                                                        "min_available": {
                                                            "constant_value": "50%"
                                                        },
                                                        "selector": [
                                                            {
                                                                "match_labels": {
                                                                    "references": [
                                                                        "local.name"
                                                                    ]
                                                                }
                                                            }
                                                        ]
                                                    }
                                                ]
                                            },
                                            "schema_version": 0
                                        },
                                        {
                                            "address": "kubernetes_service.otel_collector",
                                            "mode": "managed",
                                            "type": "kubernetes_service",
                                            "name": "otel_collector",
                                            "provider_config_key": "module.telemetry:kubernetes",
                                            "expressions": {
                                                "metadata": [
                                                    {
                                                        "labels": {
                                                            "references": [
                                                                "local.labels"
                                                            ]
                                                        },
                                                        "name": {
                                                            "references": [
                                                                "local.name"
                                                            ]
                                                        },
                                                        "namespace": {
                                                            "references": [
                                                                "var.namespace"
                                                            ]
                                                        }
                                                    }
                                                ],
                                                "spec": [
                                                    {
                                                        "port": [
                                                            {
                                                                "name": {
                                                                    "constant_value": "otlp-grpc"
                                                                },
                                                                "port": {
                                                                    "constant_value": 4317
                                                                },
                                                                "protocol": {
                                                                    "constant_value": "TCP"
                                                                },
                                                                "target_port": {
                                                                    "constant_value": 4317
                                                                }
                                                            },
                                                            {
                                                                "name": {
                                                                    "constant_value": "otlp-http"
                                                                },
                                                                "port": {
                                                                    "constant_value": 4318
                                                                },
                                                                "protocol": {
                                                                    "constant_value": "TCP"
                                                                },
                                                                "target_port": {
                                                                    "constant_value": 4318
                                                                }
                                                            },
                                                            {
                                                                "name": {
                                                                    "constant_value": "metrics"
                                                                },
                                                                "port": {
                                                                    "constant_value": 8888
                                                                },
                                                                "protocol": {
                                                                    "constant_value": "TCP"
                                                                },
                                                                "target_port": {
                                                                    "constant_value": 8888
                                                                }
                                                            },
                                                            {
                                                                "name": {
                                                                    "constant_value": "health"
                                                                },
                                                                "port": {
                                                                    "constant_value": 13133
                                                                },
                                                                "protocol": {
                                                                    "constant_value": "TCP"
                                                                },
                                                                "target_port": {
                                                                    "constant_value": 13133
                                                                }
                                                            },
                                                            {
                                                                "name": {
                                                                    "constant_value": "zpages"
                                                                },
                                                                "port": {
                                                                    "constant_value": 55679
                                                                },
                                                                "protocol": {
                                                                    "constant_value": "TCP"
                                                                },
                                                                "target_port": {
                                                                    "constant_value": 55679
                                                                }
                                                            }
                                                        ],
                                                        "selector": {
                                                            "references": [
                                                                "local.name"
                                                            ]
                                                        },
                                                        "session_affinity": {
                                                            "constant_value": "None"
                                                        },
                                                        "type": {
                                                            "constant_value": "ClusterIP"
                                                        }
                                                    }
                                                ]
                                            },
                                            "schema_version": 1
                                        },
                                        {
                                            "address": "kubernetes_service_account.otel_collector",
                                            "mode": "managed",
                                            "type": "kubernetes_service_account",
                                            "name": "otel_collector",
                                            "provider_config_key": "module.telemetry:kubernetes",
                                            "expressions": {
                                                "metadata": [
                                                    {
                                                        "labels": {
                                                            "references": [
                                                                "local.labels"
                                                            ]
                                                        },
                                                        "name": {
                                                            "references": [
                                                                "local.name"
                                                            ]
                                                        },
                                                        "namespace": {
                                                            "references": [
                                                                "var.namespace"
                                                            ]
                                                        }
                                                    }
                                                ]
                                            },
                                            "schema_version": 0
                                        }
                                    ],
                                    "variables": {
                                        "enable_sampling": {
                                            "default": false,
                                            "description": "Enable tail-based sampling"
                                        },
                                        "environment": {
                                            "description": "Environment name"
                                        },
                                        "hpa_cpu_threshold": {
                                            "default": 70,
                                            "description": "CPU threshold percentage for HPA"
                                        },
                                        "hpa_enabled": {
                                            "default": true,
                                            "description": "Enable Horizontal Pod Autoscaler"
                                        },
                                        "hpa_max_replicas": {
                                            "default": 10,
                                            "description": "Maximum replicas for HPA"
                                        },
                                        "hpa_memory_threshold": {
                                            "default": 80,
                                            "description": "Memory threshold percentage for HPA"
                                        },
                                        "hpa_min_replicas": {
                                            "default": 2,
                                            "description": "Minimum replicas for HPA"
                                        },
                                        "image": {
                                            "default": "otel/opentelemetry-collector-contrib",
                                            "description": "Container image"
                                        },
                                        "image_version": {
                                            "default": "0.95.0",
                                            "description": "Image version"
                                        },
                                        "jaeger_endpoint": {
                                            "description": "Jaeger collector endpoint"
                                        },
                                        "labels": {
                                            "default": {},
                                            "description": "Labels to apply to resources"
                                        },
                                        "namespace": {
                                            "description": "Kubernetes namespace"
                                        },
                                        "node_selector": {
                                            "default": {},
                                            "description": "Node selector for pod scheduling"
                                        },
                                        "replicas": {
                                            "default": 2,
                                            "description": "Number of replicas"
                                        },
                                        "resources": {
                                            "description": "Resource requests and limits"
                                        },
                                        "sampling_percentage": {
                                            "default": 100,
                                            "description": "Sampling percentage"
                                        },
                                        "tolerations": {
                                            "default": [],
                                            "description": "Tolerations for pod scheduling"
                                        }
                                    }
                                },
                                "depends_on": [
                                    "module.namespace",
                                    "module.jaeger"
                                ]
                            }
                        },
                        "variables": {
                            "annotations": {
                                "default": {},
                                "description": "Common annotations to apply to all resources"
                            },
                            "create_namespace": {
                                "default": true,
                                "description": "Whether to create the namespace"
                            },
                            "data_retention_days": {
                                "default": 7,
                                "description": "Number of days to retain trace data"
                            },
                            "elasticsearch_enabled": {
                                "default": true,
                                "description": "Enable Elasticsearch deployment"
                            },
                            "elasticsearch_replicas": {
                                "default": 1,
                                "description": "Number of Elasticsearch replicas"
                            },
                            "elasticsearch_resources": {
                                "default": {
                                    "limits": {
                                        "cpu": "2000m",
                                        "memory": "4Gi"
                                    },
                                    "requests": {
                                        "cpu": "1000m",
                                        "memory": "2Gi"
                                    }
                                },
                                "description": "Resource requests and limits for Elasticsearch"
                            },
                            "elasticsearch_storage_class": {
                                "default": "gp3",
                                "description": "Storage class for Elasticsearch PVCs"
                            },
                            "elasticsearch_storage_size": {
                                "default": "50Gi",
                                "description": "Elasticsearch PVC size"
                            },
                            "enable_sampling": {
                                "default": false,
                                "description": "Enable tail-based sampling in OTel Collector"
                            },
                            "environment": {
                                "description": "Environment name (dev, staging, production)"
                            },
                            "jaeger_chart_version": {
                                "default": "2.0.0",
                                "description": "Jaeger Helm chart version"
                            },
                            "jaeger_collector_replicas": {
                                "default": 2,
                                "description": "Number of Jaeger Collector replicas"
                            },
                            "jaeger_query_replicas": {
                                "default": 2,
                                "description": "Number of Jaeger Query replicas"
                            },
                            "jaeger_storage_type": {
                                "default": "elasticsearch",
                                "description": "Jaeger storage backend type (elasticsearch, cassandra, badger)"
                            },
                            "labels": {
                                "default": {},
                                "description": "Common labels to apply to all resources"
                            },
                            "namespace": {
                                "default": "telemetry",
                                "description": "Kubernetes namespace for telemetry stack"
                            },
                            "node_selector": {
                                "default": {
                                    "telemetry": "true"
                                },
                                "description": "Node selector for pod scheduling"
                            },
                            "otel_collector_hpa_cpu_threshold": {
                                "default": 70,
                                "description": "CPU threshold percentage for HPA"
                            },
                            "otel_collector_hpa_enabled": {
                                "default": true,
                                "description": "Enable HPA for OTel Collector"
                            },
                            "otel_collector_hpa_max_replicas": {
                                "default": 10,
                                "description": "Maximum replicas for OTel Collector HPA"
                            },
                            "otel_collector_hpa_memory_threshold": {
                                "default": 80,
                                "description": "Memory threshold percentage for HPA"
                            },
                            "otel_collector_hpa_min_replicas": {
                                "default": 2,
                                "description": "Minimum replicas for OTel Collector HPA"
                            },
                            "otel_collector_image": {
                                "default": "otel/opentelemetry-collector-contrib",
                                "description": "OTel Collector container image"
                            },
                            "otel_collector_replicas": {
                                "default": 2,
                                "description": "Number of OTel Collector replicas"
                            },
                            "otel_collector_resources": {
                                "default": {
                                    "limits": {
                                        "cpu": "1000m",
                                        "memory": "1Gi"
                                    },
                                    "requests": {
                                        "cpu": "200m",
                                        "memory": "256Mi"
                                    }
                                },
                                "description": "Resource requests and limits for OTel Collector"
                            },
                            "otel_collector_version": {
                                "default": "0.95.0",
                                "description": "OTel Collector version"
                            },
                            "sampling_percentage": {
                                "default": 100,
                                "description": "Percentage of traces to sample (if sampling enabled)"
                            },
                            "tolerations": {
                                "default": [
                                    {
                                        "effect": "NoSchedule",
                                        "key": "telemetry",
                                        "operator": "Equal",
                                        "value": "true"
                                    }
                                ],
                                "description": "Tolerations for pod scheduling"
                            }
                        }
                    }
                }
            }
        }
    },
    "relevant_attributes": [
        {
            "resource": "module.telemetry.module.namespace.kubernetes_namespace.this[0]",
            "attribute": [
                "metadata",
                0,
                "name"
            ]
        },
        {
            "resource": "module.telemetry.module.namespace.kubernetes_namespace.this[0]",
            "attribute": [
                "id"
            ]
        },
        {
            "resource": "module.telemetry.module.otel_collector.kubernetes_cluster_role.otel_collector",
            "attribute": [
                "metadata",
                0,
                "name"
            ]
        },
        {
            "resource": "module.telemetry.module.otel_collector.kubernetes_config_map.otel_collector",
            "attribute": [
                "metadata",
                0,
                "name"
            ]
        },
        {
            "resource": "module.telemetry.module.otel_collector.kubernetes_service_account.otel_collector",
            "attribute": [
                "metadata",
                0,
                "name"
            ]
        },
        {
            "resource": "module.telemetry.module.elasticsearch[0].kubernetes_stateful_set.elasticsearch",
            "attribute": [
                "metadata",
                0,
                "name"
            ]
        },
        {
            "resource": "module.telemetry.module.otel_collector.kubernetes_deployment.otel_collector",
            "attribute": [
                "metadata",
                0,
                "name"
            ]
        },
        {
            "resource": "module.telemetry.module.elasticsearch[0].kubernetes_config_map.elasticsearch",
            "attribute": [
                "metadata",
                0,
                "name"
            ]
        },
        {
            "resource": "module.telemetry.module.elasticsearch[0].kubernetes_service.elasticsearch",
            "attribute": [
                "metadata",
                0,
                "name"
            ]
        },
        {
            "resource": "module.telemetry.module.otel_collector.kubernetes_service.otel_collector",
            "attribute": [
                "metadata",
                0,
                "name"
            ]
        }
    ],
    "checks": [
        {
            "address": {
                "kind": "var",
                "module": "module.telemetry.module.jaeger",
                "name": "storage_type",
                "to_display": "module.telemetry.module.jaeger.var.storage_type"
            },
            "status": "pass",
            "instances": [
                {
                    "address": {
                        "module": "module.telemetry.module.jaeger",
                        "to_display": "module.telemetry.module.jaeger.var.storage_type"
                    },
                    "status": "pass"
                }
            ]
        },
        {
            "address": {
                "kind": "var",
                "module": "module.telemetry",
                "name": "environment",
                "to_display": "module.telemetry.var.environment"
            },
            "status": "pass",
            "instances": [
                {
                    "address": {
                        "module": "module.telemetry",
                        "to_display": "module.telemetry.var.environment"
                    },
                    "status": "pass"
                }
            ]
        }
    ],
    "timestamp": "2026-02-12T10:21:09Z",
    "applyable": true,
    "complete": true,
    "errored": false
}